{
  "version": 4,
  "terraform_version": "1.14.6",
  "serial": 122,
  "lineage": "a32e9494-7c21-d741-c802-f7811491a9a5",
  "outputs": {
    "alb_dns_name": {
      "value": "daysi-nonprod-alb-625642724.us-east-1.elb.amazonaws.com",
      "type": "string"
    },
    "aurora_cluster_endpoint": {
      "value": "daysi-nonprod-aurora.cluster-csdiwci4i4di.us-east-1.rds.amazonaws.com",
      "type": "string"
    },
    "aurora_master_password_secret": {
      "value": "arn:aws:secretsmanager:us-east-1:672626785844:secret:daysi/nonprod/aurora/master-password-jLU2lm",
      "type": "string"
    },
    "cognito_domain": {
      "value": "daysi-nonprod-c70079cd",
      "type": "string"
    },
    "cognito_user_pool_id": {
      "value": "us-east-1_Z09Yhxa7a",
      "type": "string"
    },
    "cognito_web_client_id": {
      "value": "75p2ahqfhbjqabtpvm5orum95o",
      "type": "string"
    },
    "ecr_repository_url": {
      "value": "672626785844.dkr.ecr.us-east-1.amazonaws.com/daysi/nonprod/api",
      "type": "string"
    },
    "vpc_id": {
      "value": "vpc-06eb1211592a51551",
      "type": "string"
    }
  },
  "resources": [
    {
      "module": "module.aurora",
      "mode": "managed",
      "type": "aws_cloudwatch_log_group",
      "name": "postgresql",
      "provider": "provider[\"registry.terraform.io/hashicorp/aws\"]",
      "instances": [
        {
          "schema_version": 0,
          "attributes": {
            "arn": "arn:aws:logs:us-east-1:672626785844:log-group:/aws/rds/cluster/daysi-nonprod-aurora/postgresql",
            "id": "/aws/rds/cluster/daysi-nonprod-aurora/postgresql",
            "kms_key_id": "",
            "log_group_class": "STANDARD",
            "name": "/aws/rds/cluster/daysi-nonprod-aurora/postgresql",
            "name_prefix": "",
            "retention_in_days": 7,
            "skip_destroy": false,
            "tags": {
              "CostCenter": "daysi",
              "Environment": "nonprod",
              "ManagedBy": "terraform",
              "Module": "aurora",
              "Project": "daysi"
            },
            "tags_all": {
              "CostCenter": "daysi",
              "Environment": "nonprod",
              "ManagedBy": "terraform",
              "Module": "aurora",
              "Project": "daysi"
            }
          },
          "sensitive_attributes": [],
          "identity_schema_version": 0,
          "private": "bnVsbA==",
          "dependencies": [
            "module.aurora.aws_db_subnet_group.aurora",
            "module.aurora.aws_rds_cluster.aurora",
            "module.aurora.aws_rds_cluster_parameter_group.aurora",
            "module.aurora.aws_security_group.aurora",
            "module.aurora.random_password.master",
            "module.vpc.aws_subnet.private",
            "module.vpc.aws_vpc.main",
            "module.vpc.data.aws_availability_zones.available"
          ]
        }
      ]
    },
    {
      "module": "module.aurora",
      "mode": "managed",
      "type": "aws_db_subnet_group",
      "name": "aurora",
      "provider": "provider[\"registry.terraform.io/hashicorp/aws\"]",
      "instances": [
        {
          "schema_version": 0,
          "attributes": {
            "arn": "arn:aws:rds:us-east-1:672626785844:subgrp:daysi-nonprod-aurora-subnet-group",
            "description": "Subnet group for Aurora PostgreSQL cluster",
            "id": "daysi-nonprod-aurora-subnet-group",
            "name": "daysi-nonprod-aurora-subnet-group",
            "name_prefix": "",
            "subnet_ids": [
              "subnet-054872ac0c46f39a7",
              "subnet-05af0e335e1398081",
              "subnet-06c79fb9993369fa3"
            ],
            "supported_network_types": [
              "IPV4"
            ],
            "tags": {
              "CostCenter": "daysi",
              "Environment": "nonprod",
              "ManagedBy": "terraform",
              "Module": "aurora",
              "Name": "daysi-nonprod-aurora-subnet-group",
              "Project": "daysi"
            },
            "tags_all": {
              "CostCenter": "daysi",
              "Environment": "nonprod",
              "ManagedBy": "terraform",
              "Module": "aurora",
              "Name": "daysi-nonprod-aurora-subnet-group",
              "Project": "daysi"
            },
            "vpc_id": "vpc-06eb1211592a51551"
          },
          "sensitive_attributes": [],
          "identity_schema_version": 0,
          "private": "bnVsbA==",
          "dependencies": [
            "module.vpc.aws_subnet.private",
            "module.vpc.aws_vpc.main",
            "module.vpc.data.aws_availability_zones.available"
          ]
        }
      ]
    },
    {
      "module": "module.aurora",
      "mode": "managed",
      "type": "aws_iam_role",
      "name": "rds_monitoring",
      "provider": "provider[\"registry.terraform.io/hashicorp/aws\"]",
      "instances": [
        {
          "schema_version": 0,
          "attributes": {
            "arn": "arn:aws:iam::672626785844:role/daysi-nonprod-rds-monitoring-role",
            "assume_role_policy": "{\"Statement\":[{\"Action\":\"sts:AssumeRole\",\"Effect\":\"Allow\",\"Principal\":{\"Service\":\"monitoring.rds.amazonaws.com\"}}],\"Version\":\"2012-10-17\"}",
            "create_date": "2026-03-09T20:03:50Z",
            "description": "",
            "force_detach_policies": false,
            "id": "daysi-nonprod-rds-monitoring-role",
            "inline_policy": [],
            "managed_policy_arns": [
              "arn:aws:iam::aws:policy/service-role/AmazonRDSEnhancedMonitoringRole"
            ],
            "max_session_duration": 3600,
            "name": "daysi-nonprod-rds-monitoring-role",
            "name_prefix": "",
            "path": "/",
            "permissions_boundary": "",
            "tags": {
              "CostCenter": "daysi",
              "Environment": "nonprod",
              "ManagedBy": "terraform",
              "Module": "aurora",
              "Project": "daysi"
            },
            "tags_all": {
              "CostCenter": "daysi",
              "Environment": "nonprod",
              "ManagedBy": "terraform",
              "Module": "aurora",
              "Project": "daysi"
            },
            "unique_id": "AROAZZG5OHY2IWGDPMBME"
          },
          "sensitive_attributes": [],
          "identity_schema_version": 0,
          "private": "bnVsbA=="
        }
      ]
    },
    {
      "module": "module.aurora",
      "mode": "managed",
      "type": "aws_iam_role_policy_attachment",
      "name": "rds_monitoring",
      "provider": "provider[\"registry.terraform.io/hashicorp/aws\"]",
      "instances": [
        {
          "schema_version": 0,
          "attributes": {
            "id": "daysi-nonprod-rds-monitoring-role-20260309200351539600000004",
            "policy_arn": "arn:aws:iam::aws:policy/service-role/AmazonRDSEnhancedMonitoringRole",
            "role": "daysi-nonprod-rds-monitoring-role"
          },
          "sensitive_attributes": [],
          "identity_schema_version": 0,
          "private": "bnVsbA==",
          "dependencies": [
            "module.aurora.aws_iam_role.rds_monitoring"
          ]
        }
      ]
    },
    {
      "module": "module.aurora",
      "mode": "managed",
      "type": "aws_rds_cluster",
      "name": "aurora",
      "provider": "provider[\"registry.terraform.io/hashicorp/aws\"]",
      "instances": [
        {
          "schema_version": 1,
          "attributes": {
            "allocated_storage": 1,
            "allow_major_version_upgrade": null,
            "apply_immediately": null,
            "arn": "arn:aws:rds:us-east-1:672626785844:cluster:daysi-nonprod-aurora",
            "availability_zones": [
              "us-east-1a",
              "us-east-1b",
              "us-east-1c"
            ],
            "backtrack_window": 0,
            "backup_retention_period": 7,
            "ca_certificate_identifier": null,
            "ca_certificate_valid_till": null,
            "cluster_identifier": "daysi-nonprod-aurora",
            "cluster_identifier_prefix": "",
            "cluster_members": [
              "daysi-nonprod-aurora-writer"
            ],
            "cluster_resource_id": "cluster-JWOUUMRNBSP6NJMV6QI5WJDXKU",
            "cluster_scalability_type": "",
            "copy_tags_to_snapshot": false,
            "database_insights_mode": "standard",
            "database_name": "daysi",
            "db_cluster_instance_class": "",
            "db_cluster_parameter_group_name": "daysi-nonprod-aurora-pg",
            "db_instance_parameter_group_name": null,
            "db_subnet_group_name": "daysi-nonprod-aurora-subnet-group",
            "db_system_id": "",
            "delete_automated_backups": true,
            "deletion_protection": false,
            "domain": "",
            "domain_iam_role_name": "",
            "enable_global_write_forwarding": false,
            "enable_http_endpoint": false,
            "enable_local_write_forwarding": false,
            "enabled_cloudwatch_logs_exports": [
              "postgresql"
            ],
            "endpoint": "daysi-nonprod-aurora.cluster-csdiwci4i4di.us-east-1.rds.amazonaws.com",
            "engine": "aurora-postgresql",
            "engine_lifecycle_support": "open-source-rds-extended-support",
            "engine_mode": "provisioned",
            "engine_version": "14.19",
            "engine_version_actual": "14.19",
            "final_snapshot_identifier": null,
            "global_cluster_identifier": "",
            "hosted_zone_id": "Z2R2ITUGPM61AM",
            "iam_database_authentication_enabled": false,
            "iam_roles": [],
            "id": "daysi-nonprod-aurora",
            "iops": 0,
            "kms_key_id": "arn:aws:kms:us-east-1:672626785844:key/6fd65d50-8752-4d6f-8061-2d11acbe69d7",
            "manage_master_user_password": null,
            "master_password": "j(mYy+QlSPd*Cq)e?2(IvTv]\u00266\u0026X0#pZ",
            "master_password_wo": null,
            "master_password_wo_version": null,
            "master_user_secret": [],
            "master_user_secret_kms_key_id": null,
            "master_username": "daysi_admin",
            "monitoring_interval": 0,
            "monitoring_role_arn": "",
            "network_type": "IPV4",
            "performance_insights_enabled": false,
            "performance_insights_kms_key_id": "",
            "performance_insights_retention_period": 0,
            "port": 5432,
            "preferred_backup_window": "03:00-04:00",
            "preferred_maintenance_window": "mon:08:55-mon:09:25",
            "reader_endpoint": "daysi-nonprod-aurora.cluster-ro-csdiwci4i4di.us-east-1.rds.amazonaws.com",
            "replication_source_identifier": "",
            "restore_to_point_in_time": [],
            "s3_import": [],
            "scaling_configuration": [],
            "serverlessv2_scaling_configuration": [
              {
                "max_capacity": 4,
                "min_capacity": 0.5,
                "seconds_until_auto_pause": 0
              }
            ],
            "skip_final_snapshot": true,
            "snapshot_identifier": null,
            "source_region": null,
            "storage_encrypted": true,
            "storage_type": "",
            "tags": {
              "CostCenter": "daysi",
              "Environment": "nonprod",
              "ManagedBy": "terraform",
              "Module": "aurora",
              "Name": "daysi-nonprod-aurora",
              "Project": "daysi"
            },
            "tags_all": {
              "CostCenter": "daysi",
              "Environment": "nonprod",
              "ManagedBy": "terraform",
              "Module": "aurora",
              "Name": "daysi-nonprod-aurora",
              "Project": "daysi"
            },
            "timeouts": null,
            "vpc_security_group_ids": [
              "sg-0de835b97a8d11b2a"
            ]
          },
          "sensitive_attributes": [
            [
              {
                "type": "get_attr",
                "value": "master_password"
              }
            ],
            [
              {
                "type": "get_attr",
                "value": "master_password_wo"
              }
            ]
          ],
          "identity_schema_version": 0,
          "private": "eyJlMmJmYjczMC1lY2FhLTExZTYtOGY4OC0zNDM2M2JjN2M0YzAiOnsiY3JlYXRlIjo3MjAwMDAwMDAwMDAwLCJkZWxldGUiOjcyMDAwMDAwMDAwMDAsInVwZGF0ZSI6NzIwMDAwMDAwMDAwMH0sInNjaGVtYV92ZXJzaW9uIjoiMSJ9",
          "dependencies": [
            "module.aurora.aws_db_subnet_group.aurora",
            "module.aurora.aws_rds_cluster_parameter_group.aurora",
            "module.aurora.aws_security_group.aurora",
            "module.aurora.random_password.master",
            "module.vpc.aws_subnet.private",
            "module.vpc.aws_vpc.main",
            "module.vpc.data.aws_availability_zones.available"
          ]
        }
      ]
    },
    {
      "module": "module.aurora",
      "mode": "managed",
      "type": "aws_rds_cluster_instance",
      "name": "writer",
      "provider": "provider[\"registry.terraform.io/hashicorp/aws\"]",
      "instances": [
        {
          "schema_version": 0,
          "attributes": {
            "apply_immediately": null,
            "arn": "arn:aws:rds:us-east-1:672626785844:db:daysi-nonprod-aurora-writer",
            "auto_minor_version_upgrade": true,
            "availability_zone": "us-east-1c",
            "ca_cert_identifier": "rds-ca-rsa2048-g1",
            "cluster_identifier": "daysi-nonprod-aurora",
            "copy_tags_to_snapshot": false,
            "custom_iam_instance_profile": "",
            "db_parameter_group_name": "default.aurora-postgresql14",
            "db_subnet_group_name": "daysi-nonprod-aurora-subnet-group",
            "dbi_resource_id": "db-W6A5NCRBEGEPIROTBWAYEQDI4Y",
            "endpoint": "daysi-nonprod-aurora-writer.csdiwci4i4di.us-east-1.rds.amazonaws.com",
            "engine": "aurora-postgresql",
            "engine_version": "14.19",
            "engine_version_actual": "14.19",
            "force_destroy": false,
            "id": "daysi-nonprod-aurora-writer",
            "identifier": "daysi-nonprod-aurora-writer",
            "identifier_prefix": "",
            "instance_class": "db.serverless",
            "kms_key_id": "arn:aws:kms:us-east-1:672626785844:key/6fd65d50-8752-4d6f-8061-2d11acbe69d7",
            "monitoring_interval": 60,
            "monitoring_role_arn": "arn:aws:iam::672626785844:role/daysi-nonprod-rds-monitoring-role",
            "network_type": "IPV4",
            "performance_insights_enabled": false,
            "performance_insights_kms_key_id": "",
            "performance_insights_retention_period": 0,
            "port": 5432,
            "preferred_backup_window": "03:00-04:00",
            "preferred_maintenance_window": "fri:06:01-fri:06:31",
            "promotion_tier": 0,
            "publicly_accessible": false,
            "storage_encrypted": true,
            "tags": {
              "CostCenter": "daysi",
              "Environment": "nonprod",
              "ManagedBy": "terraform",
              "Module": "aurora",
              "Name": "daysi-nonprod-aurora-writer",
              "Project": "daysi"
            },
            "tags_all": {
              "CostCenter": "daysi",
              "Environment": "nonprod",
              "ManagedBy": "terraform",
              "Module": "aurora",
              "Name": "daysi-nonprod-aurora-writer",
              "Project": "daysi"
            },
            "timeouts": null,
            "writer": true
          },
          "sensitive_attributes": [],
          "identity_schema_version": 0,
          "private": "eyJlMmJmYjczMC1lY2FhLTExZTYtOGY4OC0zNDM2M2JjN2M0YzAiOnsiY3JlYXRlIjo1NDAwMDAwMDAwMDAwLCJkZWxldGUiOjU0MDAwMDAwMDAwMDAsInVwZGF0ZSI6NTQwMDAwMDAwMDAwMH19",
          "dependencies": [
            "module.aurora.aws_db_subnet_group.aurora",
            "module.aurora.aws_iam_role.rds_monitoring",
            "module.aurora.aws_rds_cluster.aurora",
            "module.aurora.aws_rds_cluster_parameter_group.aurora",
            "module.aurora.aws_security_group.aurora",
            "module.aurora.random_password.master",
            "module.vpc.aws_subnet.private",
            "module.vpc.aws_vpc.main",
            "module.vpc.data.aws_availability_zones.available"
          ]
        }
      ]
    },
    {
      "module": "module.aurora",
      "mode": "managed",
      "type": "aws_rds_cluster_parameter_group",
      "name": "aurora",
      "provider": "provider[\"registry.terraform.io/hashicorp/aws\"]",
      "instances": [
        {
          "schema_version": 0,
          "attributes": {
            "arn": "arn:aws:rds:us-east-1:672626785844:cluster-pg:daysi-nonprod-aurora-pg",
            "description": "Custom parameter group for Daysi Aurora PostgreSQL",
            "family": "aurora-postgresql14",
            "id": "daysi-nonprod-aurora-pg",
            "name": "daysi-nonprod-aurora-pg",
            "name_prefix": "",
            "parameter": [
              {
                "apply_method": "immediate",
                "name": "log_connections",
                "value": "1"
              },
              {
                "apply_method": "immediate",
                "name": "log_disconnections",
                "value": "1"
              },
              {
                "apply_method": "immediate",
                "name": "log_min_duration_statement",
                "value": "1000"
              },
              {
                "apply_method": "immediate",
                "name": "shared_preload_libraries",
                "value": "pg_stat_statements"
              }
            ],
            "tags": {
              "CostCenter": "daysi",
              "Environment": "nonprod",
              "ManagedBy": "terraform",
              "Module": "aurora",
              "Project": "daysi"
            },
            "tags_all": {
              "CostCenter": "daysi",
              "Environment": "nonprod",
              "ManagedBy": "terraform",
              "Module": "aurora",
              "Project": "daysi"
            }
          },
          "sensitive_attributes": [],
          "identity_schema_version": 0,
          "private": "bnVsbA=="
        }
      ]
    },
    {
      "module": "module.aurora",
      "mode": "managed",
      "type": "aws_secretsmanager_secret",
      "name": "master_password",
      "provider": "provider[\"registry.terraform.io/hashicorp/aws\"]",
      "instances": [
        {
          "schema_version": 0,
          "attributes": {
            "arn": "arn:aws:secretsmanager:us-east-1:672626785844:secret:daysi/nonprod/aurora/master-password-jLU2lm",
            "description": "Master password for Aurora PostgreSQL cluster",
            "force_overwrite_replica_secret": false,
            "id": "arn:aws:secretsmanager:us-east-1:672626785844:secret:daysi/nonprod/aurora/master-password-jLU2lm",
            "kms_key_id": "",
            "name": "daysi/nonprod/aurora/master-password",
            "name_prefix": "",
            "policy": "",
            "recovery_window_in_days": 7,
            "replica": [],
            "tags": {
              "CostCenter": "daysi",
              "Environment": "nonprod",
              "ManagedBy": "terraform",
              "Module": "aurora",
              "Name": "daysi-nonprod-aurora-master-password",
              "Project": "daysi"
            },
            "tags_all": {
              "CostCenter": "daysi",
              "Environment": "nonprod",
              "ManagedBy": "terraform",
              "Module": "aurora",
              "Name": "daysi-nonprod-aurora-master-password",
              "Project": "daysi"
            }
          },
          "sensitive_attributes": [],
          "identity_schema_version": 0,
          "private": "bnVsbA=="
        }
      ]
    },
    {
      "module": "module.aurora",
      "mode": "managed",
      "type": "aws_secretsmanager_secret_version",
      "name": "master_password",
      "provider": "provider[\"registry.terraform.io/hashicorp/aws\"]",
      "instances": [
        {
          "schema_version": 0,
          "attributes": {
            "arn": "arn:aws:secretsmanager:us-east-1:672626785844:secret:daysi/nonprod/aurora/master-password-jLU2lm",
            "has_secret_string_wo": null,
            "id": "arn:aws:secretsmanager:us-east-1:672626785844:secret:daysi/nonprod/aurora/master-password-jLU2lm|terraform-20260309200351322800000003",
            "secret_binary": "",
            "secret_id": "arn:aws:secretsmanager:us-east-1:672626785844:secret:daysi/nonprod/aurora/master-password-jLU2lm",
            "secret_string": "{\"password\":\"j(mYy+QlSPd*Cq)e?2(IvTv]\\u00266\\u0026X0#pZ\",\"username\":\"daysi_admin\"}",
            "secret_string_wo": null,
            "secret_string_wo_version": null,
            "version_id": "terraform-20260309200351322800000003",
            "version_stages": [
              "AWSCURRENT"
            ]
          },
          "sensitive_attributes": [
            [
              {
                "type": "get_attr",
                "value": "secret_binary"
              }
            ],
            [
              {
                "type": "get_attr",
                "value": "secret_string"
              }
            ],
            [
              {
                "type": "get_attr",
                "value": "secret_string_wo"
              }
            ]
          ],
          "identity_schema_version": 0,
          "private": "bnVsbA==",
          "dependencies": [
            "module.aurora.aws_secretsmanager_secret.master_password",
            "module.aurora.random_password.master"
          ]
        }
      ]
    },
    {
      "module": "module.aurora",
      "mode": "managed",
      "type": "aws_security_group",
      "name": "aurora",
      "provider": "provider[\"registry.terraform.io/hashicorp/aws\"]",
      "instances": [
        {
          "schema_version": 1,
          "attributes": {
            "arn": "arn:aws:ec2:us-east-1:672626785844:security-group/sg-0de835b97a8d11b2a",
            "description": "Security group for Aurora PostgreSQL cluster",
            "egress": [
              {
                "cidr_blocks": [
                  "0.0.0.0/0"
                ],
                "description": "Allow all outbound",
                "from_port": 0,
                "ipv6_cidr_blocks": [],
                "prefix_list_ids": [],
                "protocol": "-1",
                "security_groups": [],
                "self": false,
                "to_port": 0
              }
            ],
            "id": "sg-0de835b97a8d11b2a",
            "ingress": [
              {
                "cidr_blocks": [],
                "description": "PostgreSQL from allowed security groups",
                "from_port": 5432,
                "ipv6_cidr_blocks": [],
                "prefix_list_ids": [],
                "protocol": "tcp",
                "security_groups": [],
                "self": false,
                "to_port": 5432
              }
            ],
            "name": "daysi-nonprod-aurora-20260309200350612100000002",
            "name_prefix": "daysi-nonprod-aurora-",
            "owner_id": "672626785844",
            "revoke_rules_on_delete": false,
            "tags": {
              "CostCenter": "daysi",
              "Environment": "nonprod",
              "ManagedBy": "terraform",
              "Module": "aurora",
              "Name": "daysi-nonprod-aurora-sg",
              "Project": "daysi"
            },
            "tags_all": {
              "CostCenter": "daysi",
              "Environment": "nonprod",
              "ManagedBy": "terraform",
              "Module": "aurora",
              "Name": "daysi-nonprod-aurora-sg",
              "Project": "daysi"
            },
            "timeouts": null,
            "vpc_id": "vpc-06eb1211592a51551"
          },
          "sensitive_attributes": [],
          "identity_schema_version": 0,
          "private": "eyJlMmJmYjczMC1lY2FhLTExZTYtOGY4OC0zNDM2M2JjN2M0YzAiOnsiY3JlYXRlIjo2MDAwMDAwMDAwMDAsImRlbGV0ZSI6OTAwMDAwMDAwMDAwfSwic2NoZW1hX3ZlcnNpb24iOiIxIn0=",
          "dependencies": [
            "module.vpc.aws_vpc.main"
          ],
          "create_before_destroy": true
        }
      ]
    },
    {
      "module": "module.aurora",
      "mode": "managed",
      "type": "random_password",
      "name": "master",
      "provider": "provider[\"registry.terraform.io/hashicorp/random\"]",
      "instances": [
        {
          "schema_version": 3,
          "attributes": {
            "bcrypt_hash": "$2a$10$tg27toT4dxRK9M8.FGJY3egrDzJtc/DK4NbL/fFoSPXMmXq49Irl2",
            "id": "none",
            "keepers": null,
            "length": 32,
            "lower": true,
            "min_lower": 0,
            "min_numeric": 0,
            "min_special": 0,
            "min_upper": 0,
            "number": true,
            "numeric": true,
            "override_special": "!#$%\u0026*()-_=+[]{}\u003c\u003e:?",
            "result": "j(mYy+QlSPd*Cq)e?2(IvTv]\u00266\u0026X0#pZ",
            "special": true,
            "upper": true
          },
          "sensitive_attributes": [
            [
              {
                "type": "get_attr",
                "value": "bcrypt_hash"
              }
            ],
            [
              {
                "type": "get_attr",
                "value": "result"
              }
            ]
          ],
          "identity_schema_version": 0
        }
      ]
    },
    {
      "module": "module.cognito",
      "mode": "managed",
      "type": "aws_cognito_resource_server",
      "name": "api",
      "provider": "provider[\"registry.terraform.io/hashicorp/aws\"]",
      "instances": [
        {
          "schema_version": 0,
          "attributes": {
            "id": "us-east-1_Z09Yhxa7a|daysi-nonprod-api",
            "identifier": "daysi-nonprod-api",
            "name": "daysi-nonprod-api",
            "scope": [
              {
                "scope_description": "Admin access",
                "scope_name": "admin"
              },
              {
                "scope_description": "Read access",
                "scope_name": "read"
              },
              {
                "scope_description": "Write access",
                "scope_name": "write"
              }
            ],
            "scope_identifiers": [
              "daysi-nonprod-api/read",
              "daysi-nonprod-api/admin",
              "daysi-nonprod-api/write"
            ],
            "user_pool_id": "us-east-1_Z09Yhxa7a"
          },
          "sensitive_attributes": [],
          "identity_schema_version": 0,
          "private": "bnVsbA==",
          "dependencies": [
            "module.cognito.aws_cognito_user_pool.main"
          ]
        }
      ]
    },
    {
      "module": "module.cognito",
      "mode": "managed",
      "type": "aws_cognito_user_group",
      "name": "admin",
      "provider": "provider[\"registry.terraform.io/hashicorp/aws\"]",
      "instances": [
        {
          "schema_version": 0,
          "attributes": {
            "description": "Administrators with full access",
            "id": "us-east-1_Z09Yhxa7a/admin",
            "name": "admin",
            "precedence": 1,
            "role_arn": "",
            "user_pool_id": "us-east-1_Z09Yhxa7a"
          },
          "sensitive_attributes": [],
          "identity_schema_version": 0,
          "private": "bnVsbA==",
          "dependencies": [
            "module.cognito.aws_cognito_user_pool.main"
          ]
        }
      ]
    },
    {
      "module": "module.cognito",
      "mode": "managed",
      "type": "aws_cognito_user_group",
      "name": "customer",
      "provider": "provider[\"registry.terraform.io/hashicorp/aws\"]",
      "instances": [
        {
          "schema_version": 0,
          "attributes": {
            "description": "Customers",
            "id": "us-east-1_Z09Yhxa7a/customer",
            "name": "customer",
            "precedence": 3,
            "role_arn": "",
            "user_pool_id": "us-east-1_Z09Yhxa7a"
          },
          "sensitive_attributes": [],
          "identity_schema_version": 0,
          "private": "bnVsbA==",
          "dependencies": [
            "module.cognito.aws_cognito_user_pool.main"
          ]
        }
      ]
    },
    {
      "module": "module.cognito",
      "mode": "managed",
      "type": "aws_cognito_user_group",
      "name": "provider",
      "provider": "provider[\"registry.terraform.io/hashicorp/aws\"]",
      "instances": [
        {
          "schema_version": 0,
          "attributes": {
            "description": "Service providers",
            "id": "us-east-1_Z09Yhxa7a/provider",
            "name": "provider",
            "precedence": 2,
            "role_arn": "",
            "user_pool_id": "us-east-1_Z09Yhxa7a"
          },
          "sensitive_attributes": [],
          "identity_schema_version": 0,
          "private": "bnVsbA==",
          "dependencies": [
            "module.cognito.aws_cognito_user_pool.main"
          ]
        }
      ]
    },
    {
      "module": "module.cognito",
      "mode": "managed",
      "type": "aws_cognito_user_pool",
      "name": "main",
      "provider": "provider[\"registry.terraform.io/hashicorp/aws\"]",
      "instances": [
        {
          "schema_version": 0,
          "attributes": {
            "account_recovery_setting": [
              {
                "recovery_mechanism": [
                  {
                    "name": "verified_email",
                    "priority": 1
                  }
                ]
              }
            ],
            "admin_create_user_config": [
              {
                "allow_admin_create_user_only": false,
                "invite_message_template": [
                  {
                    "email_message": "Your username is {username} and temporary password is {####}",
                    "email_subject": "Welcome to Daysi",
                    "sms_message": "Welcome to Daysi! Your username is {username} and temporary password is {####}"
                  }
                ]
              }
            ],
            "alias_attributes": null,
            "arn": "arn:aws:cognito-idp:us-east-1:672626785844:userpool/us-east-1_Z09Yhxa7a",
            "auto_verified_attributes": [
              "email"
            ],
            "creation_date": "2026-03-09T20:57:35Z",
            "custom_domain": "",
            "deletion_protection": "INACTIVE",
            "device_configuration": [],
            "domain": "daysi-nonprod-c70079cd",
            "email_configuration": [
              {
                "configuration_set": "",
                "email_sending_account": "COGNITO_DEFAULT",
                "from_email_address": "",
                "reply_to_email_address": "",
                "source_arn": ""
              }
            ],
            "email_mfa_configuration": [],
            "email_verification_message": "Your verification code is {####}",
            "email_verification_subject": "Your verification code",
            "endpoint": "cognito-idp.us-east-1.amazonaws.com/us-east-1_Z09Yhxa7a",
            "estimated_number_of_users": 0,
            "id": "us-east-1_Z09Yhxa7a",
            "lambda_config": [],
            "last_modified_date": "2026-03-09T20:57:35Z",
            "mfa_configuration": "OPTIONAL",
            "name": "daysi-nonprod",
            "password_policy": [
              {
                "minimum_length": 8,
                "password_history_size": 0,
                "require_lowercase": true,
                "require_numbers": true,
                "require_symbols": true,
                "require_uppercase": true,
                "temporary_password_validity_days": 7
              }
            ],
            "schema": [
              {
                "attribute_data_type": "String",
                "developer_only_attribute": false,
                "mutable": true,
                "name": "role",
                "number_attribute_constraints": [],
                "required": false,
                "string_attribute_constraints": [
                  {
                    "max_length": "64",
                    "min_length": "1"
                  }
                ]
              },
              {
                "attribute_data_type": "String",
                "developer_only_attribute": false,
                "mutable": true,
                "name": "tenant_id",
                "number_attribute_constraints": [],
                "required": false,
                "string_attribute_constraints": [
                  {
                    "max_length": "256",
                    "min_length": "1"
                  }
                ]
              },
              {
                "attribute_data_type": "String",
                "developer_only_attribute": null,
                "mutable": true,
                "name": "email",
                "number_attribute_constraints": [],
                "required": true,
                "string_attribute_constraints": []
              },
              {
                "attribute_data_type": "String",
                "developer_only_attribute": null,
                "mutable": true,
                "name": "family_name",
                "number_attribute_constraints": [],
                "required": false,
                "string_attribute_constraints": []
              },
              {
                "attribute_data_type": "String",
                "developer_only_attribute": null,
                "mutable": true,
                "name": "given_name",
                "number_attribute_constraints": [],
                "required": false,
                "string_attribute_constraints": []
              }
            ],
            "sign_in_policy": [
              {
                "allowed_first_auth_factors": [
                  "PASSWORD"
                ]
              }
            ],
            "sms_authentication_message": "",
            "sms_configuration": [],
            "sms_verification_message": "",
            "software_token_mfa_configuration": [
              {
                "enabled": true
              }
            ],
            "tags": {
              "CostCenter": "daysi",
              "Environment": "nonprod",
              "ManagedBy": "terraform",
              "Module": "cognito",
              "Name": "daysi-nonprod",
              "Project": "daysi"
            },
            "tags_all": {
              "CostCenter": "daysi",
              "Environment": "nonprod",
              "ManagedBy": "terraform",
              "Module": "cognito",
              "Name": "daysi-nonprod",
              "Project": "daysi"
            },
            "user_attribute_update_settings": [],
            "user_pool_add_ons": [],
            "user_pool_tier": "ESSENTIALS",
            "username_attributes": [
              "email"
            ],
            "username_configuration": [],
            "verification_message_template": [
              {
                "default_email_option": "CONFIRM_WITH_CODE",
                "email_message": "Your verification code is {####}",
                "email_message_by_link": "",
                "email_subject": "Your verification code",
                "email_subject_by_link": "",
                "sms_message": ""
              }
            ],
            "web_authn_configuration": []
          },
          "sensitive_attributes": [],
          "identity_schema_version": 0,
          "private": "bnVsbA=="
        }
      ]
    },
    {
      "module": "module.cognito",
      "mode": "managed",
      "type": "aws_cognito_user_pool_client",
      "name": "api",
      "provider": "provider[\"registry.terraform.io/hashicorp/aws\"]",
      "instances": [
        {
          "schema_version": 0,
          "attributes": {
            "access_token_validity": 1,
            "allowed_oauth_flows": [],
            "allowed_oauth_flows_user_pool_client": false,
            "allowed_oauth_scopes": [],
            "analytics_configuration": [],
            "auth_session_validity": 3,
            "callback_urls": [],
            "client_secret": "1hsefvecpi7n66npcctqlbeeuam8eh02mp94ule930s2addmk20g",
            "default_redirect_uri": "",
            "enable_propagate_additional_user_context_data": false,
            "enable_token_revocation": true,
            "explicit_auth_flows": [
              "ALLOW_ADMIN_USER_PASSWORD_AUTH",
              "ALLOW_REFRESH_TOKEN_AUTH"
            ],
            "generate_secret": true,
            "id": "7gsn4k394uuiusc8rk6j0h7f8o",
            "id_token_validity": 0,
            "logout_urls": [],
            "name": "daysi-nonprod-api",
            "prevent_user_existence_errors": "ENABLED",
            "read_attributes": [],
            "refresh_token_rotation": [],
            "refresh_token_validity": 30,
            "supported_identity_providers": [],
            "token_validity_units": [
              {
                "access_token": "hours",
                "id_token": "hours",
                "refresh_token": "days"
              }
            ],
            "user_pool_id": "us-east-1_Z09Yhxa7a",
            "write_attributes": []
          },
          "sensitive_attributes": [
            [
              {
                "type": "get_attr",
                "value": "client_secret"
              }
            ]
          ],
          "identity_schema_version": 0,
          "dependencies": [
            "module.cognito.aws_cognito_user_pool.main"
          ]
        }
      ]
    },
    {
      "module": "module.cognito",
      "mode": "managed",
      "type": "aws_cognito_user_pool_client",
      "name": "web",
      "provider": "provider[\"registry.terraform.io/hashicorp/aws\"]",
      "instances": [
        {
          "schema_version": 0,
          "attributes": {
            "access_token_validity": 1,
            "allowed_oauth_flows": [
              "code",
              "implicit"
            ],
            "allowed_oauth_flows_user_pool_client": true,
            "allowed_oauth_scopes": [
              "email",
              "openid",
              "profile"
            ],
            "analytics_configuration": [],
            "auth_session_validity": 3,
            "callback_urls": [
              "http://localhost:8080/callback",
              "https://daysi.ca/callback"
            ],
            "client_secret": "",
            "default_redirect_uri": "",
            "enable_propagate_additional_user_context_data": false,
            "enable_token_revocation": true,
            "explicit_auth_flows": [
              "ALLOW_REFRESH_TOKEN_AUTH",
              "ALLOW_USER_PASSWORD_AUTH",
              "ALLOW_USER_SRP_AUTH"
            ],
            "generate_secret": false,
            "id": "75p2ahqfhbjqabtpvm5orum95o",
            "id_token_validity": 1,
            "logout_urls": [
              "http://localhost:8080",
              "https://daysi.ca"
            ],
            "name": "daysi-nonprod-web",
            "prevent_user_existence_errors": "ENABLED",
            "read_attributes": [],
            "refresh_token_rotation": [],
            "refresh_token_validity": 30,
            "supported_identity_providers": [
              "COGNITO"
            ],
            "token_validity_units": [
              {
                "access_token": "hours",
                "id_token": "hours",
                "refresh_token": "days"
              }
            ],
            "user_pool_id": "us-east-1_Z09Yhxa7a",
            "write_attributes": []
          },
          "sensitive_attributes": [
            [
              {
                "type": "get_attr",
                "value": "client_secret"
              }
            ]
          ],
          "identity_schema_version": 0,
          "dependencies": [
            "module.cognito.aws_cognito_user_pool.main"
          ]
        }
      ]
    },
    {
      "module": "module.cognito",
      "mode": "managed",
      "type": "aws_cognito_user_pool_domain",
      "name": "main",
      "provider": "provider[\"registry.terraform.io/hashicorp/aws\"]",
      "instances": [
        {
          "schema_version": 0,
          "attributes": {
            "aws_account_id": "672626785844",
            "certificate_arn": "",
            "cloudfront_distribution": "d3oia8etllorh5.cloudfront.net",
            "cloudfront_distribution_arn": "d3oia8etllorh5.cloudfront.net",
            "cloudfront_distribution_zone_id": "Z2FDTNDATAQYW2",
            "domain": "daysi-nonprod-c70079cd",
            "id": "daysi-nonprod-c70079cd",
            "managed_login_version": 1,
            "s3_bucket": "aws-cognito-prod-iad-assets",
            "user_pool_id": "us-east-1_Z09Yhxa7a",
            "version": "20260309205737"
          },
          "sensitive_attributes": [],
          "identity_schema_version": 0,
          "private": "bnVsbA==",
          "dependencies": [
            "module.cognito.aws_cognito_user_pool.main",
            "module.cognito.random_id.domain"
          ]
        }
      ]
    },
    {
      "module": "module.cognito",
      "mode": "managed",
      "type": "random_id",
      "name": "domain",
      "provider": "provider[\"registry.terraform.io/hashicorp/random\"]",
      "instances": [
        {
          "schema_version": 0,
          "attributes": {
            "b64_std": "xwB5zQ==",
            "b64_url": "xwB5zQ",
            "byte_length": 4,
            "dec": "3338697165",
            "hex": "c70079cd",
            "id": "xwB5zQ",
            "keepers": null,
            "prefix": null
          },
          "sensitive_attributes": [],
          "identity_schema_version": 0
        }
      ]
    },
    {
      "module": "module.cost_guardrails",
      "mode": "managed",
      "type": "aws_budgets_budget",
      "name": "monthly",
      "provider": "provider[\"registry.terraform.io/hashicorp/aws\"]",
      "instances": [
        {
          "schema_version": 0,
          "attributes": {
            "account_id": "672626785844",
            "arn": "arn:aws:budgets::672626785844:budget/daysi-nonprod-monthly-budget",
            "auto_adjust_data": [],
            "budget_type": "COST",
            "cost_filter": [],
            "cost_types": [
              {
                "include_credit": true,
                "include_discount": true,
                "include_other_subscription": true,
                "include_recurring": true,
                "include_refund": true,
                "include_subscription": true,
                "include_support": true,
                "include_tax": true,
                "include_upfront": true,
                "use_amortized": false,
                "use_blended": false
              }
            ],
            "id": "672626785844:daysi-nonprod-monthly-budget",
            "limit_amount": "200.0",
            "limit_unit": "USD",
            "name": "daysi-nonprod-monthly-budget",
            "name_prefix": "",
            "notification": [
              {
                "comparison_operator": "GREATER_THAN",
                "notification_type": "ACTUAL",
                "subscriber_email_addresses": [
                  "cheddar@tastycheddar.com",
                  "testing@tastycheddar.com"
                ],
                "subscriber_sns_topic_arns": [],
                "threshold": 100,
                "threshold_type": "PERCENTAGE"
              },
              {
                "comparison_operator": "GREATER_THAN",
                "notification_type": "ACTUAL",
                "subscriber_email_addresses": [
                  "cheddar@tastycheddar.com",
                  "testing@tastycheddar.com"
                ],
                "subscriber_sns_topic_arns": [],
                "threshold": 50,
                "threshold_type": "PERCENTAGE"
              },
              {
                "comparison_operator": "GREATER_THAN",
                "notification_type": "ACTUAL",
                "subscriber_email_addresses": [
                  "cheddar@tastycheddar.com",
                  "testing@tastycheddar.com"
                ],
                "subscriber_sns_topic_arns": [],
                "threshold": 80,
                "threshold_type": "PERCENTAGE"
              }
            ],
            "planned_limit": [],
            "tags": {},
            "tags_all": {
              "CostCenter": "daysi",
              "Environment": "nonprod",
              "ManagedBy": "terraform",
              "Project": "daysi"
            },
            "time_period_end": "2087-06-15_00:00",
            "time_period_start": "2026-03-01_00:00",
            "time_unit": "MONTHLY"
          },
          "sensitive_attributes": [],
          "identity_schema_version": 0,
          "private": "bnVsbA=="
        }
      ]
    },
    {
      "module": "module.ecs",
      "mode": "data",
      "type": "aws_region",
      "name": "current",
      "provider": "provider[\"registry.terraform.io/hashicorp/aws\"]",
      "instances": [
        {
          "schema_version": 0,
          "attributes": {
            "description": "US East (N. Virginia)",
            "endpoint": "ec2.us-east-1.amazonaws.com",
            "id": "us-east-1",
            "name": "us-east-1"
          },
          "sensitive_attributes": [],
          "identity_schema_version": 0
        }
      ]
    },
    {
      "module": "module.ecs",
      "mode": "managed",
      "type": "aws_cloudwatch_log_group",
      "name": "ecs",
      "provider": "provider[\"registry.terraform.io/hashicorp/aws\"]",
      "instances": [
        {
          "schema_version": 0,
          "attributes": {
            "arn": "arn:aws:logs:us-east-1:672626785844:log-group:/ecs/daysi-nonprod",
            "id": "/ecs/daysi-nonprod",
            "kms_key_id": "",
            "log_group_class": "STANDARD",
            "name": "/ecs/daysi-nonprod",
            "name_prefix": "",
            "retention_in_days": 7,
            "skip_destroy": false,
            "tags": {
              "CostCenter": "daysi",
              "Environment": "nonprod",
              "ManagedBy": "terraform",
              "Module": "ecs",
              "Name": "/ecs/daysi-nonprod",
              "Project": "daysi"
            },
            "tags_all": {
              "CostCenter": "daysi",
              "Environment": "nonprod",
              "ManagedBy": "terraform",
              "Module": "ecs",
              "Name": "/ecs/daysi-nonprod",
              "Project": "daysi"
            }
          },
          "sensitive_attributes": [],
          "identity_schema_version": 0,
          "private": "bnVsbA=="
        }
      ]
    },
    {
      "module": "module.ecs",
      "mode": "managed",
      "type": "aws_ecr_lifecycle_policy",
      "name": "api",
      "provider": "provider[\"registry.terraform.io/hashicorp/aws\"]",
      "instances": [
        {
          "schema_version": 0,
          "attributes": {
            "id": "daysi/nonprod/api",
            "policy": "{\"rules\":[{\"action\":{\"type\":\"expire\"},\"description\":\"Keep last 30 images\",\"rulePriority\":1,\"selection\":{\"countNumber\":30,\"countType\":\"imageCountMoreThan\",\"tagStatus\":\"any\"}}]}",
            "registry_id": "672626785844",
            "repository": "daysi/nonprod/api"
          },
          "sensitive_attributes": [],
          "identity_schema_version": 0,
          "private": "bnVsbA==",
          "dependencies": [
            "module.ecs.aws_ecr_repository.api"
          ]
        }
      ]
    },
    {
      "module": "module.ecs",
      "mode": "managed",
      "type": "aws_ecr_repository",
      "name": "api",
      "provider": "provider[\"registry.terraform.io/hashicorp/aws\"]",
      "instances": [
        {
          "schema_version": 0,
          "attributes": {
            "arn": "arn:aws:ecr:us-east-1:672626785844:repository/daysi/nonprod/api",
            "encryption_configuration": [
              {
                "encryption_type": "AES256",
                "kms_key": ""
              }
            ],
            "force_delete": null,
            "id": "daysi/nonprod/api",
            "image_scanning_configuration": [
              {
                "scan_on_push": true
              }
            ],
            "image_tag_mutability": "MUTABLE",
            "name": "daysi/nonprod/api",
            "registry_id": "672626785844",
            "repository_url": "672626785844.dkr.ecr.us-east-1.amazonaws.com/daysi/nonprod/api",
            "tags": {
              "CostCenter": "daysi",
              "Environment": "nonprod",
              "ManagedBy": "terraform",
              "Module": "ecs",
              "Name": "daysi/nonprod/api",
              "Project": "daysi"
            },
            "tags_all": {
              "CostCenter": "daysi",
              "Environment": "nonprod",
              "ManagedBy": "terraform",
              "Module": "ecs",
              "Name": "daysi/nonprod/api",
              "Project": "daysi"
            },
            "timeouts": null
          },
          "sensitive_attributes": [],
          "identity_schema_version": 0,
          "private": "eyJlMmJmYjczMC1lY2FhLTExZTYtOGY4OC0zNDM2M2JjN2M0YzAiOnsiZGVsZXRlIjoxMjAwMDAwMDAwMDAwfX0="
        }
      ]
    },
    {
      "module": "module.ecs",
      "mode": "managed",
      "type": "aws_ecs_cluster",
      "name": "main",
      "provider": "provider[\"registry.terraform.io/hashicorp/aws\"]",
      "instances": [
        {
          "schema_version": 0,
          "attributes": {
            "arn": "arn:aws:ecs:us-east-1:672626785844:cluster/daysi-nonprod",
            "configuration": [],
            "id": "arn:aws:ecs:us-east-1:672626785844:cluster/daysi-nonprod",
            "name": "daysi-nonprod",
            "service_connect_defaults": [],
            "setting": [
              {
                "name": "containerInsights",
                "value": "enabled"
              }
            ],
            "tags": {
              "CostCenter": "daysi",
              "Environment": "nonprod",
              "ManagedBy": "terraform",
              "Module": "ecs",
              "Name": "daysi-nonprod",
              "Project": "daysi"
            },
            "tags_all": {
              "CostCenter": "daysi",
              "Environment": "nonprod",
              "ManagedBy": "terraform",
              "Module": "ecs",
              "Name": "daysi-nonprod",
              "Project": "daysi"
            }
          },
          "sensitive_attributes": [],
          "identity_schema_version": 0,
          "private": "bnVsbA=="
        }
      ]
    },
    {
      "module": "module.ecs",
      "mode": "managed",
      "type": "aws_ecs_cluster_capacity_providers",
      "name": "main",
      "provider": "provider[\"registry.terraform.io/hashicorp/aws\"]",
      "instances": [
        {
          "schema_version": 0,
          "attributes": {
            "capacity_providers": [
              "FARGATE",
              "FARGATE_SPOT"
            ],
            "cluster_name": "daysi-nonprod",
            "default_capacity_provider_strategy": [
              {
                "base": 1,
                "capacity_provider": "FARGATE",
                "weight": 1
              }
            ],
            "id": "daysi-nonprod"
          },
          "sensitive_attributes": [],
          "identity_schema_version": 0,
          "private": "bnVsbA==",
          "dependencies": [
            "module.ecs.aws_ecs_cluster.main"
          ]
        }
      ]
    },
    {
      "module": "module.ecs",
      "mode": "managed",
      "type": "aws_ecs_service",
      "name": "api",
      "provider": "provider[\"registry.terraform.io/hashicorp/aws\"]",
      "instances": [
        {
          "schema_version": 1,
          "attributes": {
            "alarms": [],
            "availability_zone_rebalancing": "DISABLED",
            "capacity_provider_strategy": [],
            "cluster": "arn:aws:ecs:us-east-1:672626785844:cluster/daysi-nonprod",
            "deployment_circuit_breaker": [
              {
                "enable": true,
                "rollback": true
              }
            ],
            "deployment_controller": [
              {
                "type": "ECS"
              }
            ],
            "deployment_maximum_percent": 200,
            "deployment_minimum_healthy_percent": 100,
            "desired_count": 1,
            "enable_ecs_managed_tags": false,
            "enable_execute_command": false,
            "force_delete": null,
            "force_new_deployment": null,
            "health_check_grace_period_seconds": 0,
            "iam_role": "/aws-service-role/ecs.amazonaws.com/AWSServiceRoleForECS",
            "id": "arn:aws:ecs:us-east-1:672626785844:service/daysi-nonprod/daysi-nonprod-api",
            "launch_type": "FARGATE",
            "load_balancer": [
              {
                "container_name": "api",
                "container_port": 4010,
                "elb_name": "",
                "target_group_arn": "arn:aws:elasticloadbalancing:us-east-1:672626785844:targetgroup/daysi-nonprod-tg/e750c036488054f8"
              }
            ],
            "name": "daysi-nonprod-api",
            "network_configuration": [
              {
                "assign_public_ip": false,
                "security_groups": [
                  "sg-011206e24f2db2d3d"
                ],
                "subnets": [
                  "subnet-054872ac0c46f39a7",
                  "subnet-05af0e335e1398081",
                  "subnet-06c79fb9993369fa3"
                ]
              }
            ],
            "ordered_placement_strategy": [],
            "placement_constraints": [],
            "platform_version": "LATEST",
            "propagate_tags": "NONE",
            "scheduling_strategy": "REPLICA",
            "service_connect_configuration": [],
            "service_registries": [],
            "tags": {
              "CostCenter": "daysi",
              "Environment": "nonprod",
              "ManagedBy": "terraform",
              "Module": "ecs",
              "Name": "daysi-nonprod-api",
              "Project": "daysi"
            },
            "tags_all": {
              "CostCenter": "daysi",
              "Environment": "nonprod",
              "ManagedBy": "terraform",
              "Module": "ecs",
              "Name": "daysi-nonprod-api",
              "Project": "daysi"
            },
            "task_definition": "arn:aws:ecs:us-east-1:672626785844:task-definition/daysi-nonprod-api:1",
            "timeouts": null,
            "triggers": {},
            "volume_configuration": [],
            "vpc_lattice_configurations": [],
            "wait_for_steady_state": false
          },
          "sensitive_attributes": [],
          "identity_schema_version": 0,
          "private": "eyJlMmJmYjczMC1lY2FhLTExZTYtOGY4OC0zNDM2M2JjN2M0YzAiOnsiY3JlYXRlIjoxMjAwMDAwMDAwMDAwLCJkZWxldGUiOjEyMDAwMDAwMDAwMDAsInVwZGF0ZSI6MTIwMDAwMDAwMDAwMH0sInNjaGVtYV92ZXJzaW9uIjoiMSJ9",
          "dependencies": [
            "module.ecs.aws_cloudwatch_log_group.ecs",
            "module.ecs.aws_ecr_repository.api",
            "module.ecs.aws_ecs_cluster.main",
            "module.ecs.aws_ecs_task_definition.api",
            "module.ecs.aws_iam_role.ecs_execution",
            "module.ecs.aws_iam_role.ecs_task",
            "module.ecs.aws_lb.main",
            "module.ecs.aws_lb_listener.http",
            "module.ecs.aws_lb_target_group.main",
            "module.ecs.aws_security_group.alb",
            "module.ecs.aws_security_group.ecs",
            "module.ecs.data.aws_region.current",
            "module.vpc.aws_subnet.private",
            "module.vpc.aws_subnet.public",
            "module.vpc.aws_vpc.main",
            "module.vpc.data.aws_availability_zones.available"
          ]
        }
      ]
    },
    {
      "module": "module.ecs",
      "mode": "managed",
      "type": "aws_ecs_task_definition",
      "name": "api",
      "provider": "provider[\"registry.terraform.io/hashicorp/aws\"]",
      "instances": [
        {
          "schema_version": 1,
          "attributes": {
            "arn": "arn:aws:ecs:us-east-1:672626785844:task-definition/daysi-nonprod-api:1",
            "arn_without_revision": "arn:aws:ecs:us-east-1:672626785844:task-definition/daysi-nonprod-api",
            "container_definitions": "[{\"environment\":[{\"name\":\"DAYSI_ENV\",\"value\":\"nonprod\"},{\"name\":\"DAYSI_RUNTIME_PROFILE\",\"value\":\"bootstrap\"}],\"essential\":true,\"image\":\"672626785844.dkr.ecr.us-east-1.amazonaws.com/daysi/nonprod/api:latest\",\"logConfiguration\":{\"logDriver\":\"awslogs\",\"options\":{\"awslogs-group\":\"/ecs/daysi-nonprod\",\"awslogs-region\":\"us-east-1\",\"awslogs-stream-prefix\":\"ecs\"}},\"mountPoints\":[],\"name\":\"api\",\"portMappings\":[{\"containerPort\":4010,\"hostPort\":4010,\"protocol\":\"tcp\"}],\"secrets\":[{\"name\":\"DATABASE_URL\",\"valueFrom\":\"arn:aws:secretsmanager:*:*:secret:daysi/nonprod/aurora/master-password\"}],\"systemControls\":[],\"volumesFrom\":[]}]",
            "cpu": "256",
            "enable_fault_injection": false,
            "ephemeral_storage": [],
            "execution_role_arn": "arn:aws:iam::672626785844:role/daysi-nonprod-ecs-execution-role",
            "family": "daysi-nonprod-api",
            "id": "daysi-nonprod-api",
            "inference_accelerator": [],
            "ipc_mode": "",
            "memory": "512",
            "network_mode": "awsvpc",
            "pid_mode": "",
            "placement_constraints": [],
            "proxy_configuration": [],
            "requires_compatibilities": [
              "FARGATE"
            ],
            "revision": 1,
            "runtime_platform": [],
            "skip_destroy": false,
            "tags": {
              "CostCenter": "daysi",
              "Environment": "nonprod",
              "ManagedBy": "terraform",
              "Module": "ecs",
              "Name": "daysi-nonprod-api",
              "Project": "daysi"
            },
            "tags_all": {
              "CostCenter": "daysi",
              "Environment": "nonprod",
              "ManagedBy": "terraform",
              "Module": "ecs",
              "Name": "daysi-nonprod-api",
              "Project": "daysi"
            },
            "task_role_arn": "arn:aws:iam::672626785844:role/daysi-nonprod-ecs-task-role",
            "track_latest": false,
            "volume": []
          },
          "sensitive_attributes": [],
          "identity_schema_version": 0,
          "private": "eyJzY2hlbWFfdmVyc2lvbiI6IjEifQ==",
          "dependencies": [
            "module.ecs.aws_cloudwatch_log_group.ecs",
            "module.ecs.aws_ecr_repository.api",
            "module.ecs.aws_iam_role.ecs_execution",
            "module.ecs.aws_iam_role.ecs_task",
            "module.ecs.data.aws_region.current"
          ]
        }
      ]
    },
    {
      "module": "module.ecs",
      "mode": "managed",
      "type": "aws_iam_role",
      "name": "ecs_execution",
      "provider": "provider[\"registry.terraform.io/hashicorp/aws\"]",
      "instances": [
        {
          "schema_version": 0,
          "attributes": {
            "arn": "arn:aws:iam::672626785844:role/daysi-nonprod-ecs-execution-role",
            "assume_role_policy": "{\"Statement\":[{\"Action\":\"sts:AssumeRole\",\"Effect\":\"Allow\",\"Principal\":{\"Service\":\"ecs-tasks.amazonaws.com\"}}],\"Version\":\"2012-10-17\"}",
            "create_date": "2026-03-09T20:37:42Z",
            "description": "",
            "force_detach_policies": false,
            "id": "daysi-nonprod-ecs-execution-role",
            "inline_policy": [
              {
                "name": "daysi-nonprod-ecs-execution-secrets",
                "policy": "{\"Version\":\"2012-10-17\",\"Statement\":[{\"Action\":[\"secretsmanager:GetSecretValue\"],\"Effect\":\"Allow\",\"Resource\":\"arn:aws:secretsmanager:*:*:secret:daysi/nonprod/*\"}]}"
              }
            ],
            "managed_policy_arns": [
              "arn:aws:iam::aws:policy/service-role/AmazonECSTaskExecutionRolePolicy"
            ],
            "max_session_duration": 3600,
            "name": "daysi-nonprod-ecs-execution-role",
            "name_prefix": "",
            "path": "/",
            "permissions_boundary": "",
            "tags": {
              "CostCenter": "daysi",
              "Environment": "nonprod",
              "ManagedBy": "terraform",
              "Module": "ecs",
              "Project": "daysi"
            },
            "tags_all": {
              "CostCenter": "daysi",
              "Environment": "nonprod",
              "ManagedBy": "terraform",
              "Module": "ecs",
              "Project": "daysi"
            },
            "unique_id": "AROAZZG5OHY2P6HDPC4Q6"
          },
          "sensitive_attributes": [],
          "identity_schema_version": 0,
          "private": "bnVsbA=="
        }
      ]
    },
    {
      "module": "module.ecs",
      "mode": "managed",
      "type": "aws_iam_role",
      "name": "ecs_task",
      "provider": "provider[\"registry.terraform.io/hashicorp/aws\"]",
      "instances": [
        {
          "schema_version": 0,
          "attributes": {
            "arn": "arn:aws:iam::672626785844:role/daysi-nonprod-ecs-task-role",
            "assume_role_policy": "{\"Statement\":[{\"Action\":\"sts:AssumeRole\",\"Effect\":\"Allow\",\"Principal\":{\"Service\":\"ecs-tasks.amazonaws.com\"}}],\"Version\":\"2012-10-17\"}",
            "create_date": "2026-03-09T20:37:42Z",
            "description": "",
            "force_detach_policies": false,
            "id": "daysi-nonprod-ecs-task-role",
            "inline_policy": [],
            "managed_policy_arns": [],
            "max_session_duration": 3600,
            "name": "daysi-nonprod-ecs-task-role",
            "name_prefix": "",
            "path": "/",
            "permissions_boundary": "",
            "tags": {
              "CostCenter": "daysi",
              "Environment": "nonprod",
              "ManagedBy": "terraform",
              "Module": "ecs",
              "Project": "daysi"
            },
            "tags_all": {
              "CostCenter": "daysi",
              "Environment": "nonprod",
              "ManagedBy": "terraform",
              "Module": "ecs",
              "Project": "daysi"
            },
            "unique_id": "AROAZZG5OHY2OASPYOB7V"
          },
          "sensitive_attributes": [],
          "identity_schema_version": 0,
          "private": "bnVsbA=="
        }
      ]
    },
    {
      "module": "module.ecs",
      "mode": "managed",
      "type": "aws_iam_role_policy",
      "name": "ecs_execution_secrets",
      "provider": "provider[\"registry.terraform.io/hashicorp/aws\"]",
      "instances": [
        {
          "schema_version": 0,
          "attributes": {
            "id": "daysi-nonprod-ecs-execution-role:daysi-nonprod-ecs-execution-secrets",
            "name": "daysi-nonprod-ecs-execution-secrets",
            "name_prefix": "",
            "policy": "{\"Version\":\"2012-10-17\",\"Statement\":[{\"Action\":[\"secretsmanager:GetSecretValue\"],\"Effect\":\"Allow\",\"Resource\":\"arn:aws:secretsmanager:*:*:secret:daysi/nonprod/*\"}]}",
            "role": "daysi-nonprod-ecs-execution-role"
          },
          "sensitive_attributes": [],
          "identity_schema_version": 0,
          "private": "bnVsbA==",
          "dependencies": [
            "module.ecs.aws_iam_role.ecs_execution"
          ]
        }
      ]
    },
    {
      "module": "module.ecs",
      "mode": "managed",
      "type": "aws_iam_role_policy_attachment",
      "name": "ecs_execution",
      "provider": "provider[\"registry.terraform.io/hashicorp/aws\"]",
      "instances": [
        {
          "schema_version": 0,
          "attributes": {
            "id": "daysi-nonprod-ecs-execution-role-20260309203745094900000002",
            "policy_arn": "arn:aws:iam::aws:policy/service-role/AmazonECSTaskExecutionRolePolicy",
            "role": "daysi-nonprod-ecs-execution-role"
          },
          "sensitive_attributes": [],
          "identity_schema_version": 0,
          "private": "bnVsbA==",
          "dependencies": [
            "module.ecs.aws_iam_role.ecs_execution"
          ]
        }
      ]
    },
    {
      "module": "module.ecs",
      "mode": "managed",
      "type": "aws_lb",
      "name": "main",
      "provider": "provider[\"registry.terraform.io/hashicorp/aws\"]",
      "instances": [
        {
          "schema_version": 0,
          "attributes": {
            "access_logs": [
              {
                "bucket": "",
                "enabled": false,
                "prefix": ""
              }
            ],
            "arn": "arn:aws:elasticloadbalancing:us-east-1:672626785844:loadbalancer/app/daysi-nonprod-alb/ba2645bcf50186e9",
            "arn_suffix": "app/daysi-nonprod-alb/ba2645bcf50186e9",
            "client_keep_alive": 3600,
            "connection_logs": [
              {
                "bucket": "",
                "enabled": false,
                "prefix": ""
              }
            ],
            "customer_owned_ipv4_pool": "",
            "desync_mitigation_mode": "defensive",
            "dns_name": "daysi-nonprod-alb-625642724.us-east-1.elb.amazonaws.com",
            "dns_record_client_routing_policy": null,
            "drop_invalid_header_fields": false,
            "enable_cross_zone_load_balancing": true,
            "enable_deletion_protection": false,
            "enable_http2": true,
            "enable_tls_version_and_cipher_suite_headers": false,
            "enable_waf_fail_open": false,
            "enable_xff_client_port": false,
            "enable_zonal_shift": false,
            "enforce_security_group_inbound_rules_on_private_link_traffic": "",
            "id": "arn:aws:elasticloadbalancing:us-east-1:672626785844:loadbalancer/app/daysi-nonprod-alb/ba2645bcf50186e9",
            "idle_timeout": 60,
            "internal": false,
            "ip_address_type": "ipv4",
            "ipam_pools": [],
            "load_balancer_type": "application",
            "minimum_load_balancer_capacity": [],
            "name": "daysi-nonprod-alb",
            "name_prefix": "",
            "preserve_host_header": false,
            "security_groups": [
              "sg-0933746673215637b"
            ],
            "subnet_mapping": [
              {
                "allocation_id": "",
                "ipv6_address": "",
                "outpost_id": "",
                "private_ipv4_address": "",
                "subnet_id": "subnet-056f9cd7c771e62e4"
              },
              {
                "allocation_id": "",
                "ipv6_address": "",
                "outpost_id": "",
                "private_ipv4_address": "",
                "subnet_id": "subnet-0a6b24a0dc6303792"
              },
              {
                "allocation_id": "",
                "ipv6_address": "",
                "outpost_id": "",
                "private_ipv4_address": "",
                "subnet_id": "subnet-0ded5e059731352ba"
              }
            ],
            "subnets": [
              "subnet-056f9cd7c771e62e4",
              "subnet-0a6b24a0dc6303792",
              "subnet-0ded5e059731352ba"
            ],
            "tags": {
              "CostCenter": "daysi",
              "Environment": "nonprod",
              "ManagedBy": "terraform",
              "Module": "ecs",
              "Name": "daysi-nonprod-alb",
              "Project": "daysi"
            },
            "tags_all": {
              "CostCenter": "daysi",
              "Environment": "nonprod",
              "ManagedBy": "terraform",
              "Module": "ecs",
              "Name": "daysi-nonprod-alb",
              "Project": "daysi"
            },
            "timeouts": null,
            "vpc_id": "vpc-06eb1211592a51551",
            "xff_header_processing_mode": "append",
            "zone_id": "Z35SXDOTRQ7X7K"
          },
          "sensitive_attributes": [],
          "identity_schema_version": 0,
          "private": "eyJlMmJmYjczMC1lY2FhLTExZTYtOGY4OC0zNDM2M2JjN2M0YzAiOnsiY3JlYXRlIjo2MDAwMDAwMDAwMDAsImRlbGV0ZSI6NjAwMDAwMDAwMDAwLCJ1cGRhdGUiOjYwMDAwMDAwMDAwMH19",
          "dependencies": [
            "module.ecs.aws_security_group.alb",
            "module.vpc.aws_subnet.public",
            "module.vpc.aws_vpc.main",
            "module.vpc.data.aws_availability_zones.available"
          ]
        }
      ]
    },
    {
      "module": "module.ecs",
      "mode": "managed",
      "type": "aws_lb_listener",
      "name": "http",
      "provider": "provider[\"registry.terraform.io/hashicorp/aws\"]",
      "instances": [
        {
          "schema_version": 0,
          "attributes": {
            "alpn_policy": null,
            "arn": "arn:aws:elasticloadbalancing:us-east-1:672626785844:listener/app/daysi-nonprod-alb/ba2645bcf50186e9/e767f0a65c3d390b",
            "certificate_arn": null,
            "default_action": [
              {
                "authenticate_cognito": [],
                "authenticate_oidc": [],
                "fixed_response": [],
                "forward": [],
                "order": 1,
                "redirect": [],
                "target_group_arn": "arn:aws:elasticloadbalancing:us-east-1:672626785844:targetgroup/daysi-nonprod-tg/e750c036488054f8",
                "type": "forward"
              }
            ],
            "id": "arn:aws:elasticloadbalancing:us-east-1:672626785844:listener/app/daysi-nonprod-alb/ba2645bcf50186e9/e767f0a65c3d390b",
            "load_balancer_arn": "arn:aws:elasticloadbalancing:us-east-1:672626785844:loadbalancer/app/daysi-nonprod-alb/ba2645bcf50186e9",
            "mutual_authentication": [],
            "port": 80,
            "protocol": "HTTP",
            "routing_http_request_x_amzn_mtls_clientcert_header_name": null,
            "routing_http_request_x_amzn_mtls_clientcert_issuer_header_name": null,
            "routing_http_request_x_amzn_mtls_clientcert_leaf_header_name": null,
            "routing_http_request_x_amzn_mtls_clientcert_serial_number_header_name": null,
            "routing_http_request_x_amzn_mtls_clientcert_subject_header_name": null,
            "routing_http_request_x_amzn_mtls_clientcert_validity_header_name": null,
            "routing_http_request_x_amzn_tls_cipher_suite_header_name": null,
            "routing_http_request_x_amzn_tls_version_header_name": null,
            "routing_http_response_access_control_allow_credentials_header_value": "",
            "routing_http_response_access_control_allow_headers_header_value": "",
            "routing_http_response_access_control_allow_methods_header_value": "",
            "routing_http_response_access_control_allow_origin_header_value": "",
            "routing_http_response_access_control_expose_headers_header_value": "",
            "routing_http_response_access_control_max_age_header_value": "",
            "routing_http_response_content_security_policy_header_value": "",
            "routing_http_response_server_enabled": true,
            "routing_http_response_strict_transport_security_header_value": "",
            "routing_http_response_x_content_type_options_header_value": "",
            "routing_http_response_x_frame_options_header_value": "",
            "ssl_policy": "",
            "tags": {},
            "tags_all": {
              "CostCenter": "daysi",
              "Environment": "nonprod",
              "ManagedBy": "terraform",
              "Project": "daysi"
            },
            "tcp_idle_timeout_seconds": null,
            "timeouts": null
          },
          "sensitive_attributes": [],
          "identity_schema_version": 0,
          "private": "eyJlMmJmYjczMC1lY2FhLTExZTYtOGY4OC0zNDM2M2JjN2M0YzAiOnsiY3JlYXRlIjozMDAwMDAwMDAwMDAsInVwZGF0ZSI6MzAwMDAwMDAwMDAwfX0=",
          "dependencies": [
            "module.ecs.aws_lb.main",
            "module.ecs.aws_lb_target_group.main",
            "module.ecs.aws_security_group.alb",
            "module.vpc.aws_subnet.public",
            "module.vpc.aws_vpc.main",
            "module.vpc.data.aws_availability_zones.available"
          ]
        }
      ]
    },
    {
      "module": "module.ecs",
      "mode": "managed",
      "type": "aws_lb_target_group",
      "name": "main",
      "provider": "provider[\"registry.terraform.io/hashicorp/aws\"]",
      "instances": [
        {
          "schema_version": 0,
          "attributes": {
            "arn": "arn:aws:elasticloadbalancing:us-east-1:672626785844:targetgroup/daysi-nonprod-tg/e750c036488054f8",
            "arn_suffix": "targetgroup/daysi-nonprod-tg/e750c036488054f8",
            "connection_termination": null,
            "deregistration_delay": "300",
            "health_check": [
              {
                "enabled": true,
                "healthy_threshold": 2,
                "interval": 30,
                "matcher": "200",
                "path": "/v1/health",
                "port": "traffic-port",
                "protocol": "HTTP",
                "timeout": 5,
                "unhealthy_threshold": 3
              }
            ],
            "id": "arn:aws:elasticloadbalancing:us-east-1:672626785844:targetgroup/daysi-nonprod-tg/e750c036488054f8",
            "ip_address_type": "ipv4",
            "lambda_multi_value_headers_enabled": false,
            "load_balancer_arns": [
              "arn:aws:elasticloadbalancing:us-east-1:672626785844:loadbalancer/app/daysi-nonprod-alb/ba2645bcf50186e9"
            ],
            "load_balancing_algorithm_type": "round_robin",
            "load_balancing_anomaly_mitigation": "off",
            "load_balancing_cross_zone_enabled": "use_load_balancer_configuration",
            "name": "daysi-nonprod-tg",
            "name_prefix": "",
            "port": 4010,
            "preserve_client_ip": null,
            "protocol": "HTTP",
            "protocol_version": "HTTP1",
            "proxy_protocol_v2": false,
            "slow_start": 0,
            "stickiness": [
              {
                "cookie_duration": 86400,
                "cookie_name": "",
                "enabled": false,
                "type": "lb_cookie"
              }
            ],
            "tags": {
              "CostCenter": "daysi",
              "Environment": "nonprod",
              "ManagedBy": "terraform",
              "Module": "ecs",
              "Name": "daysi-nonprod-tg",
              "Project": "daysi"
            },
            "tags_all": {
              "CostCenter": "daysi",
              "Environment": "nonprod",
              "ManagedBy": "terraform",
              "Module": "ecs",
              "Name": "daysi-nonprod-tg",
              "Project": "daysi"
            },
            "target_failover": [
              {
                "on_deregistration": null,
                "on_unhealthy": null
              }
            ],
            "target_group_health": [
              {
                "dns_failover": [
                  {
                    "minimum_healthy_targets_count": "1",
                    "minimum_healthy_targets_percentage": "off"
                  }
                ],
                "unhealthy_state_routing": [
                  {
                    "minimum_healthy_targets_count": 1,
                    "minimum_healthy_targets_percentage": "off"
                  }
                ]
              }
            ],
            "target_health_state": [
              {
                "enable_unhealthy_connection_termination": null,
                "unhealthy_draining_interval": null
              }
            ],
            "target_type": "ip",
            "vpc_id": "vpc-06eb1211592a51551"
          },
          "sensitive_attributes": [],
          "identity_schema_version": 0,
          "private": "bnVsbA==",
          "dependencies": [
            "module.vpc.aws_vpc.main"
          ],
          "create_before_destroy": true
        }
      ]
    },
    {
      "module": "module.ecs",
      "mode": "managed",
      "type": "aws_security_group",
      "name": "alb",
      "provider": "provider[\"registry.terraform.io/hashicorp/aws\"]",
      "instances": [
        {
          "schema_version": 1,
          "attributes": {
            "arn": "arn:aws:ec2:us-east-1:672626785844:security-group/sg-0933746673215637b",
            "description": "Security group for Application Load Balancer",
            "egress": [
              {
                "cidr_blocks": [
                  "0.0.0.0/0"
                ],
                "description": "Allow all outbound",
                "from_port": 0,
                "ipv6_cidr_blocks": [],
                "prefix_list_ids": [],
                "protocol": "-1",
                "security_groups": [],
                "self": false,
                "to_port": 0
              }
            ],
            "id": "sg-0933746673215637b",
            "ingress": [
              {
                "cidr_blocks": [
                  "0.0.0.0/0"
                ],
                "description": "HTTP from anywhere",
                "from_port": 80,
                "ipv6_cidr_blocks": [],
                "prefix_list_ids": [],
                "protocol": "tcp",
                "security_groups": [],
                "self": false,
                "to_port": 80
              },
              {
                "cidr_blocks": [
                  "0.0.0.0/0"
                ],
                "description": "HTTPS from anywhere",
                "from_port": 443,
                "ipv6_cidr_blocks": [],
                "prefix_list_ids": [],
                "protocol": "tcp",
                "security_groups": [],
                "self": false,
                "to_port": 443
              }
            ],
            "name": "daysi-nonprod-alb-20260309203741757500000001",
            "name_prefix": "daysi-nonprod-alb-",
            "owner_id": "672626785844",
            "revoke_rules_on_delete": false,
            "tags": {
              "CostCenter": "daysi",
              "Environment": "nonprod",
              "ManagedBy": "terraform",
              "Module": "ecs",
              "Name": "daysi-nonprod-alb-sg",
              "Project": "daysi"
            },
            "tags_all": {
              "CostCenter": "daysi",
              "Environment": "nonprod",
              "ManagedBy": "terraform",
              "Module": "ecs",
              "Name": "daysi-nonprod-alb-sg",
              "Project": "daysi"
            },
            "timeouts": null,
            "vpc_id": "vpc-06eb1211592a51551"
          },
          "sensitive_attributes": [],
          "identity_schema_version": 0,
          "private": "eyJlMmJmYjczMC1lY2FhLTExZTYtOGY4OC0zNDM2M2JjN2M0YzAiOnsiY3JlYXRlIjo2MDAwMDAwMDAwMDAsImRlbGV0ZSI6OTAwMDAwMDAwMDAwfSwic2NoZW1hX3ZlcnNpb24iOiIxIn0=",
          "dependencies": [
            "module.vpc.aws_vpc.main"
          ],
          "create_before_destroy": true
        }
      ]
    },
    {
      "module": "module.ecs",
      "mode": "managed",
      "type": "aws_security_group",
      "name": "ecs",
      "provider": "provider[\"registry.terraform.io/hashicorp/aws\"]",
      "instances": [
        {
          "schema_version": 1,
          "attributes": {
            "arn": "arn:aws:ec2:us-east-1:672626785844:security-group/sg-011206e24f2db2d3d",
            "description": "Security group for ECS tasks",
            "egress": [
              {
                "cidr_blocks": [
                  "0.0.0.0/0"
                ],
                "description": "Allow all outbound",
                "from_port": 0,
                "ipv6_cidr_blocks": [],
                "prefix_list_ids": [],
                "protocol": "-1",
                "security_groups": [],
                "self": false,
                "to_port": 0
              }
            ],
            "id": "sg-011206e24f2db2d3d",
            "ingress": [
              {
                "cidr_blocks": [],
                "description": "Container port from ALB",
                "from_port": 4010,
                "ipv6_cidr_blocks": [],
                "prefix_list_ids": [],
                "protocol": "tcp",
                "security_groups": [
                  "sg-0933746673215637b"
                ],
                "self": false,
                "to_port": 4010
              }
            ],
            "name": "daysi-nonprod-ecs-20260309203745434500000003",
            "name_prefix": "daysi-nonprod-ecs-",
            "owner_id": "672626785844",
            "revoke_rules_on_delete": false,
            "tags": {
              "CostCenter": "daysi",
              "Environment": "nonprod",
              "ManagedBy": "terraform",
              "Module": "ecs",
              "Name": "daysi-nonprod-ecs-sg",
              "Project": "daysi"
            },
            "tags_all": {
              "CostCenter": "daysi",
              "Environment": "nonprod",
              "ManagedBy": "terraform",
              "Module": "ecs",
              "Name": "daysi-nonprod-ecs-sg",
              "Project": "daysi"
            },
            "timeouts": null,
            "vpc_id": "vpc-06eb1211592a51551"
          },
          "sensitive_attributes": [],
          "identity_schema_version": 0,
          "private": "eyJlMmJmYjczMC1lY2FhLTExZTYtOGY4OC0zNDM2M2JjN2M0YzAiOnsiY3JlYXRlIjo2MDAwMDAwMDAwMDAsImRlbGV0ZSI6OTAwMDAwMDAwMDAwfSwic2NoZW1hX3ZlcnNpb24iOiIxIn0=",
          "dependencies": [
            "module.ecs.aws_security_group.alb",
            "module.vpc.aws_vpc.main"
          ],
          "create_before_destroy": true
        }
      ]
    },
    {
      "module": "module.s3",
      "mode": "managed",
      "type": "aws_s3_bucket",
      "name": "archives",
      "provider": "provider[\"registry.terraform.io/hashicorp/aws\"]",
      "instances": [
        {
          "schema_version": 0,
          "attributes": {
            "acceleration_status": "",
            "acl": null,
            "arn": "arn:aws:s3:::daysi-nonprod-archives-06f81dcb",
            "bucket": "daysi-nonprod-archives-06f81dcb",
            "bucket_domain_name": "daysi-nonprod-archives-06f81dcb.s3.amazonaws.com",
            "bucket_prefix": "",
            "bucket_regional_domain_name": "daysi-nonprod-archives-06f81dcb.s3.us-east-1.amazonaws.com",
            "cors_rule": [],
            "force_destroy": false,
            "grant": [
              {
                "id": "4930a7689e91559da6594aac928e648cd1b72632ee4ca9946a7f7f87ee5b1900",
                "permissions": [
                  "FULL_CONTROL"
                ],
                "type": "CanonicalUser",
                "uri": ""
              }
            ],
            "hosted_zone_id": "Z3AQBSTGFYJSTF",
            "id": "daysi-nonprod-archives-06f81dcb",
            "lifecycle_rule": [],
            "logging": [],
            "object_lock_configuration": [],
            "object_lock_enabled": false,
            "policy": "",
            "region": "us-east-1",
            "replication_configuration": [],
            "request_payer": "BucketOwner",
            "server_side_encryption_configuration": [
              {
                "rule": [
                  {
                    "apply_server_side_encryption_by_default": [
                      {
                        "kms_master_key_id": "",
                        "sse_algorithm": "AES256"
                      }
                    ],
                    "bucket_key_enabled": false
                  }
                ]
              }
            ],
            "tags": {
              "CostCenter": "daysi",
              "Environment": "nonprod",
              "ManagedBy": "terraform",
              "Module": "s3",
              "Name": "daysi-nonprod-archives",
              "Project": "daysi"
            },
            "tags_all": {
              "CostCenter": "daysi",
              "Environment": "nonprod",
              "ManagedBy": "terraform",
              "Module": "s3",
              "Name": "daysi-nonprod-archives",
              "Project": "daysi"
            },
            "timeouts": null,
            "versioning": [
              {
                "enabled": false,
                "mfa_delete": false
              }
            ],
            "website": [],
            "website_domain": null,
            "website_endpoint": null
          },
          "sensitive_attributes": [],
          "identity_schema_version": 0,
          "private": "eyJlMmJmYjczMC1lY2FhLTExZTYtOGY4OC0zNDM2M2JjN2M0YzAiOnsiY3JlYXRlIjoxMjAwMDAwMDAwMDAwLCJkZWxldGUiOjM2MDAwMDAwMDAwMDAsInJlYWQiOjEyMDAwMDAwMDAwMDAsInVwZGF0ZSI6MTIwMDAwMDAwMDAwMH19",
          "dependencies": [
            "module.s3.random_id.bucket"
          ]
        }
      ]
    },
    {
      "module": "module.s3",
      "mode": "managed",
      "type": "aws_s3_bucket",
      "name": "assets",
      "provider": "provider[\"registry.terraform.io/hashicorp/aws\"]",
      "instances": [
        {
          "schema_version": 0,
          "attributes": {
            "acceleration_status": "",
            "acl": null,
            "arn": "arn:aws:s3:::daysi-nonprod-assets-06f81dcb",
            "bucket": "daysi-nonprod-assets-06f81dcb",
            "bucket_domain_name": "daysi-nonprod-assets-06f81dcb.s3.amazonaws.com",
            "bucket_prefix": "",
            "bucket_regional_domain_name": "daysi-nonprod-assets-06f81dcb.s3.us-east-1.amazonaws.com",
            "cors_rule": [],
            "force_destroy": false,
            "grant": [
              {
                "id": "4930a7689e91559da6594aac928e648cd1b72632ee4ca9946a7f7f87ee5b1900",
                "permissions": [
                  "FULL_CONTROL"
                ],
                "type": "CanonicalUser",
                "uri": ""
              }
            ],
            "hosted_zone_id": "Z3AQBSTGFYJSTF",
            "id": "daysi-nonprod-assets-06f81dcb",
            "lifecycle_rule": [],
            "logging": [],
            "object_lock_configuration": [],
            "object_lock_enabled": false,
            "policy": "",
            "region": "us-east-1",
            "replication_configuration": [],
            "request_payer": "BucketOwner",
            "server_side_encryption_configuration": [
              {
                "rule": [
                  {
                    "apply_server_side_encryption_by_default": [
                      {
                        "kms_master_key_id": "",
                        "sse_algorithm": "AES256"
                      }
                    ],
                    "bucket_key_enabled": false
                  }
                ]
              }
            ],
            "tags": {
              "CostCenter": "daysi",
              "Environment": "nonprod",
              "ManagedBy": "terraform",
              "Module": "s3",
              "Name": "daysi-nonprod-assets",
              "Project": "daysi"
            },
            "tags_all": {
              "CostCenter": "daysi",
              "Environment": "nonprod",
              "ManagedBy": "terraform",
              "Module": "s3",
              "Name": "daysi-nonprod-assets",
              "Project": "daysi"
            },
            "timeouts": null,
            "versioning": [
              {
                "enabled": false,
                "mfa_delete": false
              }
            ],
            "website": [],
            "website_domain": null,
            "website_endpoint": null
          },
          "sensitive_attributes": [],
          "identity_schema_version": 0,
          "private": "eyJlMmJmYjczMC1lY2FhLTExZTYtOGY4OC0zNDM2M2JjN2M0YzAiOnsiY3JlYXRlIjoxMjAwMDAwMDAwMDAwLCJkZWxldGUiOjM2MDAwMDAwMDAwMDAsInJlYWQiOjEyMDAwMDAwMDAwMDAsInVwZGF0ZSI6MTIwMDAwMDAwMDAwMH19",
          "dependencies": [
            "module.s3.random_id.bucket"
          ]
        }
      ]
    },
    {
      "module": "module.s3",
      "mode": "managed",
      "type": "aws_s3_bucket",
      "name": "exports",
      "provider": "provider[\"registry.terraform.io/hashicorp/aws\"]",
      "instances": [
        {
          "schema_version": 0,
          "attributes": {
            "acceleration_status": "",
            "acl": null,
            "arn": "arn:aws:s3:::daysi-nonprod-exports-06f81dcb",
            "bucket": "daysi-nonprod-exports-06f81dcb",
            "bucket_domain_name": "daysi-nonprod-exports-06f81dcb.s3.amazonaws.com",
            "bucket_prefix": "",
            "bucket_regional_domain_name": "daysi-nonprod-exports-06f81dcb.s3.us-east-1.amazonaws.com",
            "cors_rule": [],
            "force_destroy": false,
            "grant": [
              {
                "id": "4930a7689e91559da6594aac928e648cd1b72632ee4ca9946a7f7f87ee5b1900",
                "permissions": [
                  "FULL_CONTROL"
                ],
                "type": "CanonicalUser",
                "uri": ""
              }
            ],
            "hosted_zone_id": "Z3AQBSTGFYJSTF",
            "id": "daysi-nonprod-exports-06f81dcb",
            "lifecycle_rule": [],
            "logging": [],
            "object_lock_configuration": [],
            "object_lock_enabled": false,
            "policy": "",
            "region": "us-east-1",
            "replication_configuration": [],
            "request_payer": "BucketOwner",
            "server_side_encryption_configuration": [
              {
                "rule": [
                  {
                    "apply_server_side_encryption_by_default": [
                      {
                        "kms_master_key_id": "",
                        "sse_algorithm": "AES256"
                      }
                    ],
                    "bucket_key_enabled": false
                  }
                ]
              }
            ],
            "tags": {
              "CostCenter": "daysi",
              "Environment": "nonprod",
              "ManagedBy": "terraform",
              "Module": "s3",
              "Name": "daysi-nonprod-exports",
              "Project": "daysi"
            },
            "tags_all": {
              "CostCenter": "daysi",
              "Environment": "nonprod",
              "ManagedBy": "terraform",
              "Module": "s3",
              "Name": "daysi-nonprod-exports",
              "Project": "daysi"
            },
            "timeouts": null,
            "versioning": [
              {
                "enabled": false,
                "mfa_delete": false
              }
            ],
            "website": [],
            "website_domain": null,
            "website_endpoint": null
          },
          "sensitive_attributes": [],
          "identity_schema_version": 0,
          "private": "eyJlMmJmYjczMC1lY2FhLTExZTYtOGY4OC0zNDM2M2JjN2M0YzAiOnsiY3JlYXRlIjoxMjAwMDAwMDAwMDAwLCJkZWxldGUiOjM2MDAwMDAwMDAwMDAsInJlYWQiOjEyMDAwMDAwMDAwMDAsInVwZGF0ZSI6MTIwMDAwMDAwMDAwMH19",
          "dependencies": [
            "module.s3.random_id.bucket"
          ]
        }
      ]
    },
    {
      "module": "module.s3",
      "mode": "managed",
      "type": "aws_s3_bucket_cors_configuration",
      "name": "assets",
      "provider": "provider[\"registry.terraform.io/hashicorp/aws\"]",
      "instances": [
        {
          "schema_version": 0,
          "attributes": {
            "bucket": "daysi-nonprod-assets-06f81dcb",
            "cors_rule": [
              {
                "allowed_headers": [
                  "*"
                ],
                "allowed_methods": [
                  "DELETE",
                  "GET",
                  "POST",
                  "PUT"
                ],
                "allowed_origins": [
                  "*"
                ],
                "expose_headers": [],
                "id": "",
                "max_age_seconds": 3000
              }
            ],
            "expected_bucket_owner": "",
            "id": "daysi-nonprod-assets-06f81dcb"
          },
          "sensitive_attributes": [],
          "identity_schema_version": 0,
          "private": "bnVsbA==",
          "dependencies": [
            "module.s3.aws_s3_bucket.assets",
            "module.s3.random_id.bucket"
          ]
        }
      ]
    },
    {
      "module": "module.s3",
      "mode": "managed",
      "type": "aws_s3_bucket_lifecycle_configuration",
      "name": "archives",
      "provider": "provider[\"registry.terraform.io/hashicorp/aws\"]",
      "instances": [
        {
          "schema_version": 1,
          "attributes": {
            "bucket": "daysi-nonprod-archives-06f81dcb",
            "expected_bucket_owner": "",
            "id": "daysi-nonprod-archives-06f81dcb",
            "rule": [
              {
                "abort_incomplete_multipart_upload": [],
                "expiration": [
                  {
                    "date": null,
                    "days": 2555,
                    "expired_object_delete_marker": false
                  }
                ],
                "filter": [
                  {
                    "and": [],
                    "object_size_greater_than": null,
                    "object_size_less_than": null,
                    "prefix": "",
                    "tag": []
                  }
                ],
                "id": "transition-to-glacier",
                "noncurrent_version_expiration": [],
                "noncurrent_version_transition": [
                  {
                    "newer_noncurrent_versions": null,
                    "noncurrent_days": 30,
                    "storage_class": "GLACIER"
                  }
                ],
                "prefix": "",
                "status": "Enabled",
                "transition": [
                  {
                    "date": null,
                    "days": 90,
                    "storage_class": "GLACIER"
                  }
                ]
              }
            ],
            "timeouts": null,
            "transition_default_minimum_object_size": "all_storage_classes_128K"
          },
          "sensitive_attributes": [],
          "identity_schema_version": 0,
          "dependencies": [
            "module.s3.aws_s3_bucket.archives",
            "module.s3.random_id.bucket"
          ]
        }
      ]
    },
    {
      "module": "module.s3",
      "mode": "managed",
      "type": "aws_s3_bucket_lifecycle_configuration",
      "name": "exports",
      "provider": "provider[\"registry.terraform.io/hashicorp/aws\"]",
      "instances": [
        {
          "schema_version": 1,
          "attributes": {
            "bucket": "daysi-nonprod-exports-06f81dcb",
            "expected_bucket_owner": "",
            "id": "daysi-nonprod-exports-06f81dcb",
            "rule": [
              {
                "abort_incomplete_multipart_upload": [],
                "expiration": [
                  {
                    "date": null,
                    "days": 30,
                    "expired_object_delete_marker": false
                  }
                ],
                "filter": [
                  {
                    "and": [],
                    "object_size_greater_than": null,
                    "object_size_less_than": null,
                    "prefix": "",
                    "tag": []
                  }
                ],
                "id": "delete-old-exports",
                "noncurrent_version_expiration": [],
                "noncurrent_version_transition": [],
                "prefix": "",
                "status": "Enabled",
                "transition": []
              }
            ],
            "timeouts": null,
            "transition_default_minimum_object_size": "all_storage_classes_128K"
          },
          "sensitive_attributes": [],
          "identity_schema_version": 0,
          "dependencies": [
            "module.s3.aws_s3_bucket.exports",
            "module.s3.random_id.bucket"
          ]
        }
      ]
    },
    {
      "module": "module.s3",
      "mode": "managed",
      "type": "aws_s3_bucket_public_access_block",
      "name": "archives",
      "provider": "provider[\"registry.terraform.io/hashicorp/aws\"]",
      "instances": [
        {
          "schema_version": 0,
          "attributes": {
            "block_public_acls": true,
            "block_public_policy": true,
            "bucket": "daysi-nonprod-archives-06f81dcb",
            "id": "daysi-nonprod-archives-06f81dcb",
            "ignore_public_acls": true,
            "restrict_public_buckets": true
          },
          "sensitive_attributes": [],
          "identity_schema_version": 0,
          "private": "bnVsbA==",
          "dependencies": [
            "module.s3.aws_s3_bucket.archives",
            "module.s3.random_id.bucket"
          ]
        }
      ]
    },
    {
      "module": "module.s3",
      "mode": "managed",
      "type": "aws_s3_bucket_public_access_block",
      "name": "assets",
      "provider": "provider[\"registry.terraform.io/hashicorp/aws\"]",
      "instances": [
        {
          "schema_version": 0,
          "attributes": {
            "block_public_acls": true,
            "block_public_policy": true,
            "bucket": "daysi-nonprod-assets-06f81dcb",
            "id": "daysi-nonprod-assets-06f81dcb",
            "ignore_public_acls": true,
            "restrict_public_buckets": true
          },
          "sensitive_attributes": [],
          "identity_schema_version": 0,
          "private": "bnVsbA==",
          "dependencies": [
            "module.s3.aws_s3_bucket.assets",
            "module.s3.random_id.bucket"
          ]
        }
      ]
    },
    {
      "module": "module.s3",
      "mode": "managed",
      "type": "aws_s3_bucket_public_access_block",
      "name": "exports",
      "provider": "provider[\"registry.terraform.io/hashicorp/aws\"]",
      "instances": [
        {
          "schema_version": 0,
          "attributes": {
            "block_public_acls": true,
            "block_public_policy": true,
            "bucket": "daysi-nonprod-exports-06f81dcb",
            "id": "daysi-nonprod-exports-06f81dcb",
            "ignore_public_acls": true,
            "restrict_public_buckets": true
          },
          "sensitive_attributes": [],
          "identity_schema_version": 0,
          "private": "bnVsbA==",
          "dependencies": [
            "module.s3.aws_s3_bucket.exports",
            "module.s3.random_id.bucket"
          ]
        }
      ]
    },
    {
      "module": "module.s3",
      "mode": "managed",
      "type": "aws_s3_bucket_server_side_encryption_configuration",
      "name": "archives",
      "provider": "provider[\"registry.terraform.io/hashicorp/aws\"]",
      "instances": [
        {
          "schema_version": 0,
          "attributes": {
            "bucket": "daysi-nonprod-archives-06f81dcb",
            "expected_bucket_owner": "",
            "id": "daysi-nonprod-archives-06f81dcb",
            "rule": [
              {
                "apply_server_side_encryption_by_default": [
                  {
                    "kms_master_key_id": "",
                    "sse_algorithm": "AES256"
                  }
                ],
                "bucket_key_enabled": null
              }
            ]
          },
          "sensitive_attributes": [],
          "identity_schema_version": 0,
          "private": "bnVsbA==",
          "dependencies": [
            "module.s3.aws_s3_bucket.archives",
            "module.s3.random_id.bucket"
          ]
        }
      ]
    },
    {
      "module": "module.s3",
      "mode": "managed",
      "type": "aws_s3_bucket_server_side_encryption_configuration",
      "name": "assets",
      "provider": "provider[\"registry.terraform.io/hashicorp/aws\"]",
      "instances": [
        {
          "schema_version": 0,
          "attributes": {
            "bucket": "daysi-nonprod-assets-06f81dcb",
            "expected_bucket_owner": "",
            "id": "daysi-nonprod-assets-06f81dcb",
            "rule": [
              {
                "apply_server_side_encryption_by_default": [
                  {
                    "kms_master_key_id": "",
                    "sse_algorithm": "AES256"
                  }
                ],
                "bucket_key_enabled": null
              }
            ]
          },
          "sensitive_attributes": [],
          "identity_schema_version": 0,
          "private": "bnVsbA==",
          "dependencies": [
            "module.s3.aws_s3_bucket.assets",
            "module.s3.random_id.bucket"
          ]
        }
      ]
    },
    {
      "module": "module.s3",
      "mode": "managed",
      "type": "aws_s3_bucket_server_side_encryption_configuration",
      "name": "exports",
      "provider": "provider[\"registry.terraform.io/hashicorp/aws\"]",
      "instances": [
        {
          "schema_version": 0,
          "attributes": {
            "bucket": "daysi-nonprod-exports-06f81dcb",
            "expected_bucket_owner": "",
            "id": "daysi-nonprod-exports-06f81dcb",
            "rule": [
              {
                "apply_server_side_encryption_by_default": [
                  {
                    "kms_master_key_id": "",
                    "sse_algorithm": "AES256"
                  }
                ],
                "bucket_key_enabled": null
              }
            ]
          },
          "sensitive_attributes": [],
          "identity_schema_version": 0,
          "private": "bnVsbA==",
          "dependencies": [
            "module.s3.aws_s3_bucket.exports",
            "module.s3.random_id.bucket"
          ]
        }
      ]
    },
    {
      "module": "module.s3",
      "mode": "managed",
      "type": "aws_s3_bucket_versioning",
      "name": "archives",
      "provider": "provider[\"registry.terraform.io/hashicorp/aws\"]",
      "instances": [
        {
          "schema_version": 0,
          "attributes": {
            "bucket": "daysi-nonprod-archives-06f81dcb",
            "expected_bucket_owner": "",
            "id": "daysi-nonprod-archives-06f81dcb",
            "mfa": null,
            "versioning_configuration": [
              {
                "mfa_delete": "",
                "status": "Enabled"
              }
            ]
          },
          "sensitive_attributes": [],
          "identity_schema_version": 0,
          "private": "bnVsbA==",
          "dependencies": [
            "module.s3.aws_s3_bucket.archives",
            "module.s3.random_id.bucket"
          ]
        }
      ]
    },
    {
      "module": "module.s3",
      "mode": "managed",
      "type": "aws_s3_bucket_versioning",
      "name": "assets",
      "provider": "provider[\"registry.terraform.io/hashicorp/aws\"]",
      "instances": [
        {
          "schema_version": 0,
          "attributes": {
            "bucket": "daysi-nonprod-assets-06f81dcb",
            "expected_bucket_owner": "",
            "id": "daysi-nonprod-assets-06f81dcb",
            "mfa": null,
            "versioning_configuration": [
              {
                "mfa_delete": "",
                "status": "Enabled"
              }
            ]
          },
          "sensitive_attributes": [],
          "identity_schema_version": 0,
          "private": "bnVsbA==",
          "dependencies": [
            "module.s3.aws_s3_bucket.assets",
            "module.s3.random_id.bucket"
          ]
        }
      ]
    },
    {
      "module": "module.s3",
      "mode": "managed",
      "type": "aws_s3_bucket_versioning",
      "name": "exports",
      "provider": "provider[\"registry.terraform.io/hashicorp/aws\"]",
      "instances": [
        {
          "schema_version": 0,
          "attributes": {
            "bucket": "daysi-nonprod-exports-06f81dcb",
            "expected_bucket_owner": "",
            "id": "daysi-nonprod-exports-06f81dcb",
            "mfa": null,
            "versioning_configuration": [
              {
                "mfa_delete": "",
                "status": "Enabled"
              }
            ]
          },
          "sensitive_attributes": [],
          "identity_schema_version": 0,
          "private": "bnVsbA==",
          "dependencies": [
            "module.s3.aws_s3_bucket.exports",
            "module.s3.random_id.bucket"
          ]
        }
      ]
    },
    {
      "module": "module.s3",
      "mode": "managed",
      "type": "random_id",
      "name": "bucket",
      "provider": "provider[\"registry.terraform.io/hashicorp/random\"]",
      "instances": [
        {
          "schema_version": 0,
          "attributes": {
            "b64_std": "Bvgdyw==",
            "b64_url": "Bvgdyw",
            "byte_length": 4,
            "dec": "116923851",
            "hex": "06f81dcb",
            "id": "Bvgdyw",
            "keepers": null,
            "prefix": null
          },
          "sensitive_attributes": [],
          "identity_schema_version": 0
        }
      ]
    },
    {
      "module": "module.vpc",
      "mode": "data",
      "type": "aws_availability_zones",
      "name": "available",
      "provider": "provider[\"registry.terraform.io/hashicorp/aws\"]",
      "instances": [
        {
          "schema_version": 0,
          "attributes": {
            "all_availability_zones": null,
            "exclude_names": null,
            "exclude_zone_ids": null,
            "filter": null,
            "group_names": [
              "us-east-1-zg-1"
            ],
            "id": "us-east-1",
            "names": [
              "us-east-1a",
              "us-east-1b",
              "us-east-1c",
              "us-east-1d",
              "us-east-1e",
              "us-east-1f"
            ],
            "state": "available",
            "timeouts": null,
            "zone_ids": [
              "use1-az1",
              "use1-az2",
              "use1-az4",
              "use1-az6",
              "use1-az3",
              "use1-az5"
            ]
          },
          "sensitive_attributes": [],
          "identity_schema_version": 0
        }
      ]
    },
    {
      "module": "module.vpc",
      "mode": "managed",
      "type": "aws_cloudwatch_log_group",
      "name": "flow_log",
      "provider": "provider[\"registry.terraform.io/hashicorp/aws\"]",
      "instances": [
        {
          "schema_version": 0,
          "attributes": {
            "arn": "arn:aws:logs:us-east-1:672626785844:log-group:/aws/vpc/daysi-nonprod-flow-log",
            "id": "/aws/vpc/daysi-nonprod-flow-log",
            "kms_key_id": "",
            "log_group_class": "STANDARD",
            "name": "/aws/vpc/daysi-nonprod-flow-log",
            "name_prefix": "",
            "retention_in_days": 7,
            "skip_destroy": false,
            "tags": {
              "CostCenter": "daysi",
              "Environment": "nonprod",
              "ManagedBy": "terraform",
              "Module": "vpc",
              "Project": "daysi"
            },
            "tags_all": {
              "CostCenter": "daysi",
              "Environment": "nonprod",
              "ManagedBy": "terraform",
              "Module": "vpc",
              "Project": "daysi"
            }
          },
          "sensitive_attributes": [],
          "identity_schema_version": 0,
          "private": "bnVsbA=="
        }
      ]
    },
    {
      "module": "module.vpc",
      "mode": "managed",
      "type": "aws_eip",
      "name": "nat",
      "provider": "provider[\"registry.terraform.io/hashicorp/aws\"]",
      "instances": [
        {
          "index_key": 0,
          "schema_version": 0,
          "attributes": {
            "address": null,
            "allocation_id": "eipalloc-09bb3ad3332f4fc9b",
            "arn": "arn:aws:ec2:us-east-1:672626785844:elastic-ip/eipalloc-09bb3ad3332f4fc9b",
            "associate_with_private_ip": null,
            "association_id": "eipassoc-05f04b8b2260b97f5",
            "carrier_ip": "",
            "customer_owned_ip": "",
            "customer_owned_ipv4_pool": "",
            "domain": "vpc",
            "id": "eipalloc-09bb3ad3332f4fc9b",
            "instance": "",
            "ipam_pool_id": null,
            "network_border_group": "us-east-1",
            "network_interface": "eni-0498e645b817e7cfa",
            "private_dns": "ip-10-0-0-58.ec2.internal",
            "private_ip": "10.0.0.58",
            "ptr_record": "",
            "public_dns": "ec2-54-221-218-13.compute-1.amazonaws.com",
            "public_ip": "54.221.218.13",
            "public_ipv4_pool": "amazon",
            "tags": {
              "CostCenter": "daysi",
              "Environment": "nonprod",
              "ManagedBy": "terraform",
              "Module": "vpc",
              "Name": "daysi-nonprod-nat-eip-1",
              "Project": "daysi"
            },
            "tags_all": {
              "CostCenter": "daysi",
              "Environment": "nonprod",
              "ManagedBy": "terraform",
              "Module": "vpc",
              "Name": "daysi-nonprod-nat-eip-1",
              "Project": "daysi"
            },
            "timeouts": null,
            "vpc": true
          },
          "sensitive_attributes": [],
          "identity_schema_version": 0,
          "private": "eyJlMmJmYjczMC1lY2FhLTExZTYtOGY4OC0zNDM2M2JjN2M0YzAiOnsiZGVsZXRlIjoxODAwMDAwMDAwMDAsInJlYWQiOjkwMDAwMDAwMDAwMCwidXBkYXRlIjozMDAwMDAwMDAwMDB9fQ==",
          "dependencies": [
            "module.vpc.aws_internet_gateway.main",
            "module.vpc.aws_vpc.main",
            "module.vpc.data.aws_availability_zones.available"
          ]
        },
        {
          "index_key": 1,
          "schema_version": 0,
          "attributes": {
            "address": null,
            "allocation_id": "eipalloc-08a88fcb9b36ea06c",
            "arn": "arn:aws:ec2:us-east-1:672626785844:elastic-ip/eipalloc-08a88fcb9b36ea06c",
            "associate_with_private_ip": null,
            "association_id": "eipassoc-07bd5a0689ecbd0f6",
            "carrier_ip": "",
            "customer_owned_ip": "",
            "customer_owned_ipv4_pool": "",
            "domain": "vpc",
            "id": "eipalloc-08a88fcb9b36ea06c",
            "instance": "",
            "ipam_pool_id": null,
            "network_border_group": "us-east-1",
            "network_interface": "eni-05366248328121faa",
            "private_dns": "ip-10-0-1-229.ec2.internal",
            "private_ip": "10.0.1.229",
            "ptr_record": "",
            "public_dns": "ec2-100-50-165-131.compute-1.amazonaws.com",
            "public_ip": "100.50.165.131",
            "public_ipv4_pool": "amazon",
            "tags": {
              "CostCenter": "daysi",
              "Environment": "nonprod",
              "ManagedBy": "terraform",
              "Module": "vpc",
              "Name": "daysi-nonprod-nat-eip-2",
              "Project": "daysi"
            },
            "tags_all": {
              "CostCenter": "daysi",
              "Environment": "nonprod",
              "ManagedBy": "terraform",
              "Module": "vpc",
              "Name": "daysi-nonprod-nat-eip-2",
              "Project": "daysi"
            },
            "timeouts": null,
            "vpc": true
          },
          "sensitive_attributes": [],
          "identity_schema_version": 0,
          "private": "eyJlMmJmYjczMC1lY2FhLTExZTYtOGY4OC0zNDM2M2JjN2M0YzAiOnsiZGVsZXRlIjoxODAwMDAwMDAwMDAsInJlYWQiOjkwMDAwMDAwMDAwMCwidXBkYXRlIjozMDAwMDAwMDAwMDB9fQ==",
          "dependencies": [
            "module.vpc.aws_internet_gateway.main",
            "module.vpc.aws_vpc.main",
            "module.vpc.data.aws_availability_zones.available"
          ]
        },
        {
          "index_key": 2,
          "schema_version": 0,
          "attributes": {
            "address": null,
            "allocation_id": "eipalloc-01cd0a81961f9eff1",
            "arn": "arn:aws:ec2:us-east-1:672626785844:elastic-ip/eipalloc-01cd0a81961f9eff1",
            "associate_with_private_ip": null,
            "association_id": "eipassoc-0a170f1fb4bb68565",
            "carrier_ip": "",
            "customer_owned_ip": "",
            "customer_owned_ipv4_pool": "",
            "domain": "vpc",
            "id": "eipalloc-01cd0a81961f9eff1",
            "instance": "",
            "ipam_pool_id": null,
            "network_border_group": "us-east-1",
            "network_interface": "eni-0df3376259a1e6e2b",
            "private_dns": "ip-10-0-2-196.ec2.internal",
            "private_ip": "10.0.2.196",
            "ptr_record": "",
            "public_dns": "ec2-18-232-143-213.compute-1.amazonaws.com",
            "public_ip": "18.232.143.213",
            "public_ipv4_pool": "amazon",
            "tags": {
              "CostCenter": "daysi",
              "Environment": "nonprod",
              "ManagedBy": "terraform",
              "Module": "vpc",
              "Name": "daysi-nonprod-nat-eip-3",
              "Project": "daysi"
            },
            "tags_all": {
              "CostCenter": "daysi",
              "Environment": "nonprod",
              "ManagedBy": "terraform",
              "Module": "vpc",
              "Name": "daysi-nonprod-nat-eip-3",
              "Project": "daysi"
            },
            "timeouts": null,
            "vpc": true
          },
          "sensitive_attributes": [],
          "identity_schema_version": 0,
          "private": "eyJlMmJmYjczMC1lY2FhLTExZTYtOGY4OC0zNDM2M2JjN2M0YzAiOnsiZGVsZXRlIjoxODAwMDAwMDAwMDAsInJlYWQiOjkwMDAwMDAwMDAwMCwidXBkYXRlIjozMDAwMDAwMDAwMDB9fQ==",
          "dependencies": [
            "module.vpc.aws_internet_gateway.main",
            "module.vpc.aws_vpc.main",
            "module.vpc.data.aws_availability_zones.available"
          ]
        }
      ]
    },
    {
      "module": "module.vpc",
      "mode": "managed",
      "type": "aws_flow_log",
      "name": "main",
      "provider": "provider[\"registry.terraform.io/hashicorp/aws\"]",
      "instances": [
        {
          "schema_version": 0,
          "attributes": {
            "arn": "arn:aws:ec2:us-east-1:672626785844:vpc-flow-log/fl-05d51c78189f1fd29",
            "deliver_cross_account_role": "",
            "destination_options": [],
            "eni_id": null,
            "iam_role_arn": "arn:aws:iam::672626785844:role/daysi-nonprod-flow-log-role",
            "id": "fl-05d51c78189f1fd29",
            "log_destination": "arn:aws:logs:us-east-1:672626785844:log-group:/aws/vpc/daysi-nonprod-flow-log",
            "log_destination_type": "cloud-watch-logs",
            "log_format": "${version} ${account-id} ${interface-id} ${srcaddr} ${dstaddr} ${srcport} ${dstport} ${protocol} ${packets} ${bytes} ${start} ${end} ${action} ${log-status}",
            "log_group_name": "/aws/vpc/daysi-nonprod-flow-log",
            "max_aggregation_interval": 60,
            "subnet_id": null,
            "tags": {
              "CostCenter": "daysi",
              "Environment": "nonprod",
              "ManagedBy": "terraform",
              "Module": "vpc",
              "Name": "daysi-nonprod-flow-log",
              "Project": "daysi"
            },
            "tags_all": {
              "CostCenter": "daysi",
              "Environment": "nonprod",
              "ManagedBy": "terraform",
              "Module": "vpc",
              "Name": "daysi-nonprod-flow-log",
              "Project": "daysi"
            },
            "traffic_type": "ALL",
            "transit_gateway_attachment_id": null,
            "transit_gateway_id": null,
            "vpc_id": "vpc-06eb1211592a51551"
          },
          "sensitive_attributes": [],
          "identity_schema_version": 0,
          "private": "bnVsbA==",
          "dependencies": [
            "module.vpc.aws_cloudwatch_log_group.flow_log",
            "module.vpc.aws_iam_role.flow_log",
            "module.vpc.aws_vpc.main"
          ]
        }
      ]
    },
    {
      "module": "module.vpc",
      "mode": "managed",
      "type": "aws_iam_role",
      "name": "flow_log",
      "provider": "provider[\"registry.terraform.io/hashicorp/aws\"]",
      "instances": [
        {
          "schema_version": 0,
          "attributes": {
            "arn": "arn:aws:iam::672626785844:role/daysi-nonprod-flow-log-role",
            "assume_role_policy": "{\"Statement\":[{\"Action\":\"sts:AssumeRole\",\"Effect\":\"Allow\",\"Principal\":{\"Service\":\"vpc-flow-logs.amazonaws.com\"}}],\"Version\":\"2012-10-17\"}",
            "create_date": "2026-03-09T19:15:32Z",
            "description": "",
            "force_detach_policies": false,
            "id": "daysi-nonprod-flow-log-role",
            "inline_policy": [
              {
                "name": "daysi-nonprod-flow-log-policy",
                "policy": "{\"Version\":\"2012-10-17\",\"Statement\":[{\"Action\":[\"logs:CreateLogGroup\",\"logs:CreateLogStream\",\"logs:PutLogEvents\",\"logs:DescribeLogGroups\",\"logs:DescribeLogStreams\"],\"Effect\":\"Allow\",\"Resource\":\"*\"}]}"
              }
            ],
            "managed_policy_arns": [],
            "max_session_duration": 3600,
            "name": "daysi-nonprod-flow-log-role",
            "name_prefix": "",
            "path": "/",
            "permissions_boundary": "",
            "tags": {
              "CostCenter": "daysi",
              "Environment": "nonprod",
              "ManagedBy": "terraform",
              "Module": "vpc",
              "Project": "daysi"
            },
            "tags_all": {
              "CostCenter": "daysi",
              "Environment": "nonprod",
              "ManagedBy": "terraform",
              "Module": "vpc",
              "Project": "daysi"
            },
            "unique_id": "AROAZZG5OHY2JLLCOH4UE"
          },
          "sensitive_attributes": [],
          "identity_schema_version": 0,
          "private": "bnVsbA=="
        }
      ]
    },
    {
      "module": "module.vpc",
      "mode": "managed",
      "type": "aws_iam_role_policy",
      "name": "flow_log",
      "provider": "provider[\"registry.terraform.io/hashicorp/aws\"]",
      "instances": [
        {
          "schema_version": 0,
          "attributes": {
            "id": "daysi-nonprod-flow-log-role:daysi-nonprod-flow-log-policy",
            "name": "daysi-nonprod-flow-log-policy",
            "name_prefix": "",
            "policy": "{\"Version\":\"2012-10-17\",\"Statement\":[{\"Action\":[\"logs:CreateLogGroup\",\"logs:CreateLogStream\",\"logs:PutLogEvents\",\"logs:DescribeLogGroups\",\"logs:DescribeLogStreams\"],\"Effect\":\"Allow\",\"Resource\":\"*\"}]}",
            "role": "daysi-nonprod-flow-log-role"
          },
          "sensitive_attributes": [],
          "identity_schema_version": 0,
          "private": "bnVsbA==",
          "dependencies": [
            "module.vpc.aws_iam_role.flow_log"
          ]
        }
      ]
    },
    {
      "module": "module.vpc",
      "mode": "managed",
      "type": "aws_internet_gateway",
      "name": "main",
      "provider": "provider[\"registry.terraform.io/hashicorp/aws\"]",
      "instances": [
        {
          "schema_version": 0,
          "attributes": {
            "arn": "arn:aws:ec2:us-east-1:672626785844:internet-gateway/igw-09e9bba3df7867ce5",
            "id": "igw-09e9bba3df7867ce5",
            "owner_id": "672626785844",
            "tags": {
              "CostCenter": "daysi",
              "Environment": "nonprod",
              "ManagedBy": "terraform",
              "Module": "vpc",
              "Name": "daysi-nonprod-igw",
              "Project": "daysi"
            },
            "tags_all": {
              "CostCenter": "daysi",
              "Environment": "nonprod",
              "ManagedBy": "terraform",
              "Module": "vpc",
              "Name": "daysi-nonprod-igw",
              "Project": "daysi"
            },
            "timeouts": null,
            "vpc_id": "vpc-06eb1211592a51551"
          },
          "sensitive_attributes": [],
          "identity_schema_version": 0,
          "private": "eyJlMmJmYjczMC1lY2FhLTExZTYtOGY4OC0zNDM2M2JjN2M0YzAiOnsiY3JlYXRlIjoxMjAwMDAwMDAwMDAwLCJkZWxldGUiOjEyMDAwMDAwMDAwMDAsInVwZGF0ZSI6MTIwMDAwMDAwMDAwMH19",
          "dependencies": [
            "module.vpc.aws_vpc.main"
          ]
        }
      ]
    },
    {
      "module": "module.vpc",
      "mode": "managed",
      "type": "aws_nat_gateway",
      "name": "main",
      "provider": "provider[\"registry.terraform.io/hashicorp/aws\"]",
      "instances": [
        {
          "index_key": 0,
          "schema_version": 0,
          "attributes": {
            "allocation_id": "eipalloc-09bb3ad3332f4fc9b",
            "association_id": "eipassoc-05f04b8b2260b97f5",
            "connectivity_type": "public",
            "id": "nat-0f79bab09424a44fb",
            "network_interface_id": "eni-0498e645b817e7cfa",
            "private_ip": "10.0.0.58",
            "public_ip": "54.221.218.13",
            "secondary_allocation_ids": [],
            "secondary_private_ip_address_count": 0,
            "secondary_private_ip_addresses": [],
            "subnet_id": "subnet-0a6b24a0dc6303792",
            "tags": {
              "CostCenter": "daysi",
              "Environment": "nonprod",
              "ManagedBy": "terraform",
              "Module": "vpc",
              "Name": "daysi-nonprod-nat-1",
              "Project": "daysi"
            },
            "tags_all": {
              "CostCenter": "daysi",
              "Environment": "nonprod",
              "ManagedBy": "terraform",
              "Module": "vpc",
              "Name": "daysi-nonprod-nat-1",
              "Project": "daysi"
            },
            "timeouts": null
          },
          "sensitive_attributes": [],
          "identity_schema_version": 0,
          "private": "eyJlMmJmYjczMC1lY2FhLTExZTYtOGY4OC0zNDM2M2JjN2M0YzAiOnsiY3JlYXRlIjo2MDAwMDAwMDAwMDAsImRlbGV0ZSI6MTgwMDAwMDAwMDAwMCwidXBkYXRlIjo2MDAwMDAwMDAwMDB9fQ==",
          "dependencies": [
            "module.vpc.aws_eip.nat",
            "module.vpc.aws_internet_gateway.main",
            "module.vpc.aws_subnet.public",
            "module.vpc.aws_vpc.main",
            "module.vpc.data.aws_availability_zones.available"
          ]
        },
        {
          "index_key": 1,
          "schema_version": 0,
          "attributes": {
            "allocation_id": "eipalloc-08a88fcb9b36ea06c",
            "association_id": "eipassoc-07bd5a0689ecbd0f6",
            "connectivity_type": "public",
            "id": "nat-02d0cc82d3064feb7",
            "network_interface_id": "eni-05366248328121faa",
            "private_ip": "10.0.1.229",
            "public_ip": "100.50.165.131",
            "secondary_allocation_ids": [],
            "secondary_private_ip_address_count": 0,
            "secondary_private_ip_addresses": [],
            "subnet_id": "subnet-0ded5e059731352ba",
            "tags": {
              "CostCenter": "daysi",
              "Environment": "nonprod",
              "ManagedBy": "terraform",
              "Module": "vpc",
              "Name": "daysi-nonprod-nat-2",
              "Project": "daysi"
            },
            "tags_all": {
              "CostCenter": "daysi",
              "Environment": "nonprod",
              "ManagedBy": "terraform",
              "Module": "vpc",
              "Name": "daysi-nonprod-nat-2",
              "Project": "daysi"
            },
            "timeouts": null
          },
          "sensitive_attributes": [],
          "identity_schema_version": 0,
          "private": "eyJlMmJmYjczMC1lY2FhLTExZTYtOGY4OC0zNDM2M2JjN2M0YzAiOnsiY3JlYXRlIjo2MDAwMDAwMDAwMDAsImRlbGV0ZSI6MTgwMDAwMDAwMDAwMCwidXBkYXRlIjo2MDAwMDAwMDAwMDB9fQ==",
          "dependencies": [
            "module.vpc.aws_eip.nat",
            "module.vpc.aws_internet_gateway.main",
            "module.vpc.aws_subnet.public",
            "module.vpc.aws_vpc.main",
            "module.vpc.data.aws_availability_zones.available"
          ]
        },
        {
          "index_key": 2,
          "schema_version": 0,
          "attributes": {
            "allocation_id": "eipalloc-01cd0a81961f9eff1",
            "association_id": "eipassoc-0a170f1fb4bb68565",
            "connectivity_type": "public",
            "id": "nat-0aba9bd5e5a060581",
            "network_interface_id": "eni-0df3376259a1e6e2b",
            "private_ip": "10.0.2.196",
            "public_ip": "18.232.143.213",
            "secondary_allocation_ids": [],
            "secondary_private_ip_address_count": 0,
            "secondary_private_ip_addresses": [],
            "subnet_id": "subnet-056f9cd7c771e62e4",
            "tags": {
              "CostCenter": "daysi",
              "Environment": "nonprod",
              "ManagedBy": "terraform",
              "Module": "vpc",
              "Name": "daysi-nonprod-nat-3",
              "Project": "daysi"
            },
            "tags_all": {
              "CostCenter": "daysi",
              "Environment": "nonprod",
              "ManagedBy": "terraform",
              "Module": "vpc",
              "Name": "daysi-nonprod-nat-3",
              "Project": "daysi"
            },
            "timeouts": null
          },
          "sensitive_attributes": [],
          "identity_schema_version": 0,
          "private": "eyJlMmJmYjczMC1lY2FhLTExZTYtOGY4OC0zNDM2M2JjN2M0YzAiOnsiY3JlYXRlIjo2MDAwMDAwMDAwMDAsImRlbGV0ZSI6MTgwMDAwMDAwMDAwMCwidXBkYXRlIjo2MDAwMDAwMDAwMDB9fQ==",
          "dependencies": [
            "module.vpc.aws_eip.nat",
            "module.vpc.aws_internet_gateway.main",
            "module.vpc.aws_subnet.public",
            "module.vpc.aws_vpc.main",
            "module.vpc.data.aws_availability_zones.available"
          ]
        }
      ]
    },
    {
      "module": "module.vpc",
      "mode": "managed",
      "type": "aws_route",
      "name": "private_nat_gateway",
      "provider": "provider[\"registry.terraform.io/hashicorp/aws\"]",
      "instances": [
        {
          "index_key": 0,
          "schema_version": 0,
          "attributes": {
            "carrier_gateway_id": "",
            "core_network_arn": "",
            "destination_cidr_block": "0.0.0.0/0",
            "destination_ipv6_cidr_block": "",
            "destination_prefix_list_id": "",
            "egress_only_gateway_id": "",
            "gateway_id": "",
            "id": "r-rtb-0ffec04982cc6968f1080289494",
            "instance_id": "",
            "instance_owner_id": "",
            "local_gateway_id": "",
            "nat_gateway_id": "nat-0f79bab09424a44fb",
            "network_interface_id": "",
            "origin": "CreateRoute",
            "route_table_id": "rtb-0ffec04982cc6968f",
            "state": "active",
            "timeouts": null,
            "transit_gateway_id": "",
            "vpc_endpoint_id": "",
            "vpc_peering_connection_id": ""
          },
          "sensitive_attributes": [],
          "identity_schema_version": 0,
          "private": "eyJlMmJmYjczMC1lY2FhLTExZTYtOGY4OC0zNDM2M2JjN2M0YzAiOnsiY3JlYXRlIjozMDAwMDAwMDAwMDAsImRlbGV0ZSI6MzAwMDAwMDAwMDAwLCJ1cGRhdGUiOjEyMDAwMDAwMDAwMH19",
          "dependencies": [
            "module.vpc.aws_eip.nat",
            "module.vpc.aws_internet_gateway.main",
            "module.vpc.aws_nat_gateway.main",
            "module.vpc.aws_route_table.private",
            "module.vpc.aws_subnet.public",
            "module.vpc.aws_vpc.main",
            "module.vpc.data.aws_availability_zones.available"
          ]
        },
        {
          "index_key": 1,
          "schema_version": 0,
          "attributes": {
            "carrier_gateway_id": "",
            "core_network_arn": "",
            "destination_cidr_block": "0.0.0.0/0",
            "destination_ipv6_cidr_block": "",
            "destination_prefix_list_id": "",
            "egress_only_gateway_id": "",
            "gateway_id": "",
            "id": "r-rtb-01a00e1c71f232e171080289494",
            "instance_id": "",
            "instance_owner_id": "",
            "local_gateway_id": "",
            "nat_gateway_id": "nat-02d0cc82d3064feb7",
            "network_interface_id": "",
            "origin": "CreateRoute",
            "route_table_id": "rtb-01a00e1c71f232e17",
            "state": "active",
            "timeouts": null,
            "transit_gateway_id": "",
            "vpc_endpoint_id": "",
            "vpc_peering_connection_id": ""
          },
          "sensitive_attributes": [],
          "identity_schema_version": 0,
          "private": "eyJlMmJmYjczMC1lY2FhLTExZTYtOGY4OC0zNDM2M2JjN2M0YzAiOnsiY3JlYXRlIjozMDAwMDAwMDAwMDAsImRlbGV0ZSI6MzAwMDAwMDAwMDAwLCJ1cGRhdGUiOjEyMDAwMDAwMDAwMH19",
          "dependencies": [
            "module.vpc.aws_eip.nat",
            "module.vpc.aws_internet_gateway.main",
            "module.vpc.aws_nat_gateway.main",
            "module.vpc.aws_route_table.private",
            "module.vpc.aws_subnet.public",
            "module.vpc.aws_vpc.main",
            "module.vpc.data.aws_availability_zones.available"
          ]
        },
        {
          "index_key": 2,
          "schema_version": 0,
          "attributes": {
            "carrier_gateway_id": "",
            "core_network_arn": "",
            "destination_cidr_block": "0.0.0.0/0",
            "destination_ipv6_cidr_block": "",
            "destination_prefix_list_id": "",
            "egress_only_gateway_id": "",
            "gateway_id": "",
            "id": "r-rtb-0f678bb1d64b731a91080289494",
            "instance_id": "",
            "instance_owner_id": "",
            "local_gateway_id": "",
            "nat_gateway_id": "nat-0aba9bd5e5a060581",
            "network_interface_id": "",
            "origin": "CreateRoute",
            "route_table_id": "rtb-0f678bb1d64b731a9",
            "state": "active",
            "timeouts": null,
            "transit_gateway_id": "",
            "vpc_endpoint_id": "",
            "vpc_peering_connection_id": ""
          },
          "sensitive_attributes": [],
          "identity_schema_version": 0,
          "private": "eyJlMmJmYjczMC1lY2FhLTExZTYtOGY4OC0zNDM2M2JjN2M0YzAiOnsiY3JlYXRlIjozMDAwMDAwMDAwMDAsImRlbGV0ZSI6MzAwMDAwMDAwMDAwLCJ1cGRhdGUiOjEyMDAwMDAwMDAwMH19",
          "dependencies": [
            "module.vpc.aws_eip.nat",
            "module.vpc.aws_internet_gateway.main",
            "module.vpc.aws_nat_gateway.main",
            "module.vpc.aws_route_table.private",
            "module.vpc.aws_subnet.public",
            "module.vpc.aws_vpc.main",
            "module.vpc.data.aws_availability_zones.available"
          ]
        }
      ]
    },
    {
      "module": "module.vpc",
      "mode": "managed",
      "type": "aws_route",
      "name": "public_internet_gateway",
      "provider": "provider[\"registry.terraform.io/hashicorp/aws\"]",
      "instances": [
        {
          "schema_version": 0,
          "attributes": {
            "carrier_gateway_id": "",
            "core_network_arn": "",
            "destination_cidr_block": "0.0.0.0/0",
            "destination_ipv6_cidr_block": "",
            "destination_prefix_list_id": "",
            "egress_only_gateway_id": "",
            "gateway_id": "igw-09e9bba3df7867ce5",
            "id": "r-rtb-069e32b860d7d253b1080289494",
            "instance_id": "",
            "instance_owner_id": "",
            "local_gateway_id": "",
            "nat_gateway_id": "",
            "network_interface_id": "",
            "origin": "CreateRoute",
            "route_table_id": "rtb-069e32b860d7d253b",
            "state": "active",
            "timeouts": null,
            "transit_gateway_id": "",
            "vpc_endpoint_id": "",
            "vpc_peering_connection_id": ""
          },
          "sensitive_attributes": [],
          "identity_schema_version": 0,
          "private": "eyJlMmJmYjczMC1lY2FhLTExZTYtOGY4OC0zNDM2M2JjN2M0YzAiOnsiY3JlYXRlIjozMDAwMDAwMDAwMDAsImRlbGV0ZSI6MzAwMDAwMDAwMDAwLCJ1cGRhdGUiOjEyMDAwMDAwMDAwMH19",
          "dependencies": [
            "module.vpc.aws_internet_gateway.main",
            "module.vpc.aws_route_table.public",
            "module.vpc.aws_vpc.main"
          ]
        }
      ]
    },
    {
      "module": "module.vpc",
      "mode": "managed",
      "type": "aws_route_table",
      "name": "private",
      "provider": "provider[\"registry.terraform.io/hashicorp/aws\"]",
      "instances": [
        {
          "index_key": 0,
          "schema_version": 0,
          "attributes": {
            "arn": "arn:aws:ec2:us-east-1:672626785844:route-table/rtb-0ffec04982cc6968f",
            "id": "rtb-0ffec04982cc6968f",
            "owner_id": "672626785844",
            "propagating_vgws": [],
            "route": [
              {
                "carrier_gateway_id": "",
                "cidr_block": "0.0.0.0/0",
                "core_network_arn": "",
                "destination_prefix_list_id": "",
                "egress_only_gateway_id": "",
                "gateway_id": "",
                "ipv6_cidr_block": "",
                "local_gateway_id": "",
                "nat_gateway_id": "nat-0f79bab09424a44fb",
                "network_interface_id": "",
                "transit_gateway_id": "",
                "vpc_endpoint_id": "",
                "vpc_peering_connection_id": ""
              }
            ],
            "tags": {
              "CostCenter": "daysi",
              "Environment": "nonprod",
              "ManagedBy": "terraform",
              "Module": "vpc",
              "Name": "daysi-nonprod-private-rt-1",
              "Project": "daysi"
            },
            "tags_all": {
              "CostCenter": "daysi",
              "Environment": "nonprod",
              "ManagedBy": "terraform",
              "Module": "vpc",
              "Name": "daysi-nonprod-private-rt-1",
              "Project": "daysi"
            },
            "timeouts": null,
            "vpc_id": "vpc-06eb1211592a51551"
          },
          "sensitive_attributes": [],
          "identity_schema_version": 0,
          "private": "eyJlMmJmYjczMC1lY2FhLTExZTYtOGY4OC0zNDM2M2JjN2M0YzAiOnsiY3JlYXRlIjozMDAwMDAwMDAwMDAsImRlbGV0ZSI6MzAwMDAwMDAwMDAwLCJ1cGRhdGUiOjEyMDAwMDAwMDAwMH19",
          "dependencies": [
            "module.vpc.aws_vpc.main",
            "module.vpc.data.aws_availability_zones.available"
          ]
        },
        {
          "index_key": 1,
          "schema_version": 0,
          "attributes": {
            "arn": "arn:aws:ec2:us-east-1:672626785844:route-table/rtb-01a00e1c71f232e17",
            "id": "rtb-01a00e1c71f232e17",
            "owner_id": "672626785844",
            "propagating_vgws": [],
            "route": [
              {
                "carrier_gateway_id": "",
                "cidr_block": "0.0.0.0/0",
                "core_network_arn": "",
                "destination_prefix_list_id": "",
                "egress_only_gateway_id": "",
                "gateway_id": "",
                "ipv6_cidr_block": "",
                "local_gateway_id": "",
                "nat_gateway_id": "nat-02d0cc82d3064feb7",
                "network_interface_id": "",
                "transit_gateway_id": "",
                "vpc_endpoint_id": "",
                "vpc_peering_connection_id": ""
              }
            ],
            "tags": {
              "CostCenter": "daysi",
              "Environment": "nonprod",
              "ManagedBy": "terraform",
              "Module": "vpc",
              "Name": "daysi-nonprod-private-rt-2",
              "Project": "daysi"
            },
            "tags_all": {
              "CostCenter": "daysi",
              "Environment": "nonprod",
              "ManagedBy": "terraform",
              "Module": "vpc",
              "Name": "daysi-nonprod-private-rt-2",
              "Project": "daysi"
            },
            "timeouts": null,
            "vpc_id": "vpc-06eb1211592a51551"
          },
          "sensitive_attributes": [],
          "identity_schema_version": 0,
          "private": "eyJlMmJmYjczMC1lY2FhLTExZTYtOGY4OC0zNDM2M2JjN2M0YzAiOnsiY3JlYXRlIjozMDAwMDAwMDAwMDAsImRlbGV0ZSI6MzAwMDAwMDAwMDAwLCJ1cGRhdGUiOjEyMDAwMDAwMDAwMH19",
          "dependencies": [
            "module.vpc.aws_vpc.main",
            "module.vpc.data.aws_availability_zones.available"
          ]
        },
        {
          "index_key": 2,
          "schema_version": 0,
          "attributes": {
            "arn": "arn:aws:ec2:us-east-1:672626785844:route-table/rtb-0f678bb1d64b731a9",
            "id": "rtb-0f678bb1d64b731a9",
            "owner_id": "672626785844",
            "propagating_vgws": [],
            "route": [
              {
                "carrier_gateway_id": "",
                "cidr_block": "0.0.0.0/0",
                "core_network_arn": "",
                "destination_prefix_list_id": "",
                "egress_only_gateway_id": "",
                "gateway_id": "",
                "ipv6_cidr_block": "",
                "local_gateway_id": "",
                "nat_gateway_id": "nat-0aba9bd5e5a060581",
                "network_interface_id": "",
                "transit_gateway_id": "",
                "vpc_endpoint_id": "",
                "vpc_peering_connection_id": ""
              }
            ],
            "tags": {
              "CostCenter": "daysi",
              "Environment": "nonprod",
              "ManagedBy": "terraform",
              "Module": "vpc",
              "Name": "daysi-nonprod-private-rt-3",
              "Project": "daysi"
            },
            "tags_all": {
              "CostCenter": "daysi",
              "Environment": "nonprod",
              "ManagedBy": "terraform",
              "Module": "vpc",
              "Name": "daysi-nonprod-private-rt-3",
              "Project": "daysi"
            },
            "timeouts": null,
            "vpc_id": "vpc-06eb1211592a51551"
          },
          "sensitive_attributes": [],
          "identity_schema_version": 0,
          "private": "eyJlMmJmYjczMC1lY2FhLTExZTYtOGY4OC0zNDM2M2JjN2M0YzAiOnsiY3JlYXRlIjozMDAwMDAwMDAwMDAsImRlbGV0ZSI6MzAwMDAwMDAwMDAwLCJ1cGRhdGUiOjEyMDAwMDAwMDAwMH19",
          "dependencies": [
            "module.vpc.aws_vpc.main",
            "module.vpc.data.aws_availability_zones.available"
          ]
        }
      ]
    },
    {
      "module": "module.vpc",
      "mode": "managed",
      "type": "aws_route_table",
      "name": "public",
      "provider": "provider[\"registry.terraform.io/hashicorp/aws\"]",
      "instances": [
        {
          "schema_version": 0,
          "attributes": {
            "arn": "arn:aws:ec2:us-east-1:672626785844:route-table/rtb-069e32b860d7d253b",
            "id": "rtb-069e32b860d7d253b",
            "owner_id": "672626785844",
            "propagating_vgws": [],
            "route": [
              {
                "carrier_gateway_id": "",
                "cidr_block": "0.0.0.0/0",
                "core_network_arn": "",
                "destination_prefix_list_id": "",
                "egress_only_gateway_id": "",
                "gateway_id": "igw-09e9bba3df7867ce5",
                "ipv6_cidr_block": "",
                "local_gateway_id": "",
                "nat_gateway_id": "",
                "network_interface_id": "",
                "transit_gateway_id": "",
                "vpc_endpoint_id": "",
                "vpc_peering_connection_id": ""
              }
            ],
            "tags": {
              "CostCenter": "daysi",
              "Environment": "nonprod",
              "ManagedBy": "terraform",
              "Module": "vpc",
              "Name": "daysi-nonprod-public-rt",
              "Project": "daysi"
            },
            "tags_all": {
              "CostCenter": "daysi",
              "Environment": "nonprod",
              "ManagedBy": "terraform",
              "Module": "vpc",
              "Name": "daysi-nonprod-public-rt",
              "Project": "daysi"
            },
            "timeouts": null,
            "vpc_id": "vpc-06eb1211592a51551"
          },
          "sensitive_attributes": [],
          "identity_schema_version": 0,
          "private": "eyJlMmJmYjczMC1lY2FhLTExZTYtOGY4OC0zNDM2M2JjN2M0YzAiOnsiY3JlYXRlIjozMDAwMDAwMDAwMDAsImRlbGV0ZSI6MzAwMDAwMDAwMDAwLCJ1cGRhdGUiOjEyMDAwMDAwMDAwMH19",
          "dependencies": [
            "module.vpc.aws_vpc.main"
          ]
        }
      ]
    },
    {
      "module": "module.vpc",
      "mode": "managed",
      "type": "aws_route_table_association",
      "name": "private",
      "provider": "provider[\"registry.terraform.io/hashicorp/aws\"]",
      "instances": [
        {
          "index_key": 0,
          "schema_version": 0,
          "attributes": {
            "gateway_id": "",
            "id": "rtbassoc-0bb10e865e609844a",
            "route_table_id": "rtb-0ffec04982cc6968f",
            "subnet_id": "subnet-06c79fb9993369fa3",
            "timeouts": null
          },
          "sensitive_attributes": [],
          "identity_schema_version": 0,
          "private": "eyJlMmJmYjczMC1lY2FhLTExZTYtOGY4OC0zNDM2M2JjN2M0YzAiOnsiY3JlYXRlIjozMDAwMDAwMDAwMDAsImRlbGV0ZSI6MzAwMDAwMDAwMDAwLCJ1cGRhdGUiOjEyMDAwMDAwMDAwMH19",
          "dependencies": [
            "module.vpc.aws_route_table.private",
            "module.vpc.aws_subnet.private",
            "module.vpc.aws_vpc.main",
            "module.vpc.data.aws_availability_zones.available"
          ]
        },
        {
          "index_key": 1,
          "schema_version": 0,
          "attributes": {
            "gateway_id": "",
            "id": "rtbassoc-0178619e2b18be787",
            "route_table_id": "rtb-01a00e1c71f232e17",
            "subnet_id": "subnet-05af0e335e1398081",
            "timeouts": null
          },
          "sensitive_attributes": [],
          "identity_schema_version": 0,
          "private": "eyJlMmJmYjczMC1lY2FhLTExZTYtOGY4OC0zNDM2M2JjN2M0YzAiOnsiY3JlYXRlIjozMDAwMDAwMDAwMDAsImRlbGV0ZSI6MzAwMDAwMDAwMDAwLCJ1cGRhdGUiOjEyMDAwMDAwMDAwMH19",
          "dependencies": [
            "module.vpc.aws_route_table.private",
            "module.vpc.aws_subnet.private",
            "module.vpc.aws_vpc.main",
            "module.vpc.data.aws_availability_zones.available"
          ]
        },
        {
          "index_key": 2,
          "schema_version": 0,
          "attributes": {
            "gateway_id": "",
            "id": "rtbassoc-0c6a4eaf2f9f7eb9d",
            "route_table_id": "rtb-0f678bb1d64b731a9",
            "subnet_id": "subnet-054872ac0c46f39a7",
            "timeouts": null
          },
          "sensitive_attributes": [],
          "identity_schema_version": 0,
          "private": "eyJlMmJmYjczMC1lY2FhLTExZTYtOGY4OC0zNDM2M2JjN2M0YzAiOnsiY3JlYXRlIjozMDAwMDAwMDAwMDAsImRlbGV0ZSI6MzAwMDAwMDAwMDAwLCJ1cGRhdGUiOjEyMDAwMDAwMDAwMH19",
          "dependencies": [
            "module.vpc.aws_route_table.private",
            "module.vpc.aws_subnet.private",
            "module.vpc.aws_vpc.main",
            "module.vpc.data.aws_availability_zones.available"
          ]
        }
      ]
    },
    {
      "module": "module.vpc",
      "mode": "managed",
      "type": "aws_route_table_association",
      "name": "public",
      "provider": "provider[\"registry.terraform.io/hashicorp/aws\"]",
      "instances": [
        {
          "index_key": 0,
          "schema_version": 0,
          "attributes": {
            "gateway_id": "",
            "id": "rtbassoc-0bff702d8dc85d6dd",
            "route_table_id": "rtb-069e32b860d7d253b",
            "subnet_id": "subnet-0a6b24a0dc6303792",
            "timeouts": null
          },
          "sensitive_attributes": [],
          "identity_schema_version": 0,
          "private": "eyJlMmJmYjczMC1lY2FhLTExZTYtOGY4OC0zNDM2M2JjN2M0YzAiOnsiY3JlYXRlIjozMDAwMDAwMDAwMDAsImRlbGV0ZSI6MzAwMDAwMDAwMDAwLCJ1cGRhdGUiOjEyMDAwMDAwMDAwMH19",
          "dependencies": [
            "module.vpc.aws_route_table.public",
            "module.vpc.aws_subnet.public",
            "module.vpc.aws_vpc.main",
            "module.vpc.data.aws_availability_zones.available"
          ]
        },
        {
          "index_key": 1,
          "schema_version": 0,
          "attributes": {
            "gateway_id": "",
            "id": "rtbassoc-070875cd2dba1ee73",
            "route_table_id": "rtb-069e32b860d7d253b",
            "subnet_id": "subnet-0ded5e059731352ba",
            "timeouts": null
          },
          "sensitive_attributes": [],
          "identity_schema_version": 0,
          "private": "eyJlMmJmYjczMC1lY2FhLTExZTYtOGY4OC0zNDM2M2JjN2M0YzAiOnsiY3JlYXRlIjozMDAwMDAwMDAwMDAsImRlbGV0ZSI6MzAwMDAwMDAwMDAwLCJ1cGRhdGUiOjEyMDAwMDAwMDAwMH19",
          "dependencies": [
            "module.vpc.aws_route_table.public",
            "module.vpc.aws_subnet.public",
            "module.vpc.aws_vpc.main",
            "module.vpc.data.aws_availability_zones.available"
          ]
        },
        {
          "index_key": 2,
          "schema_version": 0,
          "attributes": {
            "gateway_id": "",
            "id": "rtbassoc-0f647613aeb2842cd",
            "route_table_id": "rtb-069e32b860d7d253b",
            "subnet_id": "subnet-056f9cd7c771e62e4",
            "timeouts": null
          },
          "sensitive_attributes": [],
          "identity_schema_version": 0,
          "private": "eyJlMmJmYjczMC1lY2FhLTExZTYtOGY4OC0zNDM2M2JjN2M0YzAiOnsiY3JlYXRlIjozMDAwMDAwMDAwMDAsImRlbGV0ZSI6MzAwMDAwMDAwMDAwLCJ1cGRhdGUiOjEyMDAwMDAwMDAwMH19",
          "dependencies": [
            "module.vpc.aws_route_table.public",
            "module.vpc.aws_subnet.public",
            "module.vpc.aws_vpc.main",
            "module.vpc.data.aws_availability_zones.available"
          ]
        }
      ]
    },
    {
      "module": "module.vpc",
      "mode": "managed",
      "type": "aws_subnet",
      "name": "private",
      "provider": "provider[\"registry.terraform.io/hashicorp/aws\"]",
      "instances": [
        {
          "index_key": 0,
          "schema_version": 1,
          "attributes": {
            "arn": "arn:aws:ec2:us-east-1:672626785844:subnet/subnet-06c79fb9993369fa3",
            "assign_ipv6_address_on_creation": false,
            "availability_zone": "us-east-1a",
            "availability_zone_id": "use1-az1",
            "cidr_block": "10.0.100.0/24",
            "customer_owned_ipv4_pool": "",
            "enable_dns64": false,
            "enable_lni_at_device_index": 0,
            "enable_resource_name_dns_a_record_on_launch": false,
            "enable_resource_name_dns_aaaa_record_on_launch": false,
            "id": "subnet-06c79fb9993369fa3",
            "ipv6_cidr_block": "",
            "ipv6_cidr_block_association_id": "",
            "ipv6_native": false,
            "map_customer_owned_ip_on_launch": false,
            "map_public_ip_on_launch": false,
            "outpost_arn": "",
            "owner_id": "672626785844",
            "private_dns_hostname_type_on_launch": "ip-name",
            "tags": {
              "CostCenter": "daysi",
              "Environment": "nonprod",
              "ManagedBy": "terraform",
              "Module": "vpc",
              "Name": "daysi-nonprod-private-us-east-1a",
              "Project": "daysi",
              "Type": "private"
            },
            "tags_all": {
              "CostCenter": "daysi",
              "Environment": "nonprod",
              "ManagedBy": "terraform",
              "Module": "vpc",
              "Name": "daysi-nonprod-private-us-east-1a",
              "Project": "daysi",
              "Type": "private"
            },
            "timeouts": null,
            "vpc_id": "vpc-06eb1211592a51551"
          },
          "sensitive_attributes": [],
          "identity_schema_version": 0,
          "private": "eyJlMmJmYjczMC1lY2FhLTExZTYtOGY4OC0zNDM2M2JjN2M0YzAiOnsiY3JlYXRlIjo2MDAwMDAwMDAwMDAsImRlbGV0ZSI6MTIwMDAwMDAwMDAwMH0sInNjaGVtYV92ZXJzaW9uIjoiMSJ9",
          "dependencies": [
            "module.vpc.aws_vpc.main",
            "module.vpc.data.aws_availability_zones.available"
          ]
        },
        {
          "index_key": 1,
          "schema_version": 1,
          "attributes": {
            "arn": "arn:aws:ec2:us-east-1:672626785844:subnet/subnet-05af0e335e1398081",
            "assign_ipv6_address_on_creation": false,
            "availability_zone": "us-east-1b",
            "availability_zone_id": "use1-az2",
            "cidr_block": "10.0.101.0/24",
            "customer_owned_ipv4_pool": "",
            "enable_dns64": false,
            "enable_lni_at_device_index": 0,
            "enable_resource_name_dns_a_record_on_launch": false,
            "enable_resource_name_dns_aaaa_record_on_launch": false,
            "id": "subnet-05af0e335e1398081",
            "ipv6_cidr_block": "",
            "ipv6_cidr_block_association_id": "",
            "ipv6_native": false,
            "map_customer_owned_ip_on_launch": false,
            "map_public_ip_on_launch": false,
            "outpost_arn": "",
            "owner_id": "672626785844",
            "private_dns_hostname_type_on_launch": "ip-name",
            "tags": {
              "CostCenter": "daysi",
              "Environment": "nonprod",
              "ManagedBy": "terraform",
              "Module": "vpc",
              "Name": "daysi-nonprod-private-us-east-1b",
              "Project": "daysi",
              "Type": "private"
            },
            "tags_all": {
              "CostCenter": "daysi",
              "Environment": "nonprod",
              "ManagedBy": "terraform",
              "Module": "vpc",
              "Name": "daysi-nonprod-private-us-east-1b",
              "Project": "daysi",
              "Type": "private"
            },
            "timeouts": null,
            "vpc_id": "vpc-06eb1211592a51551"
          },
          "sensitive_attributes": [],
          "identity_schema_version": 0,
          "private": "eyJlMmJmYjczMC1lY2FhLTExZTYtOGY4OC0zNDM2M2JjN2M0YzAiOnsiY3JlYXRlIjo2MDAwMDAwMDAwMDAsImRlbGV0ZSI6MTIwMDAwMDAwMDAwMH0sInNjaGVtYV92ZXJzaW9uIjoiMSJ9",
          "dependencies": [
            "module.vpc.aws_vpc.main",
            "module.vpc.data.aws_availability_zones.available"
          ]
        },
        {
          "index_key": 2,
          "schema_version": 1,
          "attributes": {
            "arn": "arn:aws:ec2:us-east-1:672626785844:subnet/subnet-054872ac0c46f39a7",
            "assign_ipv6_address_on_creation": false,
            "availability_zone": "us-east-1c",
            "availability_zone_id": "use1-az4",
            "cidr_block": "10.0.102.0/24",
            "customer_owned_ipv4_pool": "",
            "enable_dns64": false,
            "enable_lni_at_device_index": 0,
            "enable_resource_name_dns_a_record_on_launch": false,
            "enable_resource_name_dns_aaaa_record_on_launch": false,
            "id": "subnet-054872ac0c46f39a7",
            "ipv6_cidr_block": "",
            "ipv6_cidr_block_association_id": "",
            "ipv6_native": false,
            "map_customer_owned_ip_on_launch": false,
            "map_public_ip_on_launch": false,
            "outpost_arn": "",
            "owner_id": "672626785844",
            "private_dns_hostname_type_on_launch": "ip-name",
            "tags": {
              "CostCenter": "daysi",
              "Environment": "nonprod",
              "ManagedBy": "terraform",
              "Module": "vpc",
              "Name": "daysi-nonprod-private-us-east-1c",
              "Project": "daysi",
              "Type": "private"
            },
            "tags_all": {
              "CostCenter": "daysi",
              "Environment": "nonprod",
              "ManagedBy": "terraform",
              "Module": "vpc",
              "Name": "daysi-nonprod-private-us-east-1c",
              "Project": "daysi",
              "Type": "private"
            },
            "timeouts": null,
            "vpc_id": "vpc-06eb1211592a51551"
          },
          "sensitive_attributes": [],
          "identity_schema_version": 0,
          "private": "eyJlMmJmYjczMC1lY2FhLTExZTYtOGY4OC0zNDM2M2JjN2M0YzAiOnsiY3JlYXRlIjo2MDAwMDAwMDAwMDAsImRlbGV0ZSI6MTIwMDAwMDAwMDAwMH0sInNjaGVtYV92ZXJzaW9uIjoiMSJ9",
          "dependencies": [
            "module.vpc.aws_vpc.main",
            "module.vpc.data.aws_availability_zones.available"
          ]
        }
      ]
    },
    {
      "module": "module.vpc",
      "mode": "managed",
      "type": "aws_subnet",
      "name": "public",
      "provider": "provider[\"registry.terraform.io/hashicorp/aws\"]",
      "instances": [
        {
          "index_key": 0,
          "schema_version": 1,
          "attributes": {
            "arn": "arn:aws:ec2:us-east-1:672626785844:subnet/subnet-0a6b24a0dc6303792",
            "assign_ipv6_address_on_creation": false,
            "availability_zone": "us-east-1a",
            "availability_zone_id": "use1-az1",
            "cidr_block": "10.0.0.0/24",
            "customer_owned_ipv4_pool": "",
            "enable_dns64": false,
            "enable_lni_at_device_index": 0,
            "enable_resource_name_dns_a_record_on_launch": false,
            "enable_resource_name_dns_aaaa_record_on_launch": false,
            "id": "subnet-0a6b24a0dc6303792",
            "ipv6_cidr_block": "",
            "ipv6_cidr_block_association_id": "",
            "ipv6_native": false,
            "map_customer_owned_ip_on_launch": false,
            "map_public_ip_on_launch": true,
            "outpost_arn": "",
            "owner_id": "672626785844",
            "private_dns_hostname_type_on_launch": "ip-name",
            "tags": {
              "CostCenter": "daysi",
              "Environment": "nonprod",
              "ManagedBy": "terraform",
              "Module": "vpc",
              "Name": "daysi-nonprod-public-us-east-1a",
              "Project": "daysi",
              "Type": "public"
            },
            "tags_all": {
              "CostCenter": "daysi",
              "Environment": "nonprod",
              "ManagedBy": "terraform",
              "Module": "vpc",
              "Name": "daysi-nonprod-public-us-east-1a",
              "Project": "daysi",
              "Type": "public"
            },
            "timeouts": null,
            "vpc_id": "vpc-06eb1211592a51551"
          },
          "sensitive_attributes": [],
          "identity_schema_version": 0,
          "private": "eyJlMmJmYjczMC1lY2FhLTExZTYtOGY4OC0zNDM2M2JjN2M0YzAiOnsiY3JlYXRlIjo2MDAwMDAwMDAwMDAsImRlbGV0ZSI6MTIwMDAwMDAwMDAwMH0sInNjaGVtYV92ZXJzaW9uIjoiMSJ9",
          "dependencies": [
            "module.vpc.aws_vpc.main",
            "module.vpc.data.aws_availability_zones.available"
          ]
        },
        {
          "index_key": 1,
          "schema_version": 1,
          "attributes": {
            "arn": "arn:aws:ec2:us-east-1:672626785844:subnet/subnet-0ded5e059731352ba",
            "assign_ipv6_address_on_creation": false,
            "availability_zone": "us-east-1b",
            "availability_zone_id": "use1-az2",
            "cidr_block": "10.0.1.0/24",
            "customer_owned_ipv4_pool": "",
            "enable_dns64": false,
            "enable_lni_at_device_index": 0,
            "enable_resource_name_dns_a_record_on_launch": false,
            "enable_resource_name_dns_aaaa_record_on_launch": false,
            "id": "subnet-0ded5e059731352ba",
            "ipv6_cidr_block": "",
            "ipv6_cidr_block_association_id": "",
            "ipv6_native": false,
            "map_customer_owned_ip_on_launch": false,
            "map_public_ip_on_launch": true,
            "outpost_arn": "",
            "owner_id": "672626785844",
            "private_dns_hostname_type_on_launch": "ip-name",
            "tags": {
              "CostCenter": "daysi",
              "Environment": "nonprod",
              "ManagedBy": "terraform",
              "Module": "vpc",
              "Name": "daysi-nonprod-public-us-east-1b",
              "Project": "daysi",
              "Type": "public"
            },
            "tags_all": {
              "CostCenter": "daysi",
              "Environment": "nonprod",
              "ManagedBy": "terraform",
              "Module": "vpc",
              "Name": "daysi-nonprod-public-us-east-1b",
              "Project": "daysi",
              "Type": "public"
            },
            "timeouts": null,
            "vpc_id": "vpc-06eb1211592a51551"
          },
          "sensitive_attributes": [],
          "identity_schema_version": 0,
          "private": "eyJlMmJmYjczMC1lY2FhLTExZTYtOGY4OC0zNDM2M2JjN2M0YzAiOnsiY3JlYXRlIjo2MDAwMDAwMDAwMDAsImRlbGV0ZSI6MTIwMDAwMDAwMDAwMH0sInNjaGVtYV92ZXJzaW9uIjoiMSJ9",
          "dependencies": [
            "module.vpc.aws_vpc.main",
            "module.vpc.data.aws_availability_zones.available"
          ]
        },
        {
          "index_key": 2,
          "schema_version": 1,
          "attributes": {
            "arn": "arn:aws:ec2:us-east-1:672626785844:subnet/subnet-056f9cd7c771e62e4",
            "assign_ipv6_address_on_creation": false,
            "availability_zone": "us-east-1c",
            "availability_zone_id": "use1-az4",
            "cidr_block": "10.0.2.0/24",
            "customer_owned_ipv4_pool": "",
            "enable_dns64": false,
            "enable_lni_at_device_index": 0,
            "enable_resource_name_dns_a_record_on_launch": false,
            "enable_resource_name_dns_aaaa_record_on_launch": false,
            "id": "subnet-056f9cd7c771e62e4",
            "ipv6_cidr_block": "",
            "ipv6_cidr_block_association_id": "",
            "ipv6_native": false,
            "map_customer_owned_ip_on_launch": false,
            "map_public_ip_on_launch": true,
            "outpost_arn": "",
            "owner_id": "672626785844",
            "private_dns_hostname_type_on_launch": "ip-name",
            "tags": {
              "CostCenter": "daysi",
              "Environment": "nonprod",
              "ManagedBy": "terraform",
              "Module": "vpc",
              "Name": "daysi-nonprod-public-us-east-1c",
              "Project": "daysi",
              "Type": "public"
            },
            "tags_all": {
              "CostCenter": "daysi",
              "Environment": "nonprod",
              "ManagedBy": "terraform",
              "Module": "vpc",
              "Name": "daysi-nonprod-public-us-east-1c",
              "Project": "daysi",
              "Type": "public"
            },
            "timeouts": null,
            "vpc_id": "vpc-06eb1211592a51551"
          },
          "sensitive_attributes": [],
          "identity_schema_version": 0,
          "private": "eyJlMmJmYjczMC1lY2FhLTExZTYtOGY4OC0zNDM2M2JjN2M0YzAiOnsiY3JlYXRlIjo2MDAwMDAwMDAwMDAsImRlbGV0ZSI6MTIwMDAwMDAwMDAwMH0sInNjaGVtYV92ZXJzaW9uIjoiMSJ9",
          "dependencies": [
            "module.vpc.aws_vpc.main",
            "module.vpc.data.aws_availability_zones.available"
          ]
        }
      ]
    },
    {
      "module": "module.vpc",
      "mode": "managed",
      "type": "aws_vpc",
      "name": "main",
      "provider": "provider[\"registry.terraform.io/hashicorp/aws\"]",
      "instances": [
        {
          "schema_version": 1,
          "attributes": {
            "arn": "arn:aws:ec2:us-east-1:672626785844:vpc/vpc-06eb1211592a51551",
            "assign_generated_ipv6_cidr_block": false,
            "cidr_block": "10.0.0.0/16",
            "default_network_acl_id": "acl-0b63780fbf7a7d1a3",
            "default_route_table_id": "rtb-09144ec67f880aa57",
            "default_security_group_id": "sg-0fe145187f806c557",
            "dhcp_options_id": "dopt-02d66f5192ce963d3",
            "enable_dns_hostnames": true,
            "enable_dns_support": true,
            "enable_network_address_usage_metrics": false,
            "id": "vpc-06eb1211592a51551",
            "instance_tenancy": "default",
            "ipv4_ipam_pool_id": null,
            "ipv4_netmask_length": null,
            "ipv6_association_id": "",
            "ipv6_cidr_block": "",
            "ipv6_cidr_block_network_border_group": "",
            "ipv6_ipam_pool_id": "",
            "ipv6_netmask_length": 0,
            "main_route_table_id": "rtb-09144ec67f880aa57",
            "owner_id": "672626785844",
            "tags": {
              "CostCenter": "daysi",
              "Environment": "nonprod",
              "ManagedBy": "terraform",
              "Module": "vpc",
              "Name": "daysi-nonprod-vpc",
              "Project": "daysi"
            },
            "tags_all": {
              "CostCenter": "daysi",
              "Environment": "nonprod",
              "ManagedBy": "terraform",
              "Module": "vpc",
              "Name": "daysi-nonprod-vpc",
              "Project": "daysi"
            }
          },
          "sensitive_attributes": [],
          "identity_schema_version": 0,
          "private": "eyJzY2hlbWFfdmVyc2lvbiI6IjEifQ==",
          "create_before_destroy": true
        }
      ]
    }
  ],
  "check_results": null
}
