{
  "version": 4,
  "terraform_version": "1.14.6",
  "serial": 101,
  "lineage": "f14131bf-1b93-bcf9-250c-48ff06defcd7",
  "outputs": {
    "alb_dns_name": {
      "value": "daysi-prod-alb-1965252367.us-east-1.elb.amazonaws.com",
      "type": "string"
    },
    "aurora_cluster_endpoint": {
      "value": "daysi-prod-aurora.cluster-csdiwci4i4di.us-east-1.rds.amazonaws.com",
      "type": "string"
    },
    "aurora_master_password_secret": {
      "value": "arn:aws:secretsmanager:us-east-1:672626785844:secret:daysi/prod/aurora/master-password-W1WDzV",
      "type": "string"
    },
    "cognito_domain": {
      "value": "daysi-prod-4d36100e",
      "type": "string"
    },
    "cognito_user_pool_id": {
      "value": "us-east-1_RBPOJunBz",
      "type": "string"
    },
    "cognito_web_client_id": {
      "value": "rh9m1qg9knhk3q6vp7u3ia43k",
      "type": "string"
    },
    "ecr_repository_url": {
      "value": "672626785844.dkr.ecr.us-east-1.amazonaws.com/daysi/prod/api",
      "type": "string"
    },
    "vpc_id": {
      "value": "vpc-0b7522b66f994223a",
      "type": "string"
    }
  },
  "resources": [
    {
      "module": "module.aurora",
      "mode": "managed",
      "type": "aws_cloudwatch_log_group",
      "name": "postgresql",
      "provider": "provider[\"registry.terraform.io/hashicorp/aws\"]",
      "instances": [
        {
          "schema_version": 0,
          "attributes": {
            "arn": "arn:aws:logs:us-east-1:672626785844:log-group:/aws/rds/cluster/daysi-prod-aurora/postgresql",
            "id": "/aws/rds/cluster/daysi-prod-aurora/postgresql",
            "kms_key_id": "",
            "log_group_class": "STANDARD",
            "name": "/aws/rds/cluster/daysi-prod-aurora/postgresql",
            "name_prefix": "",
            "retention_in_days": 30,
            "skip_destroy": false,
            "tags": {
              "CostCenter": "daysi",
              "Environment": "prod",
              "ManagedBy": "terraform",
              "Module": "aurora",
              "Project": "daysi"
            },
            "tags_all": {
              "CostCenter": "daysi",
              "Environment": "prod",
              "ManagedBy": "terraform",
              "Module": "aurora",
              "Project": "daysi"
            }
          },
          "sensitive_attributes": [],
          "identity_schema_version": 0,
          "private": "bnVsbA==",
          "dependencies": [
            "module.aurora.aws_db_subnet_group.aurora",
            "module.aurora.aws_rds_cluster.aurora",
            "module.aurora.aws_rds_cluster_parameter_group.aurora",
            "module.aurora.aws_security_group.aurora",
            "module.aurora.random_password.master",
            "module.vpc.aws_subnet.private",
            "module.vpc.aws_vpc.main",
            "module.vpc.data.aws_availability_zones.available"
          ]
        }
      ]
    },
    {
      "module": "module.aurora",
      "mode": "managed",
      "type": "aws_db_subnet_group",
      "name": "aurora",
      "provider": "provider[\"registry.terraform.io/hashicorp/aws\"]",
      "instances": [
        {
          "schema_version": 0,
          "attributes": {
            "arn": "arn:aws:rds:us-east-1:672626785844:subgrp:daysi-prod-aurora-subnet-group",
            "description": "Subnet group for Aurora PostgreSQL cluster",
            "id": "daysi-prod-aurora-subnet-group",
            "name": "daysi-prod-aurora-subnet-group",
            "name_prefix": "",
            "subnet_ids": [
              "subnet-05faf7c9d1b8150d8",
              "subnet-069cb20eaa1177fe6",
              "subnet-0a348443233fa1cb6"
            ],
            "supported_network_types": [
              "IPV4"
            ],
            "tags": {
              "CostCenter": "daysi",
              "Environment": "prod",
              "ManagedBy": "terraform",
              "Module": "aurora",
              "Name": "daysi-prod-aurora-subnet-group",
              "Project": "daysi"
            },
            "tags_all": {
              "CostCenter": "daysi",
              "Environment": "prod",
              "ManagedBy": "terraform",
              "Module": "aurora",
              "Name": "daysi-prod-aurora-subnet-group",
              "Project": "daysi"
            },
            "vpc_id": "vpc-0b7522b66f994223a"
          },
          "sensitive_attributes": [],
          "identity_schema_version": 0,
          "private": "bnVsbA==",
          "dependencies": [
            "module.vpc.aws_subnet.private",
            "module.vpc.aws_vpc.main",
            "module.vpc.data.aws_availability_zones.available"
          ]
        }
      ]
    },
    {
      "module": "module.aurora",
      "mode": "managed",
      "type": "aws_iam_role",
      "name": "rds_monitoring",
      "provider": "provider[\"registry.terraform.io/hashicorp/aws\"]",
      "instances": [
        {
          "schema_version": 0,
          "attributes": {
            "arn": "arn:aws:iam::672626785844:role/daysi-prod-rds-monitoring-role",
            "assume_role_policy": "{\"Statement\":[{\"Action\":\"sts:AssumeRole\",\"Effect\":\"Allow\",\"Principal\":{\"Service\":\"monitoring.rds.amazonaws.com\"}}],\"Version\":\"2012-10-17\"}",
            "create_date": "2026-03-09T20:24:38Z",
            "description": "",
            "force_detach_policies": false,
            "id": "daysi-prod-rds-monitoring-role",
            "inline_policy": [],
            "managed_policy_arns": [
              "arn:aws:iam::aws:policy/service-role/AmazonRDSEnhancedMonitoringRole"
            ],
            "max_session_duration": 3600,
            "name": "daysi-prod-rds-monitoring-role",
            "name_prefix": "",
            "path": "/",
            "permissions_boundary": "",
            "tags": {
              "CostCenter": "daysi",
              "Environment": "prod",
              "ManagedBy": "terraform",
              "Module": "aurora",
              "Project": "daysi"
            },
            "tags_all": {
              "CostCenter": "daysi",
              "Environment": "prod",
              "ManagedBy": "terraform",
              "Module": "aurora",
              "Project": "daysi"
            },
            "unique_id": "AROAZZG5OHY2GI3Q7QUKJ"
          },
          "sensitive_attributes": [],
          "identity_schema_version": 0,
          "private": "bnVsbA=="
        }
      ]
    },
    {
      "module": "module.aurora",
      "mode": "managed",
      "type": "aws_iam_role_policy_attachment",
      "name": "rds_monitoring",
      "provider": "provider[\"registry.terraform.io/hashicorp/aws\"]",
      "instances": [
        {
          "schema_version": 0,
          "attributes": {
            "id": "daysi-prod-rds-monitoring-role-20260309202438739300000004",
            "policy_arn": "arn:aws:iam::aws:policy/service-role/AmazonRDSEnhancedMonitoringRole",
            "role": "daysi-prod-rds-monitoring-role"
          },
          "sensitive_attributes": [],
          "identity_schema_version": 0,
          "private": "bnVsbA==",
          "dependencies": [
            "module.aurora.aws_iam_role.rds_monitoring"
          ]
        }
      ]
    },
    {
      "module": "module.aurora",
      "mode": "managed",
      "type": "aws_rds_cluster",
      "name": "aurora",
      "provider": "provider[\"registry.terraform.io/hashicorp/aws\"]",
      "instances": [
        {
          "schema_version": 1,
          "attributes": {
            "allocated_storage": 1,
            "allow_major_version_upgrade": null,
            "apply_immediately": null,
            "arn": "arn:aws:rds:us-east-1:672626785844:cluster:daysi-prod-aurora",
            "availability_zones": [
              "us-east-1a",
              "us-east-1b",
              "us-east-1c"
            ],
            "backtrack_window": 0,
            "backup_retention_period": 30,
            "ca_certificate_identifier": null,
            "ca_certificate_valid_till": null,
            "cluster_identifier": "daysi-prod-aurora",
            "cluster_identifier_prefix": "",
            "cluster_members": [
              "daysi-prod-aurora-writer"
            ],
            "cluster_resource_id": "cluster-KWHYNFOMVNZSQFQUSCWZTC3PSA",
            "cluster_scalability_type": "",
            "copy_tags_to_snapshot": false,
            "database_insights_mode": "standard",
            "database_name": "daysi",
            "db_cluster_instance_class": "",
            "db_cluster_parameter_group_name": "daysi-prod-aurora-pg",
            "db_instance_parameter_group_name": null,
            "db_subnet_group_name": "daysi-prod-aurora-subnet-group",
            "db_system_id": "",
            "delete_automated_backups": true,
            "deletion_protection": true,
            "domain": "",
            "domain_iam_role_name": "",
            "enable_global_write_forwarding": false,
            "enable_http_endpoint": false,
            "enable_local_write_forwarding": false,
            "enabled_cloudwatch_logs_exports": [
              "postgresql"
            ],
            "endpoint": "daysi-prod-aurora.cluster-csdiwci4i4di.us-east-1.rds.amazonaws.com",
            "engine": "aurora-postgresql",
            "engine_lifecycle_support": "open-source-rds-extended-support",
            "engine_mode": "provisioned",
            "engine_version": "14.19",
            "engine_version_actual": "14.19",
            "final_snapshot_identifier": null,
            "global_cluster_identifier": "",
            "hosted_zone_id": "Z2R2ITUGPM61AM",
            "iam_database_authentication_enabled": false,
            "iam_roles": [],
            "id": "daysi-prod-aurora",
            "iops": 0,
            "kms_key_id": "arn:aws:kms:us-east-1:672626785844:key/6fd65d50-8752-4d6f-8061-2d11acbe69d7",
            "manage_master_user_password": null,
            "master_password": "6X2Ni(\u003et\u003ciF5?TSstk\u003eo+?v0W5#BVtfO",
            "master_password_wo": null,
            "master_password_wo_version": null,
            "master_user_secret": [],
            "master_user_secret_kms_key_id": null,
            "master_username": "daysi_admin",
            "monitoring_interval": 0,
            "monitoring_role_arn": "",
            "network_type": "IPV4",
            "performance_insights_enabled": false,
            "performance_insights_kms_key_id": "",
            "performance_insights_retention_period": 0,
            "port": 5432,
            "preferred_backup_window": "03:00-04:00",
            "preferred_maintenance_window": "sun:08:20-sun:08:50",
            "reader_endpoint": "daysi-prod-aurora.cluster-ro-csdiwci4i4di.us-east-1.rds.amazonaws.com",
            "replication_source_identifier": "",
            "restore_to_point_in_time": [],
            "s3_import": [],
            "scaling_configuration": [],
            "serverlessv2_scaling_configuration": [
              {
                "max_capacity": 8,
                "min_capacity": 1,
                "seconds_until_auto_pause": 0
              }
            ],
            "skip_final_snapshot": false,
            "snapshot_identifier": null,
            "source_region": null,
            "storage_encrypted": true,
            "storage_type": "",
            "tags": {
              "CostCenter": "daysi",
              "Environment": "prod",
              "ManagedBy": "terraform",
              "Module": "aurora",
              "Name": "daysi-prod-aurora",
              "Project": "daysi"
            },
            "tags_all": {
              "CostCenter": "daysi",
              "Environment": "prod",
              "ManagedBy": "terraform",
              "Module": "aurora",
              "Name": "daysi-prod-aurora",
              "Project": "daysi"
            },
            "timeouts": null,
            "vpc_security_group_ids": [
              "sg-054acb602f10c72e2"
            ]
          },
          "sensitive_attributes": [
            [
              {
                "type": "get_attr",
                "value": "master_password"
              }
            ],
            [
              {
                "type": "get_attr",
                "value": "master_password_wo"
              }
            ]
          ],
          "identity_schema_version": 0,
          "private": "eyJlMmJmYjczMC1lY2FhLTExZTYtOGY4OC0zNDM2M2JjN2M0YzAiOnsiY3JlYXRlIjo3MjAwMDAwMDAwMDAwLCJkZWxldGUiOjcyMDAwMDAwMDAwMDAsInVwZGF0ZSI6NzIwMDAwMDAwMDAwMH0sInNjaGVtYV92ZXJzaW9uIjoiMSJ9",
          "dependencies": [
            "module.aurora.aws_db_subnet_group.aurora",
            "module.aurora.aws_rds_cluster_parameter_group.aurora",
            "module.aurora.aws_security_group.aurora",
            "module.aurora.random_password.master",
            "module.vpc.aws_subnet.private",
            "module.vpc.aws_vpc.main",
            "module.vpc.data.aws_availability_zones.available"
          ]
        }
      ]
    },
    {
      "module": "module.aurora",
      "mode": "managed",
      "type": "aws_rds_cluster_instance",
      "name": "writer",
      "provider": "provider[\"registry.terraform.io/hashicorp/aws\"]",
      "instances": [
        {
          "schema_version": 0,
          "attributes": {
            "apply_immediately": null,
            "arn": "arn:aws:rds:us-east-1:672626785844:db:daysi-prod-aurora-writer",
            "auto_minor_version_upgrade": true,
            "availability_zone": "us-east-1c",
            "ca_cert_identifier": "rds-ca-rsa2048-g1",
            "cluster_identifier": "daysi-prod-aurora",
            "copy_tags_to_snapshot": false,
            "custom_iam_instance_profile": "",
            "db_parameter_group_name": "default.aurora-postgresql14",
            "db_subnet_group_name": "daysi-prod-aurora-subnet-group",
            "dbi_resource_id": "db-QE5RJ3QU2QQEVSR6G4AA524LLY",
            "endpoint": "daysi-prod-aurora-writer.csdiwci4i4di.us-east-1.rds.amazonaws.com",
            "engine": "aurora-postgresql",
            "engine_version": "14.19",
            "engine_version_actual": "14.19",
            "force_destroy": false,
            "id": "daysi-prod-aurora-writer",
            "identifier": "daysi-prod-aurora-writer",
            "identifier_prefix": "",
            "instance_class": "db.serverless",
            "kms_key_id": "arn:aws:kms:us-east-1:672626785844:key/6fd65d50-8752-4d6f-8061-2d11acbe69d7",
            "monitoring_interval": 60,
            "monitoring_role_arn": "arn:aws:iam::672626785844:role/daysi-prod-rds-monitoring-role",
            "network_type": "IPV4",
            "performance_insights_enabled": false,
            "performance_insights_kms_key_id": "",
            "performance_insights_retention_period": 0,
            "port": 5432,
            "preferred_backup_window": "03:00-04:00",
            "preferred_maintenance_window": "thu:05:57-thu:06:27",
            "promotion_tier": 0,
            "publicly_accessible": false,
            "storage_encrypted": true,
            "tags": {
              "CostCenter": "daysi",
              "Environment": "prod",
              "ManagedBy": "terraform",
              "Module": "aurora",
              "Name": "daysi-prod-aurora-writer",
              "Project": "daysi"
            },
            "tags_all": {
              "CostCenter": "daysi",
              "Environment": "prod",
              "ManagedBy": "terraform",
              "Module": "aurora",
              "Name": "daysi-prod-aurora-writer",
              "Project": "daysi"
            },
            "timeouts": null,
            "writer": true
          },
          "sensitive_attributes": [],
          "identity_schema_version": 0,
          "private": "eyJlMmJmYjczMC1lY2FhLTExZTYtOGY4OC0zNDM2M2JjN2M0YzAiOnsiY3JlYXRlIjo1NDAwMDAwMDAwMDAwLCJkZWxldGUiOjU0MDAwMDAwMDAwMDAsInVwZGF0ZSI6NTQwMDAwMDAwMDAwMH19",
          "dependencies": [
            "module.aurora.aws_db_subnet_group.aurora",
            "module.aurora.aws_iam_role.rds_monitoring",
            "module.aurora.aws_rds_cluster.aurora",
            "module.aurora.aws_rds_cluster_parameter_group.aurora",
            "module.aurora.aws_security_group.aurora",
            "module.aurora.random_password.master",
            "module.vpc.aws_subnet.private",
            "module.vpc.aws_vpc.main",
            "module.vpc.data.aws_availability_zones.available"
          ]
        }
      ]
    },
    {
      "module": "module.aurora",
      "mode": "managed",
      "type": "aws_rds_cluster_parameter_group",
      "name": "aurora",
      "provider": "provider[\"registry.terraform.io/hashicorp/aws\"]",
      "instances": [
        {
          "schema_version": 0,
          "attributes": {
            "arn": "arn:aws:rds:us-east-1:672626785844:cluster-pg:daysi-prod-aurora-pg",
            "description": "Custom parameter group for Daysi Aurora PostgreSQL",
            "family": "aurora-postgresql14",
            "id": "daysi-prod-aurora-pg",
            "name": "daysi-prod-aurora-pg",
            "name_prefix": "",
            "parameter": [
              {
                "apply_method": "immediate",
                "name": "log_connections",
                "value": "1"
              },
              {
                "apply_method": "immediate",
                "name": "log_disconnections",
                "value": "1"
              },
              {
                "apply_method": "immediate",
                "name": "log_min_duration_statement",
                "value": "1000"
              },
              {
                "apply_method": "immediate",
                "name": "shared_preload_libraries",
                "value": "pg_stat_statements"
              }
            ],
            "tags": {
              "CostCenter": "daysi",
              "Environment": "prod",
              "ManagedBy": "terraform",
              "Module": "aurora",
              "Project": "daysi"
            },
            "tags_all": {
              "CostCenter": "daysi",
              "Environment": "prod",
              "ManagedBy": "terraform",
              "Module": "aurora",
              "Project": "daysi"
            }
          },
          "sensitive_attributes": [],
          "identity_schema_version": 0,
          "private": "bnVsbA=="
        }
      ]
    },
    {
      "module": "module.aurora",
      "mode": "managed",
      "type": "aws_secretsmanager_secret",
      "name": "master_password",
      "provider": "provider[\"registry.terraform.io/hashicorp/aws\"]",
      "instances": [
        {
          "schema_version": 0,
          "attributes": {
            "arn": "arn:aws:secretsmanager:us-east-1:672626785844:secret:daysi/prod/aurora/master-password-W1WDzV",
            "description": "Master password for Aurora PostgreSQL cluster",
            "force_overwrite_replica_secret": false,
            "id": "arn:aws:secretsmanager:us-east-1:672626785844:secret:daysi/prod/aurora/master-password-W1WDzV",
            "kms_key_id": "",
            "name": "daysi/prod/aurora/master-password",
            "name_prefix": "",
            "policy": "",
            "recovery_window_in_days": 30,
            "replica": [],
            "tags": {
              "CostCenter": "daysi",
              "Environment": "prod",
              "ManagedBy": "terraform",
              "Module": "aurora",
              "Name": "daysi-prod-aurora-master-password",
              "Project": "daysi"
            },
            "tags_all": {
              "CostCenter": "daysi",
              "Environment": "prod",
              "ManagedBy": "terraform",
              "Module": "aurora",
              "Name": "daysi-prod-aurora-master-password",
              "Project": "daysi"
            }
          },
          "sensitive_attributes": [],
          "identity_schema_version": 0,
          "private": "bnVsbA=="
        }
      ]
    },
    {
      "module": "module.aurora",
      "mode": "managed",
      "type": "aws_secretsmanager_secret_version",
      "name": "master_password",
      "provider": "provider[\"registry.terraform.io/hashicorp/aws\"]",
      "instances": [
        {
          "schema_version": 0,
          "attributes": {
            "arn": "arn:aws:secretsmanager:us-east-1:672626785844:secret:daysi/prod/aurora/master-password-W1WDzV",
            "has_secret_string_wo": null,
            "id": "arn:aws:secretsmanager:us-east-1:672626785844:secret:daysi/prod/aurora/master-password-W1WDzV|terraform-20260309202438445300000003",
            "secret_binary": "",
            "secret_id": "arn:aws:secretsmanager:us-east-1:672626785844:secret:daysi/prod/aurora/master-password-W1WDzV",
            "secret_string": "{\"password\":\"6X2Ni(\\u003et\\u003ciF5?TSstk\\u003eo+?v0W5#BVtfO\",\"username\":\"daysi_admin\"}",
            "secret_string_wo": null,
            "secret_string_wo_version": null,
            "version_id": "terraform-20260309202438445300000003",
            "version_stages": [
              "AWSCURRENT"
            ]
          },
          "sensitive_attributes": [
            [
              {
                "type": "get_attr",
                "value": "secret_binary"
              }
            ],
            [
              {
                "type": "get_attr",
                "value": "secret_string"
              }
            ],
            [
              {
                "type": "get_attr",
                "value": "secret_string_wo"
              }
            ]
          ],
          "identity_schema_version": 0,
          "private": "bnVsbA==",
          "dependencies": [
            "module.aurora.aws_secretsmanager_secret.master_password",
            "module.aurora.random_password.master"
          ]
        }
      ]
    },
    {
      "module": "module.aurora",
      "mode": "managed",
      "type": "aws_security_group",
      "name": "aurora",
      "provider": "provider[\"registry.terraform.io/hashicorp/aws\"]",
      "instances": [
        {
          "schema_version": 1,
          "attributes": {
            "arn": "arn:aws:ec2:us-east-1:672626785844:security-group/sg-054acb602f10c72e2",
            "description": "Security group for Aurora PostgreSQL cluster",
            "egress": [
              {
                "cidr_blocks": [
                  "0.0.0.0/0"
                ],
                "description": "Allow all outbound",
                "from_port": 0,
                "ipv6_cidr_blocks": [],
                "prefix_list_ids": [],
                "protocol": "-1",
                "security_groups": [],
                "self": false,
                "to_port": 0
              }
            ],
            "id": "sg-054acb602f10c72e2",
            "ingress": [
              {
                "cidr_blocks": [],
                "description": "PostgreSQL from allowed security groups",
                "from_port": 5432,
                "ipv6_cidr_blocks": [],
                "prefix_list_ids": [],
                "protocol": "tcp",
                "security_groups": [],
                "self": false,
                "to_port": 5432
              }
            ],
            "name": "daysi-prod-aurora-20260309202437772000000002",
            "name_prefix": "daysi-prod-aurora-",
            "owner_id": "672626785844",
            "revoke_rules_on_delete": false,
            "tags": {
              "CostCenter": "daysi",
              "Environment": "prod",
              "ManagedBy": "terraform",
              "Module": "aurora",
              "Name": "daysi-prod-aurora-sg",
              "Project": "daysi"
            },
            "tags_all": {
              "CostCenter": "daysi",
              "Environment": "prod",
              "ManagedBy": "terraform",
              "Module": "aurora",
              "Name": "daysi-prod-aurora-sg",
              "Project": "daysi"
            },
            "timeouts": null,
            "vpc_id": "vpc-0b7522b66f994223a"
          },
          "sensitive_attributes": [],
          "identity_schema_version": 0,
          "private": "eyJlMmJmYjczMC1lY2FhLTExZTYtOGY4OC0zNDM2M2JjN2M0YzAiOnsiY3JlYXRlIjo2MDAwMDAwMDAwMDAsImRlbGV0ZSI6OTAwMDAwMDAwMDAwfSwic2NoZW1hX3ZlcnNpb24iOiIxIn0=",
          "dependencies": [
            "module.vpc.aws_vpc.main"
          ],
          "create_before_destroy": true
        }
      ]
    },
    {
      "module": "module.aurora",
      "mode": "managed",
      "type": "random_password",
      "name": "master",
      "provider": "provider[\"registry.terraform.io/hashicorp/random\"]",
      "instances": [
        {
          "schema_version": 3,
          "attributes": {
            "bcrypt_hash": "$2a$10$RwJcPVjay9FWr7J3GFYVJu/C8pK.YpA0pZTaoLGneovV.DFDJgHRa",
            "id": "none",
            "keepers": null,
            "length": 32,
            "lower": true,
            "min_lower": 0,
            "min_numeric": 0,
            "min_special": 0,
            "min_upper": 0,
            "number": true,
            "numeric": true,
            "override_special": "!#$%\u0026*()-_=+[]{}\u003c\u003e:?",
            "result": "6X2Ni(\u003et\u003ciF5?TSstk\u003eo+?v0W5#BVtfO",
            "special": true,
            "upper": true
          },
          "sensitive_attributes": [
            [
              {
                "type": "get_attr",
                "value": "bcrypt_hash"
              }
            ],
            [
              {
                "type": "get_attr",
                "value": "result"
              }
            ]
          ],
          "identity_schema_version": 0
        }
      ]
    },
    {
      "module": "module.cognito",
      "mode": "managed",
      "type": "aws_cognito_resource_server",
      "name": "api",
      "provider": "provider[\"registry.terraform.io/hashicorp/aws\"]",
      "instances": [
        {
          "schema_version": 0,
          "attributes": {
            "id": "us-east-1_RBPOJunBz|daysi-prod-api",
            "identifier": "daysi-prod-api",
            "name": "daysi-prod-api",
            "scope": [
              {
                "scope_description": "Admin access",
                "scope_name": "admin"
              },
              {
                "scope_description": "Read access",
                "scope_name": "read"
              },
              {
                "scope_description": "Write access",
                "scope_name": "write"
              }
            ],
            "scope_identifiers": [
              "daysi-prod-api/read",
              "daysi-prod-api/admin",
              "daysi-prod-api/write"
            ],
            "user_pool_id": "us-east-1_RBPOJunBz"
          },
          "sensitive_attributes": [],
          "identity_schema_version": 0,
          "private": "bnVsbA==",
          "dependencies": [
            "module.cognito.aws_cognito_user_pool.main"
          ]
        }
      ]
    },
    {
      "module": "module.cognito",
      "mode": "managed",
      "type": "aws_cognito_user_group",
      "name": "admin",
      "provider": "provider[\"registry.terraform.io/hashicorp/aws\"]",
      "instances": [
        {
          "schema_version": 0,
          "attributes": {
            "description": "Administrators with full access",
            "id": "us-east-1_RBPOJunBz/admin",
            "name": "admin",
            "precedence": 1,
            "role_arn": "",
            "user_pool_id": "us-east-1_RBPOJunBz"
          },
          "sensitive_attributes": [],
          "identity_schema_version": 0,
          "private": "bnVsbA==",
          "dependencies": [
            "module.cognito.aws_cognito_user_pool.main"
          ]
        }
      ]
    },
    {
      "module": "module.cognito",
      "mode": "managed",
      "type": "aws_cognito_user_group",
      "name": "customer",
      "provider": "provider[\"registry.terraform.io/hashicorp/aws\"]",
      "instances": [
        {
          "schema_version": 0,
          "attributes": {
            "description": "Customers",
            "id": "us-east-1_RBPOJunBz/customer",
            "name": "customer",
            "precedence": 3,
            "role_arn": "",
            "user_pool_id": "us-east-1_RBPOJunBz"
          },
          "sensitive_attributes": [],
          "identity_schema_version": 0,
          "private": "bnVsbA==",
          "dependencies": [
            "module.cognito.aws_cognito_user_pool.main"
          ]
        }
      ]
    },
    {
      "module": "module.cognito",
      "mode": "managed",
      "type": "aws_cognito_user_group",
      "name": "provider",
      "provider": "provider[\"registry.terraform.io/hashicorp/aws\"]",
      "instances": [
        {
          "schema_version": 0,
          "attributes": {
            "description": "Service providers",
            "id": "us-east-1_RBPOJunBz/provider",
            "name": "provider",
            "precedence": 2,
            "role_arn": "",
            "user_pool_id": "us-east-1_RBPOJunBz"
          },
          "sensitive_attributes": [],
          "identity_schema_version": 0,
          "private": "bnVsbA==",
          "dependencies": [
            "module.cognito.aws_cognito_user_pool.main"
          ]
        }
      ]
    },
    {
      "module": "module.cognito",
      "mode": "managed",
      "type": "aws_cognito_user_pool",
      "name": "main",
      "provider": "provider[\"registry.terraform.io/hashicorp/aws\"]",
      "instances": [
        {
          "schema_version": 0,
          "attributes": {
            "account_recovery_setting": [
              {
                "recovery_mechanism": [
                  {
                    "name": "verified_email",
                    "priority": 1
                  }
                ]
              }
            ],
            "admin_create_user_config": [
              {
                "allow_admin_create_user_only": false,
                "invite_message_template": [
                  {
                    "email_message": "Your username is {username} and temporary password is {####}",
                    "email_subject": "Welcome to Daysi",
                    "sms_message": "Welcome to Daysi! Your username is {username} and temporary password is {####}"
                  }
                ]
              }
            ],
            "alias_attributes": null,
            "arn": "arn:aws:cognito-idp:us-east-1:672626785844:userpool/us-east-1_RBPOJunBz",
            "auto_verified_attributes": [
              "email"
            ],
            "creation_date": "2026-03-09T20:58:14Z",
            "custom_domain": "",
            "deletion_protection": "INACTIVE",
            "device_configuration": [],
            "domain": "daysi-prod-4d36100e",
            "email_configuration": [
              {
                "configuration_set": "",
                "email_sending_account": "COGNITO_DEFAULT",
                "from_email_address": "",
                "reply_to_email_address": "",
                "source_arn": ""
              }
            ],
            "email_mfa_configuration": [],
            "email_verification_message": "Your verification code is {####}",
            "email_verification_subject": "Your verification code",
            "endpoint": "cognito-idp.us-east-1.amazonaws.com/us-east-1_RBPOJunBz",
            "estimated_number_of_users": 0,
            "id": "us-east-1_RBPOJunBz",
            "lambda_config": [],
            "last_modified_date": "2026-03-09T20:58:14Z",
            "mfa_configuration": "OPTIONAL",
            "name": "daysi-prod",
            "password_policy": [
              {
                "minimum_length": 8,
                "password_history_size": 0,
                "require_lowercase": true,
                "require_numbers": true,
                "require_symbols": true,
                "require_uppercase": true,
                "temporary_password_validity_days": 7
              }
            ],
            "schema": [
              {
                "attribute_data_type": "String",
                "developer_only_attribute": false,
                "mutable": true,
                "name": "role",
                "number_attribute_constraints": [],
                "required": false,
                "string_attribute_constraints": [
                  {
                    "max_length": "64",
                    "min_length": "1"
                  }
                ]
              },
              {
                "attribute_data_type": "String",
                "developer_only_attribute": false,
                "mutable": true,
                "name": "tenant_id",
                "number_attribute_constraints": [],
                "required": false,
                "string_attribute_constraints": [
                  {
                    "max_length": "256",
                    "min_length": "1"
                  }
                ]
              },
              {
                "attribute_data_type": "String",
                "developer_only_attribute": null,
                "mutable": true,
                "name": "email",
                "number_attribute_constraints": [],
                "required": true,
                "string_attribute_constraints": []
              },
              {
                "attribute_data_type": "String",
                "developer_only_attribute": null,
                "mutable": true,
                "name": "family_name",
                "number_attribute_constraints": [],
                "required": false,
                "string_attribute_constraints": []
              },
              {
                "attribute_data_type": "String",
                "developer_only_attribute": null,
                "mutable": true,
                "name": "given_name",
                "number_attribute_constraints": [],
                "required": false,
                "string_attribute_constraints": []
              }
            ],
            "sign_in_policy": [
              {
                "allowed_first_auth_factors": [
                  "PASSWORD"
                ]
              }
            ],
            "sms_authentication_message": "",
            "sms_configuration": [],
            "sms_verification_message": "",
            "software_token_mfa_configuration": [
              {
                "enabled": true
              }
            ],
            "tags": {
              "CostCenter": "daysi",
              "Environment": "prod",
              "ManagedBy": "terraform",
              "Module": "cognito",
              "Name": "daysi-prod",
              "Project": "daysi"
            },
            "tags_all": {
              "CostCenter": "daysi",
              "Environment": "prod",
              "ManagedBy": "terraform",
              "Module": "cognito",
              "Name": "daysi-prod",
              "Project": "daysi"
            },
            "user_attribute_update_settings": [],
            "user_pool_add_ons": [],
            "user_pool_tier": "ESSENTIALS",
            "username_attributes": [
              "email"
            ],
            "username_configuration": [],
            "verification_message_template": [
              {
                "default_email_option": "CONFIRM_WITH_CODE",
                "email_message": "Your verification code is {####}",
                "email_message_by_link": "",
                "email_subject": "Your verification code",
                "email_subject_by_link": "",
                "sms_message": ""
              }
            ],
            "web_authn_configuration": []
          },
          "sensitive_attributes": [],
          "identity_schema_version": 0,
          "private": "bnVsbA=="
        }
      ]
    },
    {
      "module": "module.cognito",
      "mode": "managed",
      "type": "aws_cognito_user_pool_client",
      "name": "api",
      "provider": "provider[\"registry.terraform.io/hashicorp/aws\"]",
      "instances": [
        {
          "schema_version": 0,
          "attributes": {
            "access_token_validity": 1,
            "allowed_oauth_flows": [],
            "allowed_oauth_flows_user_pool_client": false,
            "allowed_oauth_scopes": [],
            "analytics_configuration": [],
            "auth_session_validity": 3,
            "callback_urls": [],
            "client_secret": "n0b0d3kn4ggrops1bd2ni4tanmui65of47dd7hqac4c4ejdej4",
            "default_redirect_uri": "",
            "enable_propagate_additional_user_context_data": false,
            "enable_token_revocation": true,
            "explicit_auth_flows": [
              "ALLOW_ADMIN_USER_PASSWORD_AUTH",
              "ALLOW_REFRESH_TOKEN_AUTH"
            ],
            "generate_secret": true,
            "id": "6rnocd4hilrbf73hf44qkj7h7n",
            "id_token_validity": 0,
            "logout_urls": [],
            "name": "daysi-prod-api",
            "prevent_user_existence_errors": "ENABLED",
            "read_attributes": [],
            "refresh_token_rotation": [],
            "refresh_token_validity": 30,
            "supported_identity_providers": [],
            "token_validity_units": [
              {
                "access_token": "hours",
                "id_token": "hours",
                "refresh_token": "days"
              }
            ],
            "user_pool_id": "us-east-1_RBPOJunBz",
            "write_attributes": []
          },
          "sensitive_attributes": [
            [
              {
                "type": "get_attr",
                "value": "client_secret"
              }
            ]
          ],
          "identity_schema_version": 0,
          "dependencies": [
            "module.cognito.aws_cognito_user_pool.main"
          ]
        }
      ]
    },
    {
      "module": "module.cognito",
      "mode": "managed",
      "type": "aws_cognito_user_pool_client",
      "name": "web",
      "provider": "provider[\"registry.terraform.io/hashicorp/aws\"]",
      "instances": [
        {
          "schema_version": 0,
          "attributes": {
            "access_token_validity": 1,
            "allowed_oauth_flows": [
              "code",
              "implicit"
            ],
            "allowed_oauth_flows_user_pool_client": true,
            "allowed_oauth_scopes": [
              "email",
              "openid",
              "profile"
            ],
            "analytics_configuration": [],
            "auth_session_validity": 3,
            "callback_urls": [
              "http://localhost:8080/callback",
              "https://daysi.ca/callback"
            ],
            "client_secret": "",
            "default_redirect_uri": "",
            "enable_propagate_additional_user_context_data": false,
            "enable_token_revocation": true,
            "explicit_auth_flows": [
              "ALLOW_REFRESH_TOKEN_AUTH",
              "ALLOW_USER_PASSWORD_AUTH",
              "ALLOW_USER_SRP_AUTH"
            ],
            "generate_secret": false,
            "id": "rh9m1qg9knhk3q6vp7u3ia43k",
            "id_token_validity": 1,
            "logout_urls": [
              "http://localhost:8080",
              "https://daysi.ca"
            ],
            "name": "daysi-prod-web",
            "prevent_user_existence_errors": "ENABLED",
            "read_attributes": [],
            "refresh_token_rotation": [],
            "refresh_token_validity": 30,
            "supported_identity_providers": [
              "COGNITO"
            ],
            "token_validity_units": [
              {
                "access_token": "hours",
                "id_token": "hours",
                "refresh_token": "days"
              }
            ],
            "user_pool_id": "us-east-1_RBPOJunBz",
            "write_attributes": []
          },
          "sensitive_attributes": [
            [
              {
                "type": "get_attr",
                "value": "client_secret"
              }
            ]
          ],
          "identity_schema_version": 0,
          "dependencies": [
            "module.cognito.aws_cognito_user_pool.main"
          ]
        }
      ]
    },
    {
      "module": "module.cognito",
      "mode": "managed",
      "type": "aws_cognito_user_pool_domain",
      "name": "main",
      "provider": "provider[\"registry.terraform.io/hashicorp/aws\"]",
      "instances": [
        {
          "schema_version": 0,
          "attributes": {
            "aws_account_id": "672626785844",
            "certificate_arn": "",
            "cloudfront_distribution": "d3oia8etllorh5.cloudfront.net",
            "cloudfront_distribution_arn": "d3oia8etllorh5.cloudfront.net",
            "cloudfront_distribution_zone_id": "Z2FDTNDATAQYW2",
            "domain": "daysi-prod-4d36100e",
            "id": "daysi-prod-4d36100e",
            "managed_login_version": 1,
            "s3_bucket": "aws-cognito-prod-iad-assets",
            "user_pool_id": "us-east-1_RBPOJunBz",
            "version": "20260309205816"
          },
          "sensitive_attributes": [],
          "identity_schema_version": 0,
          "private": "bnVsbA==",
          "dependencies": [
            "module.cognito.aws_cognito_user_pool.main",
            "module.cognito.random_id.domain"
          ]
        }
      ]
    },
    {
      "module": "module.cognito",
      "mode": "managed",
      "type": "random_id",
      "name": "domain",
      "provider": "provider[\"registry.terraform.io/hashicorp/random\"]",
      "instances": [
        {
          "schema_version": 0,
          "attributes": {
            "b64_std": "TTYQDg==",
            "b64_url": "TTYQDg",
            "byte_length": 4,
            "dec": "1295388686",
            "hex": "4d36100e",
            "id": "TTYQDg",
            "keepers": null,
            "prefix": null
          },
          "sensitive_attributes": [],
          "identity_schema_version": 0
        }
      ]
    },
    {
      "module": "module.cost_guardrails",
      "mode": "managed",
      "type": "aws_budgets_budget",
      "name": "monthly",
      "provider": "provider[\"registry.terraform.io/hashicorp/aws\"]",
      "instances": [
        {
          "schema_version": 0,
          "attributes": {
            "account_id": "672626785844",
            "arn": "arn:aws:budgets::672626785844:budget/daysi-prod-monthly-budget",
            "auto_adjust_data": [],
            "budget_type": "COST",
            "cost_filter": [],
            "cost_types": [
              {
                "include_credit": true,
                "include_discount": true,
                "include_other_subscription": true,
                "include_recurring": true,
                "include_refund": true,
                "include_subscription": true,
                "include_support": true,
                "include_tax": true,
                "include_upfront": true,
                "use_amortized": false,
                "use_blended": false
              }
            ],
            "id": "672626785844:daysi-prod-monthly-budget",
            "limit_amount": "500.0",
            "limit_unit": "USD",
            "name": "daysi-prod-monthly-budget",
            "name_prefix": "",
            "notification": [
              {
                "comparison_operator": "GREATER_THAN",
                "notification_type": "ACTUAL",
                "subscriber_email_addresses": [
                  "cheddar@tastycheddar.com",
                  "daysiproduction@tastycheddar.com"
                ],
                "subscriber_sns_topic_arns": [],
                "threshold": 100,
                "threshold_type": "PERCENTAGE"
              },
              {
                "comparison_operator": "GREATER_THAN",
                "notification_type": "ACTUAL",
                "subscriber_email_addresses": [
                  "cheddar@tastycheddar.com",
                  "daysiproduction@tastycheddar.com"
                ],
                "subscriber_sns_topic_arns": [],
                "threshold": 50,
                "threshold_type": "PERCENTAGE"
              },
              {
                "comparison_operator": "GREATER_THAN",
                "notification_type": "ACTUAL",
                "subscriber_email_addresses": [
                  "cheddar@tastycheddar.com",
                  "daysiproduction@tastycheddar.com"
                ],
                "subscriber_sns_topic_arns": [],
                "threshold": 80,
                "threshold_type": "PERCENTAGE"
              }
            ],
            "planned_limit": [],
            "tags": {},
            "tags_all": {
              "CostCenter": "daysi",
              "Environment": "prod",
              "ManagedBy": "terraform",
              "Project": "daysi"
            },
            "time_period_end": "2087-06-15_00:00",
            "time_period_start": "2026-03-01_00:00",
            "time_unit": "MONTHLY"
          },
          "sensitive_attributes": [],
          "identity_schema_version": 0,
          "private": "bnVsbA=="
        }
      ]
    },
    {
      "module": "module.ecs",
      "mode": "data",
      "type": "aws_region",
      "name": "current",
      "provider": "provider[\"registry.terraform.io/hashicorp/aws\"]",
      "instances": [
        {
          "schema_version": 0,
          "attributes": {
            "description": "US East (N. Virginia)",
            "endpoint": "ec2.us-east-1.amazonaws.com",
            "id": "us-east-1",
            "name": "us-east-1"
          },
          "sensitive_attributes": [],
          "identity_schema_version": 0
        }
      ]
    },
    {
      "module": "module.ecs",
      "mode": "managed",
      "type": "aws_cloudwatch_log_group",
      "name": "ecs",
      "provider": "provider[\"registry.terraform.io/hashicorp/aws\"]",
      "instances": [
        {
          "schema_version": 0,
          "attributes": {
            "arn": "arn:aws:logs:us-east-1:672626785844:log-group:/ecs/daysi-prod",
            "id": "/ecs/daysi-prod",
            "kms_key_id": "",
            "log_group_class": "STANDARD",
            "name": "/ecs/daysi-prod",
            "name_prefix": "",
            "retention_in_days": 30,
            "skip_destroy": false,
            "tags": {
              "CostCenter": "daysi",
              "Environment": "prod",
              "ManagedBy": "terraform",
              "Module": "ecs",
              "Name": "/ecs/daysi-prod",
              "Project": "daysi"
            },
            "tags_all": {
              "CostCenter": "daysi",
              "Environment": "prod",
              "ManagedBy": "terraform",
              "Module": "ecs",
              "Name": "/ecs/daysi-prod",
              "Project": "daysi"
            }
          },
          "sensitive_attributes": [],
          "identity_schema_version": 0,
          "private": "bnVsbA=="
        }
      ]
    },
    {
      "module": "module.ecs",
      "mode": "managed",
      "type": "aws_ecr_lifecycle_policy",
      "name": "api",
      "provider": "provider[\"registry.terraform.io/hashicorp/aws\"]",
      "instances": [
        {
          "schema_version": 0,
          "attributes": {
            "id": "daysi/prod/api",
            "policy": "{\"rules\":[{\"action\":{\"type\":\"expire\"},\"description\":\"Keep last 30 images\",\"rulePriority\":1,\"selection\":{\"countNumber\":30,\"countType\":\"imageCountMoreThan\",\"tagStatus\":\"any\"}}]}",
            "registry_id": "672626785844",
            "repository": "daysi/prod/api"
          },
          "sensitive_attributes": [],
          "identity_schema_version": 0,
          "private": "bnVsbA==",
          "dependencies": [
            "module.ecs.aws_ecr_repository.api"
          ]
        }
      ]
    },
    {
      "module": "module.ecs",
      "mode": "managed",
      "type": "aws_ecr_repository",
      "name": "api",
      "provider": "provider[\"registry.terraform.io/hashicorp/aws\"]",
      "instances": [
        {
          "schema_version": 0,
          "attributes": {
            "arn": "arn:aws:ecr:us-east-1:672626785844:repository/daysi/prod/api",
            "encryption_configuration": [
              {
                "encryption_type": "AES256",
                "kms_key": ""
              }
            ],
            "force_delete": null,
            "id": "daysi/prod/api",
            "image_scanning_configuration": [
              {
                "scan_on_push": true
              }
            ],
            "image_tag_mutability": "MUTABLE",
            "name": "daysi/prod/api",
            "registry_id": "672626785844",
            "repository_url": "672626785844.dkr.ecr.us-east-1.amazonaws.com/daysi/prod/api",
            "tags": {
              "CostCenter": "daysi",
              "Environment": "prod",
              "ManagedBy": "terraform",
              "Module": "ecs",
              "Name": "daysi/prod/api",
              "Project": "daysi"
            },
            "tags_all": {
              "CostCenter": "daysi",
              "Environment": "prod",
              "ManagedBy": "terraform",
              "Module": "ecs",
              "Name": "daysi/prod/api",
              "Project": "daysi"
            },
            "timeouts": null
          },
          "sensitive_attributes": [],
          "identity_schema_version": 0,
          "private": "eyJlMmJmYjczMC1lY2FhLTExZTYtOGY4OC0zNDM2M2JjN2M0YzAiOnsiZGVsZXRlIjoxMjAwMDAwMDAwMDAwfX0="
        }
      ]
    },
    {
      "module": "module.ecs",
      "mode": "managed",
      "type": "aws_ecs_cluster",
      "name": "main",
      "provider": "provider[\"registry.terraform.io/hashicorp/aws\"]",
      "instances": [
        {
          "schema_version": 0,
          "attributes": {
            "arn": "arn:aws:ecs:us-east-1:672626785844:cluster/daysi-prod",
            "configuration": [],
            "id": "arn:aws:ecs:us-east-1:672626785844:cluster/daysi-prod",
            "name": "daysi-prod",
            "service_connect_defaults": [],
            "setting": [
              {
                "name": "containerInsights",
                "value": "enabled"
              }
            ],
            "tags": {
              "CostCenter": "daysi",
              "Environment": "prod",
              "ManagedBy": "terraform",
              "Module": "ecs",
              "Name": "daysi-prod",
              "Project": "daysi"
            },
            "tags_all": {
              "CostCenter": "daysi",
              "Environment": "prod",
              "ManagedBy": "terraform",
              "Module": "ecs",
              "Name": "daysi-prod",
              "Project": "daysi"
            }
          },
          "sensitive_attributes": [],
          "identity_schema_version": 0,
          "private": "bnVsbA=="
        }
      ]
    },
    {
      "module": "module.ecs",
      "mode": "managed",
      "type": "aws_ecs_cluster_capacity_providers",
      "name": "main",
      "provider": "provider[\"registry.terraform.io/hashicorp/aws\"]",
      "instances": [
        {
          "schema_version": 0,
          "attributes": {
            "capacity_providers": [
              "FARGATE",
              "FARGATE_SPOT"
            ],
            "cluster_name": "daysi-prod",
            "default_capacity_provider_strategy": [
              {
                "base": 1,
                "capacity_provider": "FARGATE",
                "weight": 1
              }
            ],
            "id": "daysi-prod"
          },
          "sensitive_attributes": [],
          "identity_schema_version": 0,
          "private": "bnVsbA==",
          "dependencies": [
            "module.ecs.aws_ecs_cluster.main"
          ]
        }
      ]
    },
    {
      "module": "module.ecs",
      "mode": "managed",
      "type": "aws_ecs_service",
      "name": "api",
      "provider": "provider[\"registry.terraform.io/hashicorp/aws\"]",
      "instances": [
        {
          "schema_version": 1,
          "attributes": {
            "alarms": [],
            "availability_zone_rebalancing": "DISABLED",
            "capacity_provider_strategy": [],
            "cluster": "arn:aws:ecs:us-east-1:672626785844:cluster/daysi-prod",
            "deployment_circuit_breaker": [
              {
                "enable": true,
                "rollback": true
              }
            ],
            "deployment_controller": [
              {
                "type": "ECS"
              }
            ],
            "deployment_maximum_percent": 200,
            "deployment_minimum_healthy_percent": 100,
            "desired_count": 2,
            "enable_ecs_managed_tags": false,
            "enable_execute_command": false,
            "force_delete": null,
            "force_new_deployment": null,
            "health_check_grace_period_seconds": 0,
            "iam_role": "/aws-service-role/ecs.amazonaws.com/AWSServiceRoleForECS",
            "id": "arn:aws:ecs:us-east-1:672626785844:service/daysi-prod/daysi-prod-api",
            "launch_type": "FARGATE",
            "load_balancer": [
              {
                "container_name": "api",
                "container_port": 4010,
                "elb_name": "",
                "target_group_arn": "arn:aws:elasticloadbalancing:us-east-1:672626785844:targetgroup/daysi-prod-tg/cd1a6738226ff0d2"
              }
            ],
            "name": "daysi-prod-api",
            "network_configuration": [
              {
                "assign_public_ip": false,
                "security_groups": [
                  "sg-007a084891e552466"
                ],
                "subnets": [
                  "subnet-05faf7c9d1b8150d8",
                  "subnet-069cb20eaa1177fe6",
                  "subnet-0a348443233fa1cb6"
                ]
              }
            ],
            "ordered_placement_strategy": [],
            "placement_constraints": [],
            "platform_version": "LATEST",
            "propagate_tags": "NONE",
            "scheduling_strategy": "REPLICA",
            "service_connect_configuration": [],
            "service_registries": [],
            "tags": {
              "CostCenter": "daysi",
              "Environment": "prod",
              "ManagedBy": "terraform",
              "Module": "ecs",
              "Name": "daysi-prod-api",
              "Project": "daysi"
            },
            "tags_all": {
              "CostCenter": "daysi",
              "Environment": "prod",
              "ManagedBy": "terraform",
              "Module": "ecs",
              "Name": "daysi-prod-api",
              "Project": "daysi"
            },
            "task_definition": "arn:aws:ecs:us-east-1:672626785844:task-definition/daysi-prod-api:1",
            "timeouts": null,
            "triggers": {},
            "volume_configuration": [],
            "vpc_lattice_configurations": [],
            "wait_for_steady_state": false
          },
          "sensitive_attributes": [],
          "identity_schema_version": 0,
          "private": "eyJlMmJmYjczMC1lY2FhLTExZTYtOGY4OC0zNDM2M2JjN2M0YzAiOnsiY3JlYXRlIjoxMjAwMDAwMDAwMDAwLCJkZWxldGUiOjEyMDAwMDAwMDAwMDAsInVwZGF0ZSI6MTIwMDAwMDAwMDAwMH0sInNjaGVtYV92ZXJzaW9uIjoiMSJ9",
          "dependencies": [
            "module.ecs.aws_cloudwatch_log_group.ecs",
            "module.ecs.aws_ecr_repository.api",
            "module.ecs.aws_ecs_cluster.main",
            "module.ecs.aws_ecs_task_definition.api",
            "module.ecs.aws_iam_role.ecs_execution",
            "module.ecs.aws_iam_role.ecs_task",
            "module.ecs.aws_lb.main",
            "module.ecs.aws_lb_listener.http",
            "module.ecs.aws_lb_target_group.main",
            "module.ecs.aws_security_group.alb",
            "module.ecs.aws_security_group.ecs",
            "module.ecs.data.aws_region.current",
            "module.vpc.aws_subnet.private",
            "module.vpc.aws_subnet.public",
            "module.vpc.aws_vpc.main",
            "module.vpc.data.aws_availability_zones.available"
          ]
        }
      ]
    },
    {
      "module": "module.ecs",
      "mode": "managed",
      "type": "aws_ecs_task_definition",
      "name": "api",
      "provider": "provider[\"registry.terraform.io/hashicorp/aws\"]",
      "instances": [
        {
          "schema_version": 1,
          "attributes": {
            "arn": "arn:aws:ecs:us-east-1:672626785844:task-definition/daysi-prod-api:1",
            "arn_without_revision": "arn:aws:ecs:us-east-1:672626785844:task-definition/daysi-prod-api",
            "container_definitions": "[{\"environment\":[{\"name\":\"DAYSI_ENV\",\"value\":\"prod\"},{\"name\":\"DAYSI_RUNTIME_PROFILE\",\"value\":\"cutover\"}],\"essential\":true,\"image\":\"672626785844.dkr.ecr.us-east-1.amazonaws.com/daysi/prod/api:latest\",\"logConfiguration\":{\"logDriver\":\"awslogs\",\"options\":{\"awslogs-group\":\"/ecs/daysi-prod\",\"awslogs-region\":\"us-east-1\",\"awslogs-stream-prefix\":\"ecs\"}},\"mountPoints\":[],\"name\":\"api\",\"portMappings\":[{\"containerPort\":4010,\"hostPort\":4010,\"protocol\":\"tcp\"}],\"secrets\":[{\"name\":\"DATABASE_URL\",\"valueFrom\":\"arn:aws:secretsmanager:*:*:secret:daysi/prod/aurora/master-password\"}],\"systemControls\":[],\"volumesFrom\":[]}]",
            "cpu": "512",
            "enable_fault_injection": false,
            "ephemeral_storage": [],
            "execution_role_arn": "arn:aws:iam::672626785844:role/daysi-prod-ecs-execution-role",
            "family": "daysi-prod-api",
            "id": "daysi-prod-api",
            "inference_accelerator": [],
            "ipc_mode": "",
            "memory": "1024",
            "network_mode": "awsvpc",
            "pid_mode": "",
            "placement_constraints": [],
            "proxy_configuration": [],
            "requires_compatibilities": [
              "FARGATE"
            ],
            "revision": 1,
            "runtime_platform": [],
            "skip_destroy": false,
            "tags": {
              "CostCenter": "daysi",
              "Environment": "prod",
              "ManagedBy": "terraform",
              "Module": "ecs",
              "Name": "daysi-prod-api",
              "Project": "daysi"
            },
            "tags_all": {
              "CostCenter": "daysi",
              "Environment": "prod",
              "ManagedBy": "terraform",
              "Module": "ecs",
              "Name": "daysi-prod-api",
              "Project": "daysi"
            },
            "task_role_arn": "arn:aws:iam::672626785844:role/daysi-prod-ecs-task-role",
            "track_latest": false,
            "volume": []
          },
          "sensitive_attributes": [],
          "identity_schema_version": 0,
          "private": "eyJzY2hlbWFfdmVyc2lvbiI6IjEifQ==",
          "dependencies": [
            "module.ecs.aws_cloudwatch_log_group.ecs",
            "module.ecs.aws_ecr_repository.api",
            "module.ecs.aws_iam_role.ecs_execution",
            "module.ecs.aws_iam_role.ecs_task",
            "module.ecs.data.aws_region.current"
          ]
        }
      ]
    },
    {
      "module": "module.ecs",
      "mode": "managed",
      "type": "aws_iam_role",
      "name": "ecs_execution",
      "provider": "provider[\"registry.terraform.io/hashicorp/aws\"]",
      "instances": [
        {
          "schema_version": 0,
          "attributes": {
            "arn": "arn:aws:iam::672626785844:role/daysi-prod-ecs-execution-role",
            "assume_role_policy": "{\"Statement\":[{\"Action\":\"sts:AssumeRole\",\"Effect\":\"Allow\",\"Principal\":{\"Service\":\"ecs-tasks.amazonaws.com\"}}],\"Version\":\"2012-10-17\"}",
            "create_date": "2026-03-09T20:41:09Z",
            "description": "",
            "force_detach_policies": false,
            "id": "daysi-prod-ecs-execution-role",
            "inline_policy": [
              {
                "name": "daysi-prod-ecs-execution-secrets",
                "policy": "{\"Version\":\"2012-10-17\",\"Statement\":[{\"Action\":[\"secretsmanager:GetSecretValue\"],\"Effect\":\"Allow\",\"Resource\":\"arn:aws:secretsmanager:*:*:secret:daysi/prod/*\"}]}"
              }
            ],
            "managed_policy_arns": [
              "arn:aws:iam::aws:policy/service-role/AmazonECSTaskExecutionRolePolicy"
            ],
            "max_session_duration": 3600,
            "name": "daysi-prod-ecs-execution-role",
            "name_prefix": "",
            "path": "/",
            "permissions_boundary": "",
            "tags": {
              "CostCenter": "daysi",
              "Environment": "prod",
              "ManagedBy": "terraform",
              "Module": "ecs",
              "Project": "daysi"
            },
            "tags_all": {
              "CostCenter": "daysi",
              "Environment": "prod",
              "ManagedBy": "terraform",
              "Module": "ecs",
              "Project": "daysi"
            },
            "unique_id": "AROAZZG5OHY2OWNHJGDLT"
          },
          "sensitive_attributes": [],
          "identity_schema_version": 0,
          "private": "bnVsbA=="
        }
      ]
    },
    {
      "module": "module.ecs",
      "mode": "managed",
      "type": "aws_iam_role",
      "name": "ecs_task",
      "provider": "provider[\"registry.terraform.io/hashicorp/aws\"]",
      "instances": [
        {
          "schema_version": 0,
          "attributes": {
            "arn": "arn:aws:iam::672626785844:role/daysi-prod-ecs-task-role",
            "assume_role_policy": "{\"Statement\":[{\"Action\":\"sts:AssumeRole\",\"Effect\":\"Allow\",\"Principal\":{\"Service\":\"ecs-tasks.amazonaws.com\"}}],\"Version\":\"2012-10-17\"}",
            "create_date": "2026-03-09T20:41:09Z",
            "description": "",
            "force_detach_policies": false,
            "id": "daysi-prod-ecs-task-role",
            "inline_policy": [],
            "managed_policy_arns": [],
            "max_session_duration": 3600,
            "name": "daysi-prod-ecs-task-role",
            "name_prefix": "",
            "path": "/",
            "permissions_boundary": "",
            "tags": {
              "CostCenter": "daysi",
              "Environment": "prod",
              "ManagedBy": "terraform",
              "Module": "ecs",
              "Project": "daysi"
            },
            "tags_all": {
              "CostCenter": "daysi",
              "Environment": "prod",
              "ManagedBy": "terraform",
              "Module": "ecs",
              "Project": "daysi"
            },
            "unique_id": "AROAZZG5OHY2J7NLTWRYK"
          },
          "sensitive_attributes": [],
          "identity_schema_version": 0,
          "private": "bnVsbA=="
        }
      ]
    },
    {
      "module": "module.ecs",
      "mode": "managed",
      "type": "aws_iam_role_policy",
      "name": "ecs_execution_secrets",
      "provider": "provider[\"registry.terraform.io/hashicorp/aws\"]",
      "instances": [
        {
          "schema_version": 0,
          "attributes": {
            "id": "daysi-prod-ecs-execution-role:daysi-prod-ecs-execution-secrets",
            "name": "daysi-prod-ecs-execution-secrets",
            "name_prefix": "",
            "policy": "{\"Version\":\"2012-10-17\",\"Statement\":[{\"Action\":[\"secretsmanager:GetSecretValue\"],\"Effect\":\"Allow\",\"Resource\":\"arn:aws:secretsmanager:*:*:secret:daysi/prod/*\"}]}",
            "role": "daysi-prod-ecs-execution-role"
          },
          "sensitive_attributes": [],
          "identity_schema_version": 0,
          "private": "bnVsbA==",
          "dependencies": [
            "module.ecs.aws_iam_role.ecs_execution"
          ]
        }
      ]
    },
    {
      "module": "module.ecs",
      "mode": "managed",
      "type": "aws_iam_role_policy_attachment",
      "name": "ecs_execution",
      "provider": "provider[\"registry.terraform.io/hashicorp/aws\"]",
      "instances": [
        {
          "schema_version": 0,
          "attributes": {
            "id": "daysi-prod-ecs-execution-role-20260309204111071300000002",
            "policy_arn": "arn:aws:iam::aws:policy/service-role/AmazonECSTaskExecutionRolePolicy",
            "role": "daysi-prod-ecs-execution-role"
          },
          "sensitive_attributes": [],
          "identity_schema_version": 0,
          "private": "bnVsbA==",
          "dependencies": [
            "module.ecs.aws_iam_role.ecs_execution"
          ]
        }
      ]
    },
    {
      "module": "module.ecs",
      "mode": "managed",
      "type": "aws_lb",
      "name": "main",
      "provider": "provider[\"registry.terraform.io/hashicorp/aws\"]",
      "instances": [
        {
          "schema_version": 0,
          "attributes": {
            "access_logs": [
              {
                "bucket": "",
                "enabled": false,
                "prefix": ""
              }
            ],
            "arn": "arn:aws:elasticloadbalancing:us-east-1:672626785844:loadbalancer/app/daysi-prod-alb/e038151ad9cf2237",
            "arn_suffix": "app/daysi-prod-alb/e038151ad9cf2237",
            "client_keep_alive": 3600,
            "connection_logs": [
              {
                "bucket": "",
                "enabled": false,
                "prefix": ""
              }
            ],
            "customer_owned_ipv4_pool": "",
            "desync_mitigation_mode": "defensive",
            "dns_name": "daysi-prod-alb-1965252367.us-east-1.elb.amazonaws.com",
            "dns_record_client_routing_policy": null,
            "drop_invalid_header_fields": false,
            "enable_cross_zone_load_balancing": true,
            "enable_deletion_protection": true,
            "enable_http2": true,
            "enable_tls_version_and_cipher_suite_headers": false,
            "enable_waf_fail_open": false,
            "enable_xff_client_port": false,
            "enable_zonal_shift": false,
            "enforce_security_group_inbound_rules_on_private_link_traffic": "",
            "id": "arn:aws:elasticloadbalancing:us-east-1:672626785844:loadbalancer/app/daysi-prod-alb/e038151ad9cf2237",
            "idle_timeout": 60,
            "internal": false,
            "ip_address_type": "ipv4",
            "ipam_pools": [],
            "load_balancer_type": "application",
            "minimum_load_balancer_capacity": [],
            "name": "daysi-prod-alb",
            "name_prefix": "",
            "preserve_host_header": false,
            "security_groups": [
              "sg-09294d4d0d18e635a"
            ],
            "subnet_mapping": [
              {
                "allocation_id": "",
                "ipv6_address": "",
                "outpost_id": "",
                "private_ipv4_address": "",
                "subnet_id": "subnet-0bae9d5f6734ac9e0"
              },
              {
                "allocation_id": "",
                "ipv6_address": "",
                "outpost_id": "",
                "private_ipv4_address": "",
                "subnet_id": "subnet-0e94f971d57b8e42b"
              },
              {
                "allocation_id": "",
                "ipv6_address": "",
                "outpost_id": "",
                "private_ipv4_address": "",
                "subnet_id": "subnet-0f467711312e8de78"
              }
            ],
            "subnets": [
              "subnet-0bae9d5f6734ac9e0",
              "subnet-0e94f971d57b8e42b",
              "subnet-0f467711312e8de78"
            ],
            "tags": {
              "CostCenter": "daysi",
              "Environment": "prod",
              "ManagedBy": "terraform",
              "Module": "ecs",
              "Name": "daysi-prod-alb",
              "Project": "daysi"
            },
            "tags_all": {
              "CostCenter": "daysi",
              "Environment": "prod",
              "ManagedBy": "terraform",
              "Module": "ecs",
              "Name": "daysi-prod-alb",
              "Project": "daysi"
            },
            "timeouts": null,
            "vpc_id": "vpc-0b7522b66f994223a",
            "xff_header_processing_mode": "append",
            "zone_id": "Z35SXDOTRQ7X7K"
          },
          "sensitive_attributes": [],
          "identity_schema_version": 0,
          "private": "eyJlMmJmYjczMC1lY2FhLTExZTYtOGY4OC0zNDM2M2JjN2M0YzAiOnsiY3JlYXRlIjo2MDAwMDAwMDAwMDAsImRlbGV0ZSI6NjAwMDAwMDAwMDAwLCJ1cGRhdGUiOjYwMDAwMDAwMDAwMH19",
          "dependencies": [
            "module.ecs.aws_security_group.alb",
            "module.vpc.aws_subnet.public",
            "module.vpc.aws_vpc.main",
            "module.vpc.data.aws_availability_zones.available"
          ]
        }
      ]
    },
    {
      "module": "module.ecs",
      "mode": "managed",
      "type": "aws_lb_listener",
      "name": "http",
      "provider": "provider[\"registry.terraform.io/hashicorp/aws\"]",
      "instances": [
        {
          "schema_version": 0,
          "attributes": {
            "alpn_policy": null,
            "arn": "arn:aws:elasticloadbalancing:us-east-1:672626785844:listener/app/daysi-prod-alb/e038151ad9cf2237/19c9475a4eb64116",
            "certificate_arn": null,
            "default_action": [
              {
                "authenticate_cognito": [],
                "authenticate_oidc": [],
                "fixed_response": [],
                "forward": [],
                "order": 1,
                "redirect": [],
                "target_group_arn": "arn:aws:elasticloadbalancing:us-east-1:672626785844:targetgroup/daysi-prod-tg/cd1a6738226ff0d2",
                "type": "forward"
              }
            ],
            "id": "arn:aws:elasticloadbalancing:us-east-1:672626785844:listener/app/daysi-prod-alb/e038151ad9cf2237/19c9475a4eb64116",
            "load_balancer_arn": "arn:aws:elasticloadbalancing:us-east-1:672626785844:loadbalancer/app/daysi-prod-alb/e038151ad9cf2237",
            "mutual_authentication": [],
            "port": 80,
            "protocol": "HTTP",
            "routing_http_request_x_amzn_mtls_clientcert_header_name": null,
            "routing_http_request_x_amzn_mtls_clientcert_issuer_header_name": null,
            "routing_http_request_x_amzn_mtls_clientcert_leaf_header_name": null,
            "routing_http_request_x_amzn_mtls_clientcert_serial_number_header_name": null,
            "routing_http_request_x_amzn_mtls_clientcert_subject_header_name": null,
            "routing_http_request_x_amzn_mtls_clientcert_validity_header_name": null,
            "routing_http_request_x_amzn_tls_cipher_suite_header_name": null,
            "routing_http_request_x_amzn_tls_version_header_name": null,
            "routing_http_response_access_control_allow_credentials_header_value": "",
            "routing_http_response_access_control_allow_headers_header_value": "",
            "routing_http_response_access_control_allow_methods_header_value": "",
            "routing_http_response_access_control_allow_origin_header_value": "",
            "routing_http_response_access_control_expose_headers_header_value": "",
            "routing_http_response_access_control_max_age_header_value": "",
            "routing_http_response_content_security_policy_header_value": "",
            "routing_http_response_server_enabled": true,
            "routing_http_response_strict_transport_security_header_value": "",
            "routing_http_response_x_content_type_options_header_value": "",
            "routing_http_response_x_frame_options_header_value": "",
            "ssl_policy": "",
            "tags": {},
            "tags_all": {
              "CostCenter": "daysi",
              "Environment": "prod",
              "ManagedBy": "terraform",
              "Project": "daysi"
            },
            "tcp_idle_timeout_seconds": null,
            "timeouts": null
          },
          "sensitive_attributes": [],
          "identity_schema_version": 0,
          "private": "eyJlMmJmYjczMC1lY2FhLTExZTYtOGY4OC0zNDM2M2JjN2M0YzAiOnsiY3JlYXRlIjozMDAwMDAwMDAwMDAsInVwZGF0ZSI6MzAwMDAwMDAwMDAwfX0=",
          "dependencies": [
            "module.ecs.aws_lb.main",
            "module.ecs.aws_lb_target_group.main",
            "module.ecs.aws_security_group.alb",
            "module.vpc.aws_subnet.public",
            "module.vpc.aws_vpc.main",
            "module.vpc.data.aws_availability_zones.available"
          ]
        }
      ]
    },
    {
      "module": "module.ecs",
      "mode": "managed",
      "type": "aws_lb_target_group",
      "name": "main",
      "provider": "provider[\"registry.terraform.io/hashicorp/aws\"]",
      "instances": [
        {
          "schema_version": 0,
          "attributes": {
            "arn": "arn:aws:elasticloadbalancing:us-east-1:672626785844:targetgroup/daysi-prod-tg/cd1a6738226ff0d2",
            "arn_suffix": "targetgroup/daysi-prod-tg/cd1a6738226ff0d2",
            "connection_termination": null,
            "deregistration_delay": "300",
            "health_check": [
              {
                "enabled": true,
                "healthy_threshold": 2,
                "interval": 30,
                "matcher": "200",
                "path": "/v1/health",
                "port": "traffic-port",
                "protocol": "HTTP",
                "timeout": 5,
                "unhealthy_threshold": 3
              }
            ],
            "id": "arn:aws:elasticloadbalancing:us-east-1:672626785844:targetgroup/daysi-prod-tg/cd1a6738226ff0d2",
            "ip_address_type": "ipv4",
            "lambda_multi_value_headers_enabled": false,
            "load_balancer_arns": [
              "arn:aws:elasticloadbalancing:us-east-1:672626785844:loadbalancer/app/daysi-prod-alb/e038151ad9cf2237"
            ],
            "load_balancing_algorithm_type": "round_robin",
            "load_balancing_anomaly_mitigation": "off",
            "load_balancing_cross_zone_enabled": "use_load_balancer_configuration",
            "name": "daysi-prod-tg",
            "name_prefix": "",
            "port": 4010,
            "preserve_client_ip": null,
            "protocol": "HTTP",
            "protocol_version": "HTTP1",
            "proxy_protocol_v2": false,
            "slow_start": 0,
            "stickiness": [
              {
                "cookie_duration": 86400,
                "cookie_name": "",
                "enabled": false,
                "type": "lb_cookie"
              }
            ],
            "tags": {
              "CostCenter": "daysi",
              "Environment": "prod",
              "ManagedBy": "terraform",
              "Module": "ecs",
              "Name": "daysi-prod-tg",
              "Project": "daysi"
            },
            "tags_all": {
              "CostCenter": "daysi",
              "Environment": "prod",
              "ManagedBy": "terraform",
              "Module": "ecs",
              "Name": "daysi-prod-tg",
              "Project": "daysi"
            },
            "target_failover": [
              {
                "on_deregistration": null,
                "on_unhealthy": null
              }
            ],
            "target_group_health": [
              {
                "dns_failover": [
                  {
                    "minimum_healthy_targets_count": "1",
                    "minimum_healthy_targets_percentage": "off"
                  }
                ],
                "unhealthy_state_routing": [
                  {
                    "minimum_healthy_targets_count": 1,
                    "minimum_healthy_targets_percentage": "off"
                  }
                ]
              }
            ],
            "target_health_state": [
              {
                "enable_unhealthy_connection_termination": null,
                "unhealthy_draining_interval": null
              }
            ],
            "target_type": "ip",
            "vpc_id": "vpc-0b7522b66f994223a"
          },
          "sensitive_attributes": [],
          "identity_schema_version": 0,
          "private": "bnVsbA==",
          "dependencies": [
            "module.vpc.aws_vpc.main"
          ],
          "create_before_destroy": true
        }
      ]
    },
    {
      "module": "module.ecs",
      "mode": "managed",
      "type": "aws_security_group",
      "name": "alb",
      "provider": "provider[\"registry.terraform.io/hashicorp/aws\"]",
      "instances": [
        {
          "schema_version": 1,
          "attributes": {
            "arn": "arn:aws:ec2:us-east-1:672626785844:security-group/sg-09294d4d0d18e635a",
            "description": "Security group for Application Load Balancer",
            "egress": [
              {
                "cidr_blocks": [
                  "0.0.0.0/0"
                ],
                "description": "Allow all outbound",
                "from_port": 0,
                "ipv6_cidr_blocks": [],
                "prefix_list_ids": [],
                "protocol": "-1",
                "security_groups": [],
                "self": false,
                "to_port": 0
              }
            ],
            "id": "sg-09294d4d0d18e635a",
            "ingress": [
              {
                "cidr_blocks": [
                  "0.0.0.0/0"
                ],
                "description": "HTTP from anywhere",
                "from_port": 80,
                "ipv6_cidr_blocks": [],
                "prefix_list_ids": [],
                "protocol": "tcp",
                "security_groups": [],
                "self": false,
                "to_port": 80
              },
              {
                "cidr_blocks": [
                  "0.0.0.0/0"
                ],
                "description": "HTTPS from anywhere",
                "from_port": 443,
                "ipv6_cidr_blocks": [],
                "prefix_list_ids": [],
                "protocol": "tcp",
                "security_groups": [],
                "self": false,
                "to_port": 443
              }
            ],
            "name": "daysi-prod-alb-20260309204109286800000001",
            "name_prefix": "daysi-prod-alb-",
            "owner_id": "672626785844",
            "revoke_rules_on_delete": false,
            "tags": {
              "CostCenter": "daysi",
              "Environment": "prod",
              "ManagedBy": "terraform",
              "Module": "ecs",
              "Name": "daysi-prod-alb-sg",
              "Project": "daysi"
            },
            "tags_all": {
              "CostCenter": "daysi",
              "Environment": "prod",
              "ManagedBy": "terraform",
              "Module": "ecs",
              "Name": "daysi-prod-alb-sg",
              "Project": "daysi"
            },
            "timeouts": null,
            "vpc_id": "vpc-0b7522b66f994223a"
          },
          "sensitive_attributes": [],
          "identity_schema_version": 0,
          "private": "eyJlMmJmYjczMC1lY2FhLTExZTYtOGY4OC0zNDM2M2JjN2M0YzAiOnsiY3JlYXRlIjo2MDAwMDAwMDAwMDAsImRlbGV0ZSI6OTAwMDAwMDAwMDAwfSwic2NoZW1hX3ZlcnNpb24iOiIxIn0=",
          "dependencies": [
            "module.vpc.aws_vpc.main"
          ],
          "create_before_destroy": true
        }
      ]
    },
    {
      "module": "module.ecs",
      "mode": "managed",
      "type": "aws_security_group",
      "name": "ecs",
      "provider": "provider[\"registry.terraform.io/hashicorp/aws\"]",
      "instances": [
        {
          "schema_version": 1,
          "attributes": {
            "arn": "arn:aws:ec2:us-east-1:672626785844:security-group/sg-007a084891e552466",
            "description": "Security group for ECS tasks",
            "egress": [
              {
                "cidr_blocks": [
                  "0.0.0.0/0"
                ],
                "description": "Allow all outbound",
                "from_port": 0,
                "ipv6_cidr_blocks": [],
                "prefix_list_ids": [],
                "protocol": "-1",
                "security_groups": [],
                "self": false,
                "to_port": 0
              }
            ],
            "id": "sg-007a084891e552466",
            "ingress": [
              {
                "cidr_blocks": [],
                "description": "Container port from ALB",
                "from_port": 4010,
                "ipv6_cidr_blocks": [],
                "prefix_list_ids": [],
                "protocol": "tcp",
                "security_groups": [
                  "sg-09294d4d0d18e635a"
                ],
                "self": false,
                "to_port": 4010
              }
            ],
            "name": "daysi-prod-ecs-20260309204114289300000003",
            "name_prefix": "daysi-prod-ecs-",
            "owner_id": "672626785844",
            "revoke_rules_on_delete": false,
            "tags": {
              "CostCenter": "daysi",
              "Environment": "prod",
              "ManagedBy": "terraform",
              "Module": "ecs",
              "Name": "daysi-prod-ecs-sg",
              "Project": "daysi"
            },
            "tags_all": {
              "CostCenter": "daysi",
              "Environment": "prod",
              "ManagedBy": "terraform",
              "Module": "ecs",
              "Name": "daysi-prod-ecs-sg",
              "Project": "daysi"
            },
            "timeouts": null,
            "vpc_id": "vpc-0b7522b66f994223a"
          },
          "sensitive_attributes": [],
          "identity_schema_version": 0,
          "private": "eyJlMmJmYjczMC1lY2FhLTExZTYtOGY4OC0zNDM2M2JjN2M0YzAiOnsiY3JlYXRlIjo2MDAwMDAwMDAwMDAsImRlbGV0ZSI6OTAwMDAwMDAwMDAwfSwic2NoZW1hX3ZlcnNpb24iOiIxIn0=",
          "dependencies": [
            "module.ecs.aws_security_group.alb",
            "module.vpc.aws_vpc.main"
          ],
          "create_before_destroy": true
        }
      ]
    },
    {
      "module": "module.s3",
      "mode": "managed",
      "type": "aws_s3_bucket",
      "name": "archives",
      "provider": "provider[\"registry.terraform.io/hashicorp/aws\"]",
      "instances": [
        {
          "schema_version": 0,
          "attributes": {
            "acceleration_status": "",
            "acl": null,
            "arn": "arn:aws:s3:::daysi-prod-archives-0b76fbf2",
            "bucket": "daysi-prod-archives-0b76fbf2",
            "bucket_domain_name": "daysi-prod-archives-0b76fbf2.s3.amazonaws.com",
            "bucket_prefix": "",
            "bucket_regional_domain_name": "daysi-prod-archives-0b76fbf2.s3.us-east-1.amazonaws.com",
            "cors_rule": [],
            "force_destroy": false,
            "grant": [
              {
                "id": "4930a7689e91559da6594aac928e648cd1b72632ee4ca9946a7f7f87ee5b1900",
                "permissions": [
                  "FULL_CONTROL"
                ],
                "type": "CanonicalUser",
                "uri": ""
              }
            ],
            "hosted_zone_id": "Z3AQBSTGFYJSTF",
            "id": "daysi-prod-archives-0b76fbf2",
            "lifecycle_rule": [],
            "logging": [],
            "object_lock_configuration": [],
            "object_lock_enabled": false,
            "policy": "",
            "region": "us-east-1",
            "replication_configuration": [],
            "request_payer": "BucketOwner",
            "server_side_encryption_configuration": [
              {
                "rule": [
                  {
                    "apply_server_side_encryption_by_default": [
                      {
                        "kms_master_key_id": "",
                        "sse_algorithm": "AES256"
                      }
                    ],
                    "bucket_key_enabled": false
                  }
                ]
              }
            ],
            "tags": {
              "CostCenter": "daysi",
              "Environment": "prod",
              "ManagedBy": "terraform",
              "Module": "s3",
              "Name": "daysi-prod-archives",
              "Project": "daysi"
            },
            "tags_all": {
              "CostCenter": "daysi",
              "Environment": "prod",
              "ManagedBy": "terraform",
              "Module": "s3",
              "Name": "daysi-prod-archives",
              "Project": "daysi"
            },
            "timeouts": null,
            "versioning": [
              {
                "enabled": false,
                "mfa_delete": false
              }
            ],
            "website": [],
            "website_domain": null,
            "website_endpoint": null
          },
          "sensitive_attributes": [],
          "identity_schema_version": 0,
          "private": "eyJlMmJmYjczMC1lY2FhLTExZTYtOGY4OC0zNDM2M2JjN2M0YzAiOnsiY3JlYXRlIjoxMjAwMDAwMDAwMDAwLCJkZWxldGUiOjM2MDAwMDAwMDAwMDAsInJlYWQiOjEyMDAwMDAwMDAwMDAsInVwZGF0ZSI6MTIwMDAwMDAwMDAwMH19",
          "dependencies": [
            "module.s3.random_id.bucket"
          ]
        }
      ]
    },
    {
      "module": "module.s3",
      "mode": "managed",
      "type": "aws_s3_bucket",
      "name": "assets",
      "provider": "provider[\"registry.terraform.io/hashicorp/aws\"]",
      "instances": [
        {
          "schema_version": 0,
          "attributes": {
            "acceleration_status": "",
            "acl": null,
            "arn": "arn:aws:s3:::daysi-prod-assets-0b76fbf2",
            "bucket": "daysi-prod-assets-0b76fbf2",
            "bucket_domain_name": "daysi-prod-assets-0b76fbf2.s3.amazonaws.com",
            "bucket_prefix": "",
            "bucket_regional_domain_name": "daysi-prod-assets-0b76fbf2.s3.us-east-1.amazonaws.com",
            "cors_rule": [],
            "force_destroy": false,
            "grant": [
              {
                "id": "4930a7689e91559da6594aac928e648cd1b72632ee4ca9946a7f7f87ee5b1900",
                "permissions": [
                  "FULL_CONTROL"
                ],
                "type": "CanonicalUser",
                "uri": ""
              }
            ],
            "hosted_zone_id": "Z3AQBSTGFYJSTF",
            "id": "daysi-prod-assets-0b76fbf2",
            "lifecycle_rule": [],
            "logging": [],
            "object_lock_configuration": [],
            "object_lock_enabled": false,
            "policy": "",
            "region": "us-east-1",
            "replication_configuration": [],
            "request_payer": "BucketOwner",
            "server_side_encryption_configuration": [
              {
                "rule": [
                  {
                    "apply_server_side_encryption_by_default": [
                      {
                        "kms_master_key_id": "",
                        "sse_algorithm": "AES256"
                      }
                    ],
                    "bucket_key_enabled": false
                  }
                ]
              }
            ],
            "tags": {
              "CostCenter": "daysi",
              "Environment": "prod",
              "ManagedBy": "terraform",
              "Module": "s3",
              "Name": "daysi-prod-assets",
              "Project": "daysi"
            },
            "tags_all": {
              "CostCenter": "daysi",
              "Environment": "prod",
              "ManagedBy": "terraform",
              "Module": "s3",
              "Name": "daysi-prod-assets",
              "Project": "daysi"
            },
            "timeouts": null,
            "versioning": [
              {
                "enabled": false,
                "mfa_delete": false
              }
            ],
            "website": [],
            "website_domain": null,
            "website_endpoint": null
          },
          "sensitive_attributes": [],
          "identity_schema_version": 0,
          "private": "eyJlMmJmYjczMC1lY2FhLTExZTYtOGY4OC0zNDM2M2JjN2M0YzAiOnsiY3JlYXRlIjoxMjAwMDAwMDAwMDAwLCJkZWxldGUiOjM2MDAwMDAwMDAwMDAsInJlYWQiOjEyMDAwMDAwMDAwMDAsInVwZGF0ZSI6MTIwMDAwMDAwMDAwMH19",
          "dependencies": [
            "module.s3.random_id.bucket"
          ]
        }
      ]
    },
    {
      "module": "module.s3",
      "mode": "managed",
      "type": "aws_s3_bucket",
      "name": "exports",
      "provider": "provider[\"registry.terraform.io/hashicorp/aws\"]",
      "instances": [
        {
          "schema_version": 0,
          "attributes": {
            "acceleration_status": "",
            "acl": null,
            "arn": "arn:aws:s3:::daysi-prod-exports-0b76fbf2",
            "bucket": "daysi-prod-exports-0b76fbf2",
            "bucket_domain_name": "daysi-prod-exports-0b76fbf2.s3.amazonaws.com",
            "bucket_prefix": "",
            "bucket_regional_domain_name": "daysi-prod-exports-0b76fbf2.s3.us-east-1.amazonaws.com",
            "cors_rule": [],
            "force_destroy": false,
            "grant": [
              {
                "id": "4930a7689e91559da6594aac928e648cd1b72632ee4ca9946a7f7f87ee5b1900",
                "permissions": [
                  "FULL_CONTROL"
                ],
                "type": "CanonicalUser",
                "uri": ""
              }
            ],
            "hosted_zone_id": "Z3AQBSTGFYJSTF",
            "id": "daysi-prod-exports-0b76fbf2",
            "lifecycle_rule": [],
            "logging": [],
            "object_lock_configuration": [],
            "object_lock_enabled": false,
            "policy": "",
            "region": "us-east-1",
            "replication_configuration": [],
            "request_payer": "BucketOwner",
            "server_side_encryption_configuration": [
              {
                "rule": [
                  {
                    "apply_server_side_encryption_by_default": [
                      {
                        "kms_master_key_id": "",
                        "sse_algorithm": "AES256"
                      }
                    ],
                    "bucket_key_enabled": false
                  }
                ]
              }
            ],
            "tags": {
              "CostCenter": "daysi",
              "Environment": "prod",
              "ManagedBy": "terraform",
              "Module": "s3",
              "Name": "daysi-prod-exports",
              "Project": "daysi"
            },
            "tags_all": {
              "CostCenter": "daysi",
              "Environment": "prod",
              "ManagedBy": "terraform",
              "Module": "s3",
              "Name": "daysi-prod-exports",
              "Project": "daysi"
            },
            "timeouts": null,
            "versioning": [
              {
                "enabled": false,
                "mfa_delete": false
              }
            ],
            "website": [],
            "website_domain": null,
            "website_endpoint": null
          },
          "sensitive_attributes": [],
          "identity_schema_version": 0,
          "private": "eyJlMmJmYjczMC1lY2FhLTExZTYtOGY4OC0zNDM2M2JjN2M0YzAiOnsiY3JlYXRlIjoxMjAwMDAwMDAwMDAwLCJkZWxldGUiOjM2MDAwMDAwMDAwMDAsInJlYWQiOjEyMDAwMDAwMDAwMDAsInVwZGF0ZSI6MTIwMDAwMDAwMDAwMH19",
          "dependencies": [
            "module.s3.random_id.bucket"
          ]
        }
      ]
    },
    {
      "module": "module.s3",
      "mode": "managed",
      "type": "aws_s3_bucket_cors_configuration",
      "name": "assets",
      "provider": "provider[\"registry.terraform.io/hashicorp/aws\"]",
      "instances": [
        {
          "schema_version": 0,
          "attributes": {
            "bucket": "daysi-prod-assets-0b76fbf2",
            "cors_rule": [
              {
                "allowed_headers": [
                  "*"
                ],
                "allowed_methods": [
                  "DELETE",
                  "GET",
                  "POST",
                  "PUT"
                ],
                "allowed_origins": [
                  "*"
                ],
                "expose_headers": [],
                "id": "",
                "max_age_seconds": 3000
              }
            ],
            "expected_bucket_owner": "",
            "id": "daysi-prod-assets-0b76fbf2"
          },
          "sensitive_attributes": [],
          "identity_schema_version": 0,
          "private": "bnVsbA==",
          "dependencies": [
            "module.s3.aws_s3_bucket.assets",
            "module.s3.random_id.bucket"
          ]
        }
      ]
    },
    {
      "module": "module.s3",
      "mode": "managed",
      "type": "aws_s3_bucket_lifecycle_configuration",
      "name": "archives",
      "provider": "provider[\"registry.terraform.io/hashicorp/aws\"]",
      "instances": [
        {
          "schema_version": 1,
          "attributes": {
            "bucket": "daysi-prod-archives-0b76fbf2",
            "expected_bucket_owner": "",
            "id": "daysi-prod-archives-0b76fbf2",
            "rule": [
              {
                "abort_incomplete_multipart_upload": [],
                "expiration": [
                  {
                    "date": null,
                    "days": 2555,
                    "expired_object_delete_marker": false
                  }
                ],
                "filter": [
                  {
                    "and": [],
                    "object_size_greater_than": null,
                    "object_size_less_than": null,
                    "prefix": "",
                    "tag": []
                  }
                ],
                "id": "transition-to-glacier",
                "noncurrent_version_expiration": [],
                "noncurrent_version_transition": [
                  {
                    "newer_noncurrent_versions": null,
                    "noncurrent_days": 30,
                    "storage_class": "GLACIER"
                  }
                ],
                "prefix": "",
                "status": "Enabled",
                "transition": [
                  {
                    "date": null,
                    "days": 90,
                    "storage_class": "GLACIER"
                  }
                ]
              }
            ],
            "timeouts": null,
            "transition_default_minimum_object_size": "all_storage_classes_128K"
          },
          "sensitive_attributes": [],
          "identity_schema_version": 0,
          "dependencies": [
            "module.s3.aws_s3_bucket.archives",
            "module.s3.random_id.bucket"
          ]
        }
      ]
    },
    {
      "module": "module.s3",
      "mode": "managed",
      "type": "aws_s3_bucket_lifecycle_configuration",
      "name": "exports",
      "provider": "provider[\"registry.terraform.io/hashicorp/aws\"]",
      "instances": [
        {
          "schema_version": 1,
          "attributes": {
            "bucket": "daysi-prod-exports-0b76fbf2",
            "expected_bucket_owner": "",
            "id": "daysi-prod-exports-0b76fbf2",
            "rule": [
              {
                "abort_incomplete_multipart_upload": [],
                "expiration": [
                  {
                    "date": null,
                    "days": 30,
                    "expired_object_delete_marker": false
                  }
                ],
                "filter": [
                  {
                    "and": [],
                    "object_size_greater_than": null,
                    "object_size_less_than": null,
                    "prefix": "",
                    "tag": []
                  }
                ],
                "id": "delete-old-exports",
                "noncurrent_version_expiration": [],
                "noncurrent_version_transition": [],
                "prefix": "",
                "status": "Enabled",
                "transition": []
              }
            ],
            "timeouts": null,
            "transition_default_minimum_object_size": "all_storage_classes_128K"
          },
          "sensitive_attributes": [],
          "identity_schema_version": 0,
          "dependencies": [
            "module.s3.aws_s3_bucket.exports",
            "module.s3.random_id.bucket"
          ]
        }
      ]
    },
    {
      "module": "module.s3",
      "mode": "managed",
      "type": "aws_s3_bucket_public_access_block",
      "name": "archives",
      "provider": "provider[\"registry.terraform.io/hashicorp/aws\"]",
      "instances": [
        {
          "schema_version": 0,
          "attributes": {
            "block_public_acls": true,
            "block_public_policy": true,
            "bucket": "daysi-prod-archives-0b76fbf2",
            "id": "daysi-prod-archives-0b76fbf2",
            "ignore_public_acls": true,
            "restrict_public_buckets": true
          },
          "sensitive_attributes": [],
          "identity_schema_version": 0,
          "private": "bnVsbA==",
          "dependencies": [
            "module.s3.aws_s3_bucket.archives",
            "module.s3.random_id.bucket"
          ]
        }
      ]
    },
    {
      "module": "module.s3",
      "mode": "managed",
      "type": "aws_s3_bucket_public_access_block",
      "name": "assets",
      "provider": "provider[\"registry.terraform.io/hashicorp/aws\"]",
      "instances": [
        {
          "schema_version": 0,
          "attributes": {
            "block_public_acls": true,
            "block_public_policy": true,
            "bucket": "daysi-prod-assets-0b76fbf2",
            "id": "daysi-prod-assets-0b76fbf2",
            "ignore_public_acls": true,
            "restrict_public_buckets": true
          },
          "sensitive_attributes": [],
          "identity_schema_version": 0,
          "private": "bnVsbA==",
          "dependencies": [
            "module.s3.aws_s3_bucket.assets",
            "module.s3.random_id.bucket"
          ]
        }
      ]
    },
    {
      "module": "module.s3",
      "mode": "managed",
      "type": "aws_s3_bucket_public_access_block",
      "name": "exports",
      "provider": "provider[\"registry.terraform.io/hashicorp/aws\"]",
      "instances": [
        {
          "schema_version": 0,
          "attributes": {
            "block_public_acls": true,
            "block_public_policy": true,
            "bucket": "daysi-prod-exports-0b76fbf2",
            "id": "daysi-prod-exports-0b76fbf2",
            "ignore_public_acls": true,
            "restrict_public_buckets": true
          },
          "sensitive_attributes": [],
          "identity_schema_version": 0,
          "private": "bnVsbA==",
          "dependencies": [
            "module.s3.aws_s3_bucket.exports",
            "module.s3.random_id.bucket"
          ]
        }
      ]
    },
    {
      "module": "module.s3",
      "mode": "managed",
      "type": "aws_s3_bucket_server_side_encryption_configuration",
      "name": "archives",
      "provider": "provider[\"registry.terraform.io/hashicorp/aws\"]",
      "instances": [
        {
          "schema_version": 0,
          "attributes": {
            "bucket": "daysi-prod-archives-0b76fbf2",
            "expected_bucket_owner": "",
            "id": "daysi-prod-archives-0b76fbf2",
            "rule": [
              {
                "apply_server_side_encryption_by_default": [
                  {
                    "kms_master_key_id": "",
                    "sse_algorithm": "AES256"
                  }
                ],
                "bucket_key_enabled": null
              }
            ]
          },
          "sensitive_attributes": [],
          "identity_schema_version": 0,
          "private": "bnVsbA==",
          "dependencies": [
            "module.s3.aws_s3_bucket.archives",
            "module.s3.random_id.bucket"
          ]
        }
      ]
    },
    {
      "module": "module.s3",
      "mode": "managed",
      "type": "aws_s3_bucket_server_side_encryption_configuration",
      "name": "assets",
      "provider": "provider[\"registry.terraform.io/hashicorp/aws\"]",
      "instances": [
        {
          "schema_version": 0,
          "attributes": {
            "bucket": "daysi-prod-assets-0b76fbf2",
            "expected_bucket_owner": "",
            "id": "daysi-prod-assets-0b76fbf2",
            "rule": [
              {
                "apply_server_side_encryption_by_default": [
                  {
                    "kms_master_key_id": "",
                    "sse_algorithm": "AES256"
                  }
                ],
                "bucket_key_enabled": null
              }
            ]
          },
          "sensitive_attributes": [],
          "identity_schema_version": 0,
          "private": "bnVsbA==",
          "dependencies": [
            "module.s3.aws_s3_bucket.assets",
            "module.s3.random_id.bucket"
          ]
        }
      ]
    },
    {
      "module": "module.s3",
      "mode": "managed",
      "type": "aws_s3_bucket_server_side_encryption_configuration",
      "name": "exports",
      "provider": "provider[\"registry.terraform.io/hashicorp/aws\"]",
      "instances": [
        {
          "schema_version": 0,
          "attributes": {
            "bucket": "daysi-prod-exports-0b76fbf2",
            "expected_bucket_owner": "",
            "id": "daysi-prod-exports-0b76fbf2",
            "rule": [
              {
                "apply_server_side_encryption_by_default": [
                  {
                    "kms_master_key_id": "",
                    "sse_algorithm": "AES256"
                  }
                ],
                "bucket_key_enabled": null
              }
            ]
          },
          "sensitive_attributes": [],
          "identity_schema_version": 0,
          "private": "bnVsbA==",
          "dependencies": [
            "module.s3.aws_s3_bucket.exports",
            "module.s3.random_id.bucket"
          ]
        }
      ]
    },
    {
      "module": "module.s3",
      "mode": "managed",
      "type": "aws_s3_bucket_versioning",
      "name": "archives",
      "provider": "provider[\"registry.terraform.io/hashicorp/aws\"]",
      "instances": [
        {
          "schema_version": 0,
          "attributes": {
            "bucket": "daysi-prod-archives-0b76fbf2",
            "expected_bucket_owner": "",
            "id": "daysi-prod-archives-0b76fbf2",
            "mfa": null,
            "versioning_configuration": [
              {
                "mfa_delete": "",
                "status": "Enabled"
              }
            ]
          },
          "sensitive_attributes": [],
          "identity_schema_version": 0,
          "private": "bnVsbA==",
          "dependencies": [
            "module.s3.aws_s3_bucket.archives",
            "module.s3.random_id.bucket"
          ]
        }
      ]
    },
    {
      "module": "module.s3",
      "mode": "managed",
      "type": "aws_s3_bucket_versioning",
      "name": "assets",
      "provider": "provider[\"registry.terraform.io/hashicorp/aws\"]",
      "instances": [
        {
          "schema_version": 0,
          "attributes": {
            "bucket": "daysi-prod-assets-0b76fbf2",
            "expected_bucket_owner": "",
            "id": "daysi-prod-assets-0b76fbf2",
            "mfa": null,
            "versioning_configuration": [
              {
                "mfa_delete": "",
                "status": "Enabled"
              }
            ]
          },
          "sensitive_attributes": [],
          "identity_schema_version": 0,
          "private": "bnVsbA==",
          "dependencies": [
            "module.s3.aws_s3_bucket.assets",
            "module.s3.random_id.bucket"
          ]
        }
      ]
    },
    {
      "module": "module.s3",
      "mode": "managed",
      "type": "aws_s3_bucket_versioning",
      "name": "exports",
      "provider": "provider[\"registry.terraform.io/hashicorp/aws\"]",
      "instances": [
        {
          "schema_version": 0,
          "attributes": {
            "bucket": "daysi-prod-exports-0b76fbf2",
            "expected_bucket_owner": "",
            "id": "daysi-prod-exports-0b76fbf2",
            "mfa": null,
            "versioning_configuration": [
              {
                "mfa_delete": "",
                "status": "Enabled"
              }
            ]
          },
          "sensitive_attributes": [],
          "identity_schema_version": 0,
          "private": "bnVsbA==",
          "dependencies": [
            "module.s3.aws_s3_bucket.exports",
            "module.s3.random_id.bucket"
          ]
        }
      ]
    },
    {
      "module": "module.s3",
      "mode": "managed",
      "type": "random_id",
      "name": "bucket",
      "provider": "provider[\"registry.terraform.io/hashicorp/random\"]",
      "instances": [
        {
          "schema_version": 0,
          "attributes": {
            "b64_std": "C3b78g==",
            "b64_url": "C3b78g",
            "byte_length": 4,
            "dec": "192347122",
            "hex": "0b76fbf2",
            "id": "C3b78g",
            "keepers": null,
            "prefix": null
          },
          "sensitive_attributes": [],
          "identity_schema_version": 0
        }
      ]
    },
    {
      "module": "module.vpc",
      "mode": "data",
      "type": "aws_availability_zones",
      "name": "available",
      "provider": "provider[\"registry.terraform.io/hashicorp/aws\"]",
      "instances": [
        {
          "schema_version": 0,
          "attributes": {
            "all_availability_zones": null,
            "exclude_names": null,
            "exclude_zone_ids": null,
            "filter": null,
            "group_names": [
              "us-east-1-zg-1"
            ],
            "id": "us-east-1",
            "names": [
              "us-east-1a",
              "us-east-1b",
              "us-east-1c",
              "us-east-1d",
              "us-east-1e",
              "us-east-1f"
            ],
            "state": "available",
            "timeouts": null,
            "zone_ids": [
              "use1-az1",
              "use1-az2",
              "use1-az4",
              "use1-az6",
              "use1-az3",
              "use1-az5"
            ]
          },
          "sensitive_attributes": [],
          "identity_schema_version": 0
        }
      ]
    },
    {
      "module": "module.vpc",
      "mode": "managed",
      "type": "aws_cloudwatch_log_group",
      "name": "flow_log",
      "provider": "provider[\"registry.terraform.io/hashicorp/aws\"]",
      "instances": [
        {
          "schema_version": 0,
          "attributes": {
            "arn": "arn:aws:logs:us-east-1:672626785844:log-group:/aws/vpc/daysi-prod-flow-log",
            "id": "/aws/vpc/daysi-prod-flow-log",
            "kms_key_id": "",
            "log_group_class": "STANDARD",
            "name": "/aws/vpc/daysi-prod-flow-log",
            "name_prefix": "",
            "retention_in_days": 7,
            "skip_destroy": false,
            "tags": {
              "CostCenter": "daysi",
              "Environment": "prod",
              "ManagedBy": "terraform",
              "Module": "vpc",
              "Project": "daysi"
            },
            "tags_all": {
              "CostCenter": "daysi",
              "Environment": "prod",
              "ManagedBy": "terraform",
              "Module": "vpc",
              "Project": "daysi"
            }
          },
          "sensitive_attributes": [],
          "identity_schema_version": 0,
          "private": "bnVsbA=="
        }
      ]
    },
    {
      "module": "module.vpc",
      "mode": "managed",
      "type": "aws_eip",
      "name": "nat",
      "provider": "provider[\"registry.terraform.io/hashicorp/aws\"]",
      "instances": [
        {
          "index_key": 0,
          "schema_version": 0,
          "attributes": {
            "address": null,
            "allocation_id": "eipalloc-02ad4d9f7fbd5f6b8",
            "arn": "arn:aws:ec2:us-east-1:672626785844:elastic-ip/eipalloc-02ad4d9f7fbd5f6b8",
            "associate_with_private_ip": null,
            "association_id": "eipassoc-0b6b80070ec733296",
            "carrier_ip": "",
            "customer_owned_ip": "",
            "customer_owned_ipv4_pool": "",
            "domain": "vpc",
            "id": "eipalloc-02ad4d9f7fbd5f6b8",
            "instance": "",
            "ipam_pool_id": null,
            "network_border_group": "us-east-1",
            "network_interface": "eni-02c38e3b7e32ba3d7",
            "private_dns": "ip-10-1-0-162.ec2.internal",
            "private_ip": "10.1.0.162",
            "ptr_record": "",
            "public_dns": "ec2-52-55-164-168.compute-1.amazonaws.com",
            "public_ip": "52.55.164.168",
            "public_ipv4_pool": "amazon",
            "tags": {
              "CostCenter": "daysi",
              "Environment": "prod",
              "ManagedBy": "terraform",
              "Module": "vpc",
              "Name": "daysi-prod-nat-eip-1",
              "Project": "daysi"
            },
            "tags_all": {
              "CostCenter": "daysi",
              "Environment": "prod",
              "ManagedBy": "terraform",
              "Module": "vpc",
              "Name": "daysi-prod-nat-eip-1",
              "Project": "daysi"
            },
            "timeouts": null,
            "vpc": true
          },
          "sensitive_attributes": [],
          "identity_schema_version": 0,
          "private": "eyJlMmJmYjczMC1lY2FhLTExZTYtOGY4OC0zNDM2M2JjN2M0YzAiOnsiZGVsZXRlIjoxODAwMDAwMDAwMDAsInJlYWQiOjkwMDAwMDAwMDAwMCwidXBkYXRlIjozMDAwMDAwMDAwMDB9fQ==",
          "dependencies": [
            "module.vpc.aws_internet_gateway.main",
            "module.vpc.aws_vpc.main",
            "module.vpc.data.aws_availability_zones.available"
          ]
        },
        {
          "index_key": 1,
          "schema_version": 0,
          "attributes": {
            "address": null,
            "allocation_id": "eipalloc-0daca560e9ed5d86c",
            "arn": "arn:aws:ec2:us-east-1:672626785844:elastic-ip/eipalloc-0daca560e9ed5d86c",
            "associate_with_private_ip": null,
            "association_id": "eipassoc-0aa800429388d6abb",
            "carrier_ip": "",
            "customer_owned_ip": "",
            "customer_owned_ipv4_pool": "",
            "domain": "vpc",
            "id": "eipalloc-0daca560e9ed5d86c",
            "instance": "",
            "ipam_pool_id": null,
            "network_border_group": "us-east-1",
            "network_interface": "eni-086f23835a2ad920e",
            "private_dns": "ip-10-1-1-28.ec2.internal",
            "private_ip": "10.1.1.28",
            "ptr_record": "",
            "public_dns": "ec2-35-174-196-133.compute-1.amazonaws.com",
            "public_ip": "35.174.196.133",
            "public_ipv4_pool": "amazon",
            "tags": {
              "CostCenter": "daysi",
              "Environment": "prod",
              "ManagedBy": "terraform",
              "Module": "vpc",
              "Name": "daysi-prod-nat-eip-2",
              "Project": "daysi"
            },
            "tags_all": {
              "CostCenter": "daysi",
              "Environment": "prod",
              "ManagedBy": "terraform",
              "Module": "vpc",
              "Name": "daysi-prod-nat-eip-2",
              "Project": "daysi"
            },
            "timeouts": null,
            "vpc": true
          },
          "sensitive_attributes": [],
          "identity_schema_version": 0,
          "private": "eyJlMmJmYjczMC1lY2FhLTExZTYtOGY4OC0zNDM2M2JjN2M0YzAiOnsiZGVsZXRlIjoxODAwMDAwMDAwMDAsInJlYWQiOjkwMDAwMDAwMDAwMCwidXBkYXRlIjozMDAwMDAwMDAwMDB9fQ==",
          "dependencies": [
            "module.vpc.aws_internet_gateway.main",
            "module.vpc.aws_vpc.main",
            "module.vpc.data.aws_availability_zones.available"
          ]
        },
        {
          "index_key": 2,
          "schema_version": 0,
          "attributes": {
            "address": null,
            "allocation_id": "eipalloc-0e62c07b1e628327b",
            "arn": "arn:aws:ec2:us-east-1:672626785844:elastic-ip/eipalloc-0e62c07b1e628327b",
            "associate_with_private_ip": null,
            "association_id": "eipassoc-006753260cf5a0b4f",
            "carrier_ip": "",
            "customer_owned_ip": "",
            "customer_owned_ipv4_pool": "",
            "domain": "vpc",
            "id": "eipalloc-0e62c07b1e628327b",
            "instance": "",
            "ipam_pool_id": null,
            "network_border_group": "us-east-1",
            "network_interface": "eni-0f7dda2bc9b61d19f",
            "private_dns": "ip-10-1-2-219.ec2.internal",
            "private_ip": "10.1.2.219",
            "ptr_record": "",
            "public_dns": "ec2-52-55-172-85.compute-1.amazonaws.com",
            "public_ip": "52.55.172.85",
            "public_ipv4_pool": "amazon",
            "tags": {
              "CostCenter": "daysi",
              "Environment": "prod",
              "ManagedBy": "terraform",
              "Module": "vpc",
              "Name": "daysi-prod-nat-eip-3",
              "Project": "daysi"
            },
            "tags_all": {
              "CostCenter": "daysi",
              "Environment": "prod",
              "ManagedBy": "terraform",
              "Module": "vpc",
              "Name": "daysi-prod-nat-eip-3",
              "Project": "daysi"
            },
            "timeouts": null,
            "vpc": true
          },
          "sensitive_attributes": [],
          "identity_schema_version": 0,
          "private": "eyJlMmJmYjczMC1lY2FhLTExZTYtOGY4OC0zNDM2M2JjN2M0YzAiOnsiZGVsZXRlIjoxODAwMDAwMDAwMDAsInJlYWQiOjkwMDAwMDAwMDAwMCwidXBkYXRlIjozMDAwMDAwMDAwMDB9fQ==",
          "dependencies": [
            "module.vpc.aws_internet_gateway.main",
            "module.vpc.aws_vpc.main",
            "module.vpc.data.aws_availability_zones.available"
          ]
        }
      ]
    },
    {
      "module": "module.vpc",
      "mode": "managed",
      "type": "aws_flow_log",
      "name": "main",
      "provider": "provider[\"registry.terraform.io/hashicorp/aws\"]",
      "instances": [
        {
          "schema_version": 0,
          "attributes": {
            "arn": "arn:aws:ec2:us-east-1:672626785844:vpc-flow-log/fl-0fb275156ad815b95",
            "deliver_cross_account_role": "",
            "destination_options": [],
            "eni_id": null,
            "iam_role_arn": "arn:aws:iam::672626785844:role/daysi-prod-flow-log-role",
            "id": "fl-0fb275156ad815b95",
            "log_destination": "arn:aws:logs:us-east-1:672626785844:log-group:/aws/vpc/daysi-prod-flow-log",
            "log_destination_type": "cloud-watch-logs",
            "log_format": "${version} ${account-id} ${interface-id} ${srcaddr} ${dstaddr} ${srcport} ${dstport} ${protocol} ${packets} ${bytes} ${start} ${end} ${action} ${log-status}",
            "log_group_name": "/aws/vpc/daysi-prod-flow-log",
            "max_aggregation_interval": 60,
            "subnet_id": null,
            "tags": {
              "CostCenter": "daysi",
              "Environment": "prod",
              "ManagedBy": "terraform",
              "Module": "vpc",
              "Name": "daysi-prod-flow-log",
              "Project": "daysi"
            },
            "tags_all": {
              "CostCenter": "daysi",
              "Environment": "prod",
              "ManagedBy": "terraform",
              "Module": "vpc",
              "Name": "daysi-prod-flow-log",
              "Project": "daysi"
            },
            "traffic_type": "ALL",
            "transit_gateway_attachment_id": null,
            "transit_gateway_id": null,
            "vpc_id": "vpc-0b7522b66f994223a"
          },
          "sensitive_attributes": [],
          "identity_schema_version": 0,
          "private": "bnVsbA==",
          "dependencies": [
            "module.vpc.aws_cloudwatch_log_group.flow_log",
            "module.vpc.aws_iam_role.flow_log",
            "module.vpc.aws_vpc.main"
          ]
        }
      ]
    },
    {
      "module": "module.vpc",
      "mode": "managed",
      "type": "aws_iam_role",
      "name": "flow_log",
      "provider": "provider[\"registry.terraform.io/hashicorp/aws\"]",
      "instances": [
        {
          "schema_version": 0,
          "attributes": {
            "arn": "arn:aws:iam::672626785844:role/daysi-prod-flow-log-role",
            "assume_role_policy": "{\"Statement\":[{\"Action\":\"sts:AssumeRole\",\"Effect\":\"Allow\",\"Principal\":{\"Service\":\"vpc-flow-logs.amazonaws.com\"}}],\"Version\":\"2012-10-17\"}",
            "create_date": "2026-03-09T19:18:18Z",
            "description": "",
            "force_detach_policies": false,
            "id": "daysi-prod-flow-log-role",
            "inline_policy": [
              {
                "name": "daysi-prod-flow-log-policy",
                "policy": "{\"Version\":\"2012-10-17\",\"Statement\":[{\"Action\":[\"logs:CreateLogGroup\",\"logs:CreateLogStream\",\"logs:PutLogEvents\",\"logs:DescribeLogGroups\",\"logs:DescribeLogStreams\"],\"Effect\":\"Allow\",\"Resource\":\"*\"}]}"
              }
            ],
            "managed_policy_arns": [],
            "max_session_duration": 3600,
            "name": "daysi-prod-flow-log-role",
            "name_prefix": "",
            "path": "/",
            "permissions_boundary": "",
            "tags": {
              "CostCenter": "daysi",
              "Environment": "prod",
              "ManagedBy": "terraform",
              "Module": "vpc",
              "Project": "daysi"
            },
            "tags_all": {
              "CostCenter": "daysi",
              "Environment": "prod",
              "ManagedBy": "terraform",
              "Module": "vpc",
              "Project": "daysi"
            },
            "unique_id": "AROAZZG5OHY2MA3FO2YGJ"
          },
          "sensitive_attributes": [],
          "identity_schema_version": 0,
          "private": "bnVsbA=="
        }
      ]
    },
    {
      "module": "module.vpc",
      "mode": "managed",
      "type": "aws_iam_role_policy",
      "name": "flow_log",
      "provider": "provider[\"registry.terraform.io/hashicorp/aws\"]",
      "instances": [
        {
          "schema_version": 0,
          "attributes": {
            "id": "daysi-prod-flow-log-role:daysi-prod-flow-log-policy",
            "name": "daysi-prod-flow-log-policy",
            "name_prefix": "",
            "policy": "{\"Version\":\"2012-10-17\",\"Statement\":[{\"Action\":[\"logs:CreateLogGroup\",\"logs:CreateLogStream\",\"logs:PutLogEvents\",\"logs:DescribeLogGroups\",\"logs:DescribeLogStreams\"],\"Effect\":\"Allow\",\"Resource\":\"*\"}]}",
            "role": "daysi-prod-flow-log-role"
          },
          "sensitive_attributes": [],
          "identity_schema_version": 0,
          "private": "bnVsbA==",
          "dependencies": [
            "module.vpc.aws_iam_role.flow_log"
          ]
        }
      ]
    },
    {
      "module": "module.vpc",
      "mode": "managed",
      "type": "aws_internet_gateway",
      "name": "main",
      "provider": "provider[\"registry.terraform.io/hashicorp/aws\"]",
      "instances": [
        {
          "schema_version": 0,
          "attributes": {
            "arn": "arn:aws:ec2:us-east-1:672626785844:internet-gateway/igw-04234d2061ea5ccb4",
            "id": "igw-04234d2061ea5ccb4",
            "owner_id": "672626785844",
            "tags": {
              "CostCenter": "daysi",
              "Environment": "prod",
              "ManagedBy": "terraform",
              "Module": "vpc",
              "Name": "daysi-prod-igw",
              "Project": "daysi"
            },
            "tags_all": {
              "CostCenter": "daysi",
              "Environment": "prod",
              "ManagedBy": "terraform",
              "Module": "vpc",
              "Name": "daysi-prod-igw",
              "Project": "daysi"
            },
            "timeouts": null,
            "vpc_id": "vpc-0b7522b66f994223a"
          },
          "sensitive_attributes": [],
          "identity_schema_version": 0,
          "private": "eyJlMmJmYjczMC1lY2FhLTExZTYtOGY4OC0zNDM2M2JjN2M0YzAiOnsiY3JlYXRlIjoxMjAwMDAwMDAwMDAwLCJkZWxldGUiOjEyMDAwMDAwMDAwMDAsInVwZGF0ZSI6MTIwMDAwMDAwMDAwMH19",
          "dependencies": [
            "module.vpc.aws_vpc.main"
          ]
        }
      ]
    },
    {
      "module": "module.vpc",
      "mode": "managed",
      "type": "aws_nat_gateway",
      "name": "main",
      "provider": "provider[\"registry.terraform.io/hashicorp/aws\"]",
      "instances": [
        {
          "index_key": 0,
          "schema_version": 0,
          "attributes": {
            "allocation_id": "eipalloc-02ad4d9f7fbd5f6b8",
            "association_id": "eipassoc-0b6b80070ec733296",
            "connectivity_type": "public",
            "id": "nat-0e3ed00dde53d6b6a",
            "network_interface_id": "eni-02c38e3b7e32ba3d7",
            "private_ip": "10.1.0.162",
            "public_ip": "52.55.164.168",
            "secondary_allocation_ids": [],
            "secondary_private_ip_address_count": 0,
            "secondary_private_ip_addresses": [],
            "subnet_id": "subnet-0bae9d5f6734ac9e0",
            "tags": {
              "CostCenter": "daysi",
              "Environment": "prod",
              "ManagedBy": "terraform",
              "Module": "vpc",
              "Name": "daysi-prod-nat-1",
              "Project": "daysi"
            },
            "tags_all": {
              "CostCenter": "daysi",
              "Environment": "prod",
              "ManagedBy": "terraform",
              "Module": "vpc",
              "Name": "daysi-prod-nat-1",
              "Project": "daysi"
            },
            "timeouts": null
          },
          "sensitive_attributes": [],
          "identity_schema_version": 0,
          "private": "eyJlMmJmYjczMC1lY2FhLTExZTYtOGY4OC0zNDM2M2JjN2M0YzAiOnsiY3JlYXRlIjo2MDAwMDAwMDAwMDAsImRlbGV0ZSI6MTgwMDAwMDAwMDAwMCwidXBkYXRlIjo2MDAwMDAwMDAwMDB9fQ==",
          "dependencies": [
            "module.vpc.aws_eip.nat",
            "module.vpc.aws_internet_gateway.main",
            "module.vpc.aws_subnet.public",
            "module.vpc.aws_vpc.main",
            "module.vpc.data.aws_availability_zones.available"
          ]
        },
        {
          "index_key": 1,
          "schema_version": 0,
          "attributes": {
            "allocation_id": "eipalloc-0daca560e9ed5d86c",
            "association_id": "eipassoc-0aa800429388d6abb",
            "connectivity_type": "public",
            "id": "nat-06cba6d0dd4a889f3",
            "network_interface_id": "eni-086f23835a2ad920e",
            "private_ip": "10.1.1.28",
            "public_ip": "35.174.196.133",
            "secondary_allocation_ids": [],
            "secondary_private_ip_address_count": 0,
            "secondary_private_ip_addresses": [],
            "subnet_id": "subnet-0f467711312e8de78",
            "tags": {
              "CostCenter": "daysi",
              "Environment": "prod",
              "ManagedBy": "terraform",
              "Module": "vpc",
              "Name": "daysi-prod-nat-2",
              "Project": "daysi"
            },
            "tags_all": {
              "CostCenter": "daysi",
              "Environment": "prod",
              "ManagedBy": "terraform",
              "Module": "vpc",
              "Name": "daysi-prod-nat-2",
              "Project": "daysi"
            },
            "timeouts": null
          },
          "sensitive_attributes": [],
          "identity_schema_version": 0,
          "private": "eyJlMmJmYjczMC1lY2FhLTExZTYtOGY4OC0zNDM2M2JjN2M0YzAiOnsiY3JlYXRlIjo2MDAwMDAwMDAwMDAsImRlbGV0ZSI6MTgwMDAwMDAwMDAwMCwidXBkYXRlIjo2MDAwMDAwMDAwMDB9fQ==",
          "dependencies": [
            "module.vpc.aws_eip.nat",
            "module.vpc.aws_internet_gateway.main",
            "module.vpc.aws_subnet.public",
            "module.vpc.aws_vpc.main",
            "module.vpc.data.aws_availability_zones.available"
          ]
        },
        {
          "index_key": 2,
          "schema_version": 0,
          "attributes": {
            "allocation_id": "eipalloc-0e62c07b1e628327b",
            "association_id": "eipassoc-006753260cf5a0b4f",
            "connectivity_type": "public",
            "id": "nat-0454913328880dc44",
            "network_interface_id": "eni-0f7dda2bc9b61d19f",
            "private_ip": "10.1.2.219",
            "public_ip": "52.55.172.85",
            "secondary_allocation_ids": [],
            "secondary_private_ip_address_count": 0,
            "secondary_private_ip_addresses": [],
            "subnet_id": "subnet-0e94f971d57b8e42b",
            "tags": {
              "CostCenter": "daysi",
              "Environment": "prod",
              "ManagedBy": "terraform",
              "Module": "vpc",
              "Name": "daysi-prod-nat-3",
              "Project": "daysi"
            },
            "tags_all": {
              "CostCenter": "daysi",
              "Environment": "prod",
              "ManagedBy": "terraform",
              "Module": "vpc",
              "Name": "daysi-prod-nat-3",
              "Project": "daysi"
            },
            "timeouts": null
          },
          "sensitive_attributes": [],
          "identity_schema_version": 0,
          "private": "eyJlMmJmYjczMC1lY2FhLTExZTYtOGY4OC0zNDM2M2JjN2M0YzAiOnsiY3JlYXRlIjo2MDAwMDAwMDAwMDAsImRlbGV0ZSI6MTgwMDAwMDAwMDAwMCwidXBkYXRlIjo2MDAwMDAwMDAwMDB9fQ==",
          "dependencies": [
            "module.vpc.aws_eip.nat",
            "module.vpc.aws_internet_gateway.main",
            "module.vpc.aws_subnet.public",
            "module.vpc.aws_vpc.main",
            "module.vpc.data.aws_availability_zones.available"
          ]
        }
      ]
    },
    {
      "module": "module.vpc",
      "mode": "managed",
      "type": "aws_route",
      "name": "private_nat_gateway",
      "provider": "provider[\"registry.terraform.io/hashicorp/aws\"]",
      "instances": [
        {
          "index_key": 0,
          "schema_version": 0,
          "attributes": {
            "carrier_gateway_id": "",
            "core_network_arn": "",
            "destination_cidr_block": "0.0.0.0/0",
            "destination_ipv6_cidr_block": "",
            "destination_prefix_list_id": "",
            "egress_only_gateway_id": "",
            "gateway_id": "",
            "id": "r-rtb-0cb9d5ffa7e25f71f1080289494",
            "instance_id": "",
            "instance_owner_id": "",
            "local_gateway_id": "",
            "nat_gateway_id": "nat-0e3ed00dde53d6b6a",
            "network_interface_id": "",
            "origin": "CreateRoute",
            "route_table_id": "rtb-0cb9d5ffa7e25f71f",
            "state": "active",
            "timeouts": null,
            "transit_gateway_id": "",
            "vpc_endpoint_id": "",
            "vpc_peering_connection_id": ""
          },
          "sensitive_attributes": [],
          "identity_schema_version": 0,
          "private": "eyJlMmJmYjczMC1lY2FhLTExZTYtOGY4OC0zNDM2M2JjN2M0YzAiOnsiY3JlYXRlIjozMDAwMDAwMDAwMDAsImRlbGV0ZSI6MzAwMDAwMDAwMDAwLCJ1cGRhdGUiOjEyMDAwMDAwMDAwMH19",
          "dependencies": [
            "module.vpc.aws_eip.nat",
            "module.vpc.aws_internet_gateway.main",
            "module.vpc.aws_nat_gateway.main",
            "module.vpc.aws_route_table.private",
            "module.vpc.aws_subnet.public",
            "module.vpc.aws_vpc.main",
            "module.vpc.data.aws_availability_zones.available"
          ]
        },
        {
          "index_key": 1,
          "schema_version": 0,
          "attributes": {
            "carrier_gateway_id": "",
            "core_network_arn": "",
            "destination_cidr_block": "0.0.0.0/0",
            "destination_ipv6_cidr_block": "",
            "destination_prefix_list_id": "",
            "egress_only_gateway_id": "",
            "gateway_id": "",
            "id": "r-rtb-03d7eacf80d3b413e1080289494",
            "instance_id": "",
            "instance_owner_id": "",
            "local_gateway_id": "",
            "nat_gateway_id": "nat-06cba6d0dd4a889f3",
            "network_interface_id": "",
            "origin": "CreateRoute",
            "route_table_id": "rtb-03d7eacf80d3b413e",
            "state": "active",
            "timeouts": null,
            "transit_gateway_id": "",
            "vpc_endpoint_id": "",
            "vpc_peering_connection_id": ""
          },
          "sensitive_attributes": [],
          "identity_schema_version": 0,
          "private": "eyJlMmJmYjczMC1lY2FhLTExZTYtOGY4OC0zNDM2M2JjN2M0YzAiOnsiY3JlYXRlIjozMDAwMDAwMDAwMDAsImRlbGV0ZSI6MzAwMDAwMDAwMDAwLCJ1cGRhdGUiOjEyMDAwMDAwMDAwMH19",
          "dependencies": [
            "module.vpc.aws_eip.nat",
            "module.vpc.aws_internet_gateway.main",
            "module.vpc.aws_nat_gateway.main",
            "module.vpc.aws_route_table.private",
            "module.vpc.aws_subnet.public",
            "module.vpc.aws_vpc.main",
            "module.vpc.data.aws_availability_zones.available"
          ]
        },
        {
          "index_key": 2,
          "schema_version": 0,
          "attributes": {
            "carrier_gateway_id": "",
            "core_network_arn": "",
            "destination_cidr_block": "0.0.0.0/0",
            "destination_ipv6_cidr_block": "",
            "destination_prefix_list_id": "",
            "egress_only_gateway_id": "",
            "gateway_id": "",
            "id": "r-rtb-04309f85de14f5d7a1080289494",
            "instance_id": "",
            "instance_owner_id": "",
            "local_gateway_id": "",
            "nat_gateway_id": "nat-0454913328880dc44",
            "network_interface_id": "",
            "origin": "CreateRoute",
            "route_table_id": "rtb-04309f85de14f5d7a",
            "state": "active",
            "timeouts": null,
            "transit_gateway_id": "",
            "vpc_endpoint_id": "",
            "vpc_peering_connection_id": ""
          },
          "sensitive_attributes": [],
          "identity_schema_version": 0,
          "private": "eyJlMmJmYjczMC1lY2FhLTExZTYtOGY4OC0zNDM2M2JjN2M0YzAiOnsiY3JlYXRlIjozMDAwMDAwMDAwMDAsImRlbGV0ZSI6MzAwMDAwMDAwMDAwLCJ1cGRhdGUiOjEyMDAwMDAwMDAwMH19",
          "dependencies": [
            "module.vpc.aws_eip.nat",
            "module.vpc.aws_internet_gateway.main",
            "module.vpc.aws_nat_gateway.main",
            "module.vpc.aws_route_table.private",
            "module.vpc.aws_subnet.public",
            "module.vpc.aws_vpc.main",
            "module.vpc.data.aws_availability_zones.available"
          ]
        }
      ]
    },
    {
      "module": "module.vpc",
      "mode": "managed",
      "type": "aws_route",
      "name": "public_internet_gateway",
      "provider": "provider[\"registry.terraform.io/hashicorp/aws\"]",
      "instances": [
        {
          "schema_version": 0,
          "attributes": {
            "carrier_gateway_id": "",
            "core_network_arn": "",
            "destination_cidr_block": "0.0.0.0/0",
            "destination_ipv6_cidr_block": "",
            "destination_prefix_list_id": "",
            "egress_only_gateway_id": "",
            "gateway_id": "igw-04234d2061ea5ccb4",
            "id": "r-rtb-0900aafe0a4fc77f51080289494",
            "instance_id": "",
            "instance_owner_id": "",
            "local_gateway_id": "",
            "nat_gateway_id": "",
            "network_interface_id": "",
            "origin": "CreateRoute",
            "route_table_id": "rtb-0900aafe0a4fc77f5",
            "state": "active",
            "timeouts": null,
            "transit_gateway_id": "",
            "vpc_endpoint_id": "",
            "vpc_peering_connection_id": ""
          },
          "sensitive_attributes": [],
          "identity_schema_version": 0,
          "private": "eyJlMmJmYjczMC1lY2FhLTExZTYtOGY4OC0zNDM2M2JjN2M0YzAiOnsiY3JlYXRlIjozMDAwMDAwMDAwMDAsImRlbGV0ZSI6MzAwMDAwMDAwMDAwLCJ1cGRhdGUiOjEyMDAwMDAwMDAwMH19",
          "dependencies": [
            "module.vpc.aws_internet_gateway.main",
            "module.vpc.aws_route_table.public",
            "module.vpc.aws_vpc.main"
          ]
        }
      ]
    },
    {
      "module": "module.vpc",
      "mode": "managed",
      "type": "aws_route_table",
      "name": "private",
      "provider": "provider[\"registry.terraform.io/hashicorp/aws\"]",
      "instances": [
        {
          "index_key": 0,
          "schema_version": 0,
          "attributes": {
            "arn": "arn:aws:ec2:us-east-1:672626785844:route-table/rtb-0cb9d5ffa7e25f71f",
            "id": "rtb-0cb9d5ffa7e25f71f",
            "owner_id": "672626785844",
            "propagating_vgws": [],
            "route": [
              {
                "carrier_gateway_id": "",
                "cidr_block": "0.0.0.0/0",
                "core_network_arn": "",
                "destination_prefix_list_id": "",
                "egress_only_gateway_id": "",
                "gateway_id": "",
                "ipv6_cidr_block": "",
                "local_gateway_id": "",
                "nat_gateway_id": "nat-0e3ed00dde53d6b6a",
                "network_interface_id": "",
                "transit_gateway_id": "",
                "vpc_endpoint_id": "",
                "vpc_peering_connection_id": ""
              }
            ],
            "tags": {
              "CostCenter": "daysi",
              "Environment": "prod",
              "ManagedBy": "terraform",
              "Module": "vpc",
              "Name": "daysi-prod-private-rt-1",
              "Project": "daysi"
            },
            "tags_all": {
              "CostCenter": "daysi",
              "Environment": "prod",
              "ManagedBy": "terraform",
              "Module": "vpc",
              "Name": "daysi-prod-private-rt-1",
              "Project": "daysi"
            },
            "timeouts": null,
            "vpc_id": "vpc-0b7522b66f994223a"
          },
          "sensitive_attributes": [],
          "identity_schema_version": 0,
          "private": "eyJlMmJmYjczMC1lY2FhLTExZTYtOGY4OC0zNDM2M2JjN2M0YzAiOnsiY3JlYXRlIjozMDAwMDAwMDAwMDAsImRlbGV0ZSI6MzAwMDAwMDAwMDAwLCJ1cGRhdGUiOjEyMDAwMDAwMDAwMH19",
          "dependencies": [
            "module.vpc.aws_vpc.main",
            "module.vpc.data.aws_availability_zones.available"
          ]
        },
        {
          "index_key": 1,
          "schema_version": 0,
          "attributes": {
            "arn": "arn:aws:ec2:us-east-1:672626785844:route-table/rtb-03d7eacf80d3b413e",
            "id": "rtb-03d7eacf80d3b413e",
            "owner_id": "672626785844",
            "propagating_vgws": [],
            "route": [
              {
                "carrier_gateway_id": "",
                "cidr_block": "0.0.0.0/0",
                "core_network_arn": "",
                "destination_prefix_list_id": "",
                "egress_only_gateway_id": "",
                "gateway_id": "",
                "ipv6_cidr_block": "",
                "local_gateway_id": "",
                "nat_gateway_id": "nat-06cba6d0dd4a889f3",
                "network_interface_id": "",
                "transit_gateway_id": "",
                "vpc_endpoint_id": "",
                "vpc_peering_connection_id": ""
              }
            ],
            "tags": {
              "CostCenter": "daysi",
              "Environment": "prod",
              "ManagedBy": "terraform",
              "Module": "vpc",
              "Name": "daysi-prod-private-rt-2",
              "Project": "daysi"
            },
            "tags_all": {
              "CostCenter": "daysi",
              "Environment": "prod",
              "ManagedBy": "terraform",
              "Module": "vpc",
              "Name": "daysi-prod-private-rt-2",
              "Project": "daysi"
            },
            "timeouts": null,
            "vpc_id": "vpc-0b7522b66f994223a"
          },
          "sensitive_attributes": [],
          "identity_schema_version": 0,
          "private": "eyJlMmJmYjczMC1lY2FhLTExZTYtOGY4OC0zNDM2M2JjN2M0YzAiOnsiY3JlYXRlIjozMDAwMDAwMDAwMDAsImRlbGV0ZSI6MzAwMDAwMDAwMDAwLCJ1cGRhdGUiOjEyMDAwMDAwMDAwMH19",
          "dependencies": [
            "module.vpc.aws_vpc.main",
            "module.vpc.data.aws_availability_zones.available"
          ]
        },
        {
          "index_key": 2,
          "schema_version": 0,
          "attributes": {
            "arn": "arn:aws:ec2:us-east-1:672626785844:route-table/rtb-04309f85de14f5d7a",
            "id": "rtb-04309f85de14f5d7a",
            "owner_id": "672626785844",
            "propagating_vgws": [],
            "route": [
              {
                "carrier_gateway_id": "",
                "cidr_block": "0.0.0.0/0",
                "core_network_arn": "",
                "destination_prefix_list_id": "",
                "egress_only_gateway_id": "",
                "gateway_id": "",
                "ipv6_cidr_block": "",
                "local_gateway_id": "",
                "nat_gateway_id": "nat-0454913328880dc44",
                "network_interface_id": "",
                "transit_gateway_id": "",
                "vpc_endpoint_id": "",
                "vpc_peering_connection_id": ""
              }
            ],
            "tags": {
              "CostCenter": "daysi",
              "Environment": "prod",
              "ManagedBy": "terraform",
              "Module": "vpc",
              "Name": "daysi-prod-private-rt-3",
              "Project": "daysi"
            },
            "tags_all": {
              "CostCenter": "daysi",
              "Environment": "prod",
              "ManagedBy": "terraform",
              "Module": "vpc",
              "Name": "daysi-prod-private-rt-3",
              "Project": "daysi"
            },
            "timeouts": null,
            "vpc_id": "vpc-0b7522b66f994223a"
          },
          "sensitive_attributes": [],
          "identity_schema_version": 0,
          "private": "eyJlMmJmYjczMC1lY2FhLTExZTYtOGY4OC0zNDM2M2JjN2M0YzAiOnsiY3JlYXRlIjozMDAwMDAwMDAwMDAsImRlbGV0ZSI6MzAwMDAwMDAwMDAwLCJ1cGRhdGUiOjEyMDAwMDAwMDAwMH19",
          "dependencies": [
            "module.vpc.aws_vpc.main",
            "module.vpc.data.aws_availability_zones.available"
          ]
        }
      ]
    },
    {
      "module": "module.vpc",
      "mode": "managed",
      "type": "aws_route_table",
      "name": "public",
      "provider": "provider[\"registry.terraform.io/hashicorp/aws\"]",
      "instances": [
        {
          "schema_version": 0,
          "attributes": {
            "arn": "arn:aws:ec2:us-east-1:672626785844:route-table/rtb-0900aafe0a4fc77f5",
            "id": "rtb-0900aafe0a4fc77f5",
            "owner_id": "672626785844",
            "propagating_vgws": [],
            "route": [
              {
                "carrier_gateway_id": "",
                "cidr_block": "0.0.0.0/0",
                "core_network_arn": "",
                "destination_prefix_list_id": "",
                "egress_only_gateway_id": "",
                "gateway_id": "igw-04234d2061ea5ccb4",
                "ipv6_cidr_block": "",
                "local_gateway_id": "",
                "nat_gateway_id": "",
                "network_interface_id": "",
                "transit_gateway_id": "",
                "vpc_endpoint_id": "",
                "vpc_peering_connection_id": ""
              }
            ],
            "tags": {
              "CostCenter": "daysi",
              "Environment": "prod",
              "ManagedBy": "terraform",
              "Module": "vpc",
              "Name": "daysi-prod-public-rt",
              "Project": "daysi"
            },
            "tags_all": {
              "CostCenter": "daysi",
              "Environment": "prod",
              "ManagedBy": "terraform",
              "Module": "vpc",
              "Name": "daysi-prod-public-rt",
              "Project": "daysi"
            },
            "timeouts": null,
            "vpc_id": "vpc-0b7522b66f994223a"
          },
          "sensitive_attributes": [],
          "identity_schema_version": 0,
          "private": "eyJlMmJmYjczMC1lY2FhLTExZTYtOGY4OC0zNDM2M2JjN2M0YzAiOnsiY3JlYXRlIjozMDAwMDAwMDAwMDAsImRlbGV0ZSI6MzAwMDAwMDAwMDAwLCJ1cGRhdGUiOjEyMDAwMDAwMDAwMH19",
          "dependencies": [
            "module.vpc.aws_vpc.main"
          ]
        }
      ]
    },
    {
      "module": "module.vpc",
      "mode": "managed",
      "type": "aws_route_table_association",
      "name": "private",
      "provider": "provider[\"registry.terraform.io/hashicorp/aws\"]",
      "instances": [
        {
          "index_key": 0,
          "schema_version": 0,
          "attributes": {
            "gateway_id": "",
            "id": "rtbassoc-042897da158c46e3c",
            "route_table_id": "rtb-0cb9d5ffa7e25f71f",
            "subnet_id": "subnet-05faf7c9d1b8150d8",
            "timeouts": null
          },
          "sensitive_attributes": [],
          "identity_schema_version": 0,
          "private": "eyJlMmJmYjczMC1lY2FhLTExZTYtOGY4OC0zNDM2M2JjN2M0YzAiOnsiY3JlYXRlIjozMDAwMDAwMDAwMDAsImRlbGV0ZSI6MzAwMDAwMDAwMDAwLCJ1cGRhdGUiOjEyMDAwMDAwMDAwMH19",
          "dependencies": [
            "module.vpc.aws_route_table.private",
            "module.vpc.aws_subnet.private",
            "module.vpc.aws_vpc.main",
            "module.vpc.data.aws_availability_zones.available"
          ]
        },
        {
          "index_key": 1,
          "schema_version": 0,
          "attributes": {
            "gateway_id": "",
            "id": "rtbassoc-0e591d8d7d16e06a0",
            "route_table_id": "rtb-03d7eacf80d3b413e",
            "subnet_id": "subnet-069cb20eaa1177fe6",
            "timeouts": null
          },
          "sensitive_attributes": [],
          "identity_schema_version": 0,
          "private": "eyJlMmJmYjczMC1lY2FhLTExZTYtOGY4OC0zNDM2M2JjN2M0YzAiOnsiY3JlYXRlIjozMDAwMDAwMDAwMDAsImRlbGV0ZSI6MzAwMDAwMDAwMDAwLCJ1cGRhdGUiOjEyMDAwMDAwMDAwMH19",
          "dependencies": [
            "module.vpc.aws_route_table.private",
            "module.vpc.aws_subnet.private",
            "module.vpc.aws_vpc.main",
            "module.vpc.data.aws_availability_zones.available"
          ]
        },
        {
          "index_key": 2,
          "schema_version": 0,
          "attributes": {
            "gateway_id": "",
            "id": "rtbassoc-0aab6636cc479c975",
            "route_table_id": "rtb-04309f85de14f5d7a",
            "subnet_id": "subnet-0a348443233fa1cb6",
            "timeouts": null
          },
          "sensitive_attributes": [],
          "identity_schema_version": 0,
          "private": "eyJlMmJmYjczMC1lY2FhLTExZTYtOGY4OC0zNDM2M2JjN2M0YzAiOnsiY3JlYXRlIjozMDAwMDAwMDAwMDAsImRlbGV0ZSI6MzAwMDAwMDAwMDAwLCJ1cGRhdGUiOjEyMDAwMDAwMDAwMH19",
          "dependencies": [
            "module.vpc.aws_route_table.private",
            "module.vpc.aws_subnet.private",
            "module.vpc.aws_vpc.main",
            "module.vpc.data.aws_availability_zones.available"
          ]
        }
      ]
    },
    {
      "module": "module.vpc",
      "mode": "managed",
      "type": "aws_route_table_association",
      "name": "public",
      "provider": "provider[\"registry.terraform.io/hashicorp/aws\"]",
      "instances": [
        {
          "index_key": 0,
          "schema_version": 0,
          "attributes": {
            "gateway_id": "",
            "id": "rtbassoc-083d5373071244edb",
            "route_table_id": "rtb-0900aafe0a4fc77f5",
            "subnet_id": "subnet-0bae9d5f6734ac9e0",
            "timeouts": null
          },
          "sensitive_attributes": [],
          "identity_schema_version": 0,
          "private": "eyJlMmJmYjczMC1lY2FhLTExZTYtOGY4OC0zNDM2M2JjN2M0YzAiOnsiY3JlYXRlIjozMDAwMDAwMDAwMDAsImRlbGV0ZSI6MzAwMDAwMDAwMDAwLCJ1cGRhdGUiOjEyMDAwMDAwMDAwMH19",
          "dependencies": [
            "module.vpc.aws_route_table.public",
            "module.vpc.aws_subnet.public",
            "module.vpc.aws_vpc.main",
            "module.vpc.data.aws_availability_zones.available"
          ]
        },
        {
          "index_key": 1,
          "schema_version": 0,
          "attributes": {
            "gateway_id": "",
            "id": "rtbassoc-0cb92978c2392a200",
            "route_table_id": "rtb-0900aafe0a4fc77f5",
            "subnet_id": "subnet-0f467711312e8de78",
            "timeouts": null
          },
          "sensitive_attributes": [],
          "identity_schema_version": 0,
          "private": "eyJlMmJmYjczMC1lY2FhLTExZTYtOGY4OC0zNDM2M2JjN2M0YzAiOnsiY3JlYXRlIjozMDAwMDAwMDAwMDAsImRlbGV0ZSI6MzAwMDAwMDAwMDAwLCJ1cGRhdGUiOjEyMDAwMDAwMDAwMH19",
          "dependencies": [
            "module.vpc.aws_route_table.public",
            "module.vpc.aws_subnet.public",
            "module.vpc.aws_vpc.main",
            "module.vpc.data.aws_availability_zones.available"
          ]
        },
        {
          "index_key": 2,
          "schema_version": 0,
          "attributes": {
            "gateway_id": "",
            "id": "rtbassoc-0092ef78103a766f1",
            "route_table_id": "rtb-0900aafe0a4fc77f5",
            "subnet_id": "subnet-0e94f971d57b8e42b",
            "timeouts": null
          },
          "sensitive_attributes": [],
          "identity_schema_version": 0,
          "private": "eyJlMmJmYjczMC1lY2FhLTExZTYtOGY4OC0zNDM2M2JjN2M0YzAiOnsiY3JlYXRlIjozMDAwMDAwMDAwMDAsImRlbGV0ZSI6MzAwMDAwMDAwMDAwLCJ1cGRhdGUiOjEyMDAwMDAwMDAwMH19",
          "dependencies": [
            "module.vpc.aws_route_table.public",
            "module.vpc.aws_subnet.public",
            "module.vpc.aws_vpc.main",
            "module.vpc.data.aws_availability_zones.available"
          ]
        }
      ]
    },
    {
      "module": "module.vpc",
      "mode": "managed",
      "type": "aws_subnet",
      "name": "private",
      "provider": "provider[\"registry.terraform.io/hashicorp/aws\"]",
      "instances": [
        {
          "index_key": 0,
          "schema_version": 1,
          "attributes": {
            "arn": "arn:aws:ec2:us-east-1:672626785844:subnet/subnet-05faf7c9d1b8150d8",
            "assign_ipv6_address_on_creation": false,
            "availability_zone": "us-east-1a",
            "availability_zone_id": "use1-az1",
            "cidr_block": "10.1.100.0/24",
            "customer_owned_ipv4_pool": "",
            "enable_dns64": false,
            "enable_lni_at_device_index": 0,
            "enable_resource_name_dns_a_record_on_launch": false,
            "enable_resource_name_dns_aaaa_record_on_launch": false,
            "id": "subnet-05faf7c9d1b8150d8",
            "ipv6_cidr_block": "",
            "ipv6_cidr_block_association_id": "",
            "ipv6_native": false,
            "map_customer_owned_ip_on_launch": false,
            "map_public_ip_on_launch": false,
            "outpost_arn": "",
            "owner_id": "672626785844",
            "private_dns_hostname_type_on_launch": "ip-name",
            "tags": {
              "CostCenter": "daysi",
              "Environment": "prod",
              "ManagedBy": "terraform",
              "Module": "vpc",
              "Name": "daysi-prod-private-us-east-1a",
              "Project": "daysi",
              "Type": "private"
            },
            "tags_all": {
              "CostCenter": "daysi",
              "Environment": "prod",
              "ManagedBy": "terraform",
              "Module": "vpc",
              "Name": "daysi-prod-private-us-east-1a",
              "Project": "daysi",
              "Type": "private"
            },
            "timeouts": null,
            "vpc_id": "vpc-0b7522b66f994223a"
          },
          "sensitive_attributes": [],
          "identity_schema_version": 0,
          "private": "eyJlMmJmYjczMC1lY2FhLTExZTYtOGY4OC0zNDM2M2JjN2M0YzAiOnsiY3JlYXRlIjo2MDAwMDAwMDAwMDAsImRlbGV0ZSI6MTIwMDAwMDAwMDAwMH0sInNjaGVtYV92ZXJzaW9uIjoiMSJ9",
          "dependencies": [
            "module.vpc.aws_vpc.main",
            "module.vpc.data.aws_availability_zones.available"
          ]
        },
        {
          "index_key": 1,
          "schema_version": 1,
          "attributes": {
            "arn": "arn:aws:ec2:us-east-1:672626785844:subnet/subnet-069cb20eaa1177fe6",
            "assign_ipv6_address_on_creation": false,
            "availability_zone": "us-east-1b",
            "availability_zone_id": "use1-az2",
            "cidr_block": "10.1.101.0/24",
            "customer_owned_ipv4_pool": "",
            "enable_dns64": false,
            "enable_lni_at_device_index": 0,
            "enable_resource_name_dns_a_record_on_launch": false,
            "enable_resource_name_dns_aaaa_record_on_launch": false,
            "id": "subnet-069cb20eaa1177fe6",
            "ipv6_cidr_block": "",
            "ipv6_cidr_block_association_id": "",
            "ipv6_native": false,
            "map_customer_owned_ip_on_launch": false,
            "map_public_ip_on_launch": false,
            "outpost_arn": "",
            "owner_id": "672626785844",
            "private_dns_hostname_type_on_launch": "ip-name",
            "tags": {
              "CostCenter": "daysi",
              "Environment": "prod",
              "ManagedBy": "terraform",
              "Module": "vpc",
              "Name": "daysi-prod-private-us-east-1b",
              "Project": "daysi",
              "Type": "private"
            },
            "tags_all": {
              "CostCenter": "daysi",
              "Environment": "prod",
              "ManagedBy": "terraform",
              "Module": "vpc",
              "Name": "daysi-prod-private-us-east-1b",
              "Project": "daysi",
              "Type": "private"
            },
            "timeouts": null,
            "vpc_id": "vpc-0b7522b66f994223a"
          },
          "sensitive_attributes": [],
          "identity_schema_version": 0,
          "private": "eyJlMmJmYjczMC1lY2FhLTExZTYtOGY4OC0zNDM2M2JjN2M0YzAiOnsiY3JlYXRlIjo2MDAwMDAwMDAwMDAsImRlbGV0ZSI6MTIwMDAwMDAwMDAwMH0sInNjaGVtYV92ZXJzaW9uIjoiMSJ9",
          "dependencies": [
            "module.vpc.aws_vpc.main",
            "module.vpc.data.aws_availability_zones.available"
          ]
        },
        {
          "index_key": 2,
          "schema_version": 1,
          "attributes": {
            "arn": "arn:aws:ec2:us-east-1:672626785844:subnet/subnet-0a348443233fa1cb6",
            "assign_ipv6_address_on_creation": false,
            "availability_zone": "us-east-1c",
            "availability_zone_id": "use1-az4",
            "cidr_block": "10.1.102.0/24",
            "customer_owned_ipv4_pool": "",
            "enable_dns64": false,
            "enable_lni_at_device_index": 0,
            "enable_resource_name_dns_a_record_on_launch": false,
            "enable_resource_name_dns_aaaa_record_on_launch": false,
            "id": "subnet-0a348443233fa1cb6",
            "ipv6_cidr_block": "",
            "ipv6_cidr_block_association_id": "",
            "ipv6_native": false,
            "map_customer_owned_ip_on_launch": false,
            "map_public_ip_on_launch": false,
            "outpost_arn": "",
            "owner_id": "672626785844",
            "private_dns_hostname_type_on_launch": "ip-name",
            "tags": {
              "CostCenter": "daysi",
              "Environment": "prod",
              "ManagedBy": "terraform",
              "Module": "vpc",
              "Name": "daysi-prod-private-us-east-1c",
              "Project": "daysi",
              "Type": "private"
            },
            "tags_all": {
              "CostCenter": "daysi",
              "Environment": "prod",
              "ManagedBy": "terraform",
              "Module": "vpc",
              "Name": "daysi-prod-private-us-east-1c",
              "Project": "daysi",
              "Type": "private"
            },
            "timeouts": null,
            "vpc_id": "vpc-0b7522b66f994223a"
          },
          "sensitive_attributes": [],
          "identity_schema_version": 0,
          "private": "eyJlMmJmYjczMC1lY2FhLTExZTYtOGY4OC0zNDM2M2JjN2M0YzAiOnsiY3JlYXRlIjo2MDAwMDAwMDAwMDAsImRlbGV0ZSI6MTIwMDAwMDAwMDAwMH0sInNjaGVtYV92ZXJzaW9uIjoiMSJ9",
          "dependencies": [
            "module.vpc.aws_vpc.main",
            "module.vpc.data.aws_availability_zones.available"
          ]
        }
      ]
    },
    {
      "module": "module.vpc",
      "mode": "managed",
      "type": "aws_subnet",
      "name": "public",
      "provider": "provider[\"registry.terraform.io/hashicorp/aws\"]",
      "instances": [
        {
          "index_key": 0,
          "schema_version": 1,
          "attributes": {
            "arn": "arn:aws:ec2:us-east-1:672626785844:subnet/subnet-0bae9d5f6734ac9e0",
            "assign_ipv6_address_on_creation": false,
            "availability_zone": "us-east-1a",
            "availability_zone_id": "use1-az1",
            "cidr_block": "10.1.0.0/24",
            "customer_owned_ipv4_pool": "",
            "enable_dns64": false,
            "enable_lni_at_device_index": 0,
            "enable_resource_name_dns_a_record_on_launch": false,
            "enable_resource_name_dns_aaaa_record_on_launch": false,
            "id": "subnet-0bae9d5f6734ac9e0",
            "ipv6_cidr_block": "",
            "ipv6_cidr_block_association_id": "",
            "ipv6_native": false,
            "map_customer_owned_ip_on_launch": false,
            "map_public_ip_on_launch": true,
            "outpost_arn": "",
            "owner_id": "672626785844",
            "private_dns_hostname_type_on_launch": "ip-name",
            "tags": {
              "CostCenter": "daysi",
              "Environment": "prod",
              "ManagedBy": "terraform",
              "Module": "vpc",
              "Name": "daysi-prod-public-us-east-1a",
              "Project": "daysi",
              "Type": "public"
            },
            "tags_all": {
              "CostCenter": "daysi",
              "Environment": "prod",
              "ManagedBy": "terraform",
              "Module": "vpc",
              "Name": "daysi-prod-public-us-east-1a",
              "Project": "daysi",
              "Type": "public"
            },
            "timeouts": null,
            "vpc_id": "vpc-0b7522b66f994223a"
          },
          "sensitive_attributes": [],
          "identity_schema_version": 0,
          "private": "eyJlMmJmYjczMC1lY2FhLTExZTYtOGY4OC0zNDM2M2JjN2M0YzAiOnsiY3JlYXRlIjo2MDAwMDAwMDAwMDAsImRlbGV0ZSI6MTIwMDAwMDAwMDAwMH0sInNjaGVtYV92ZXJzaW9uIjoiMSJ9",
          "dependencies": [
            "module.vpc.aws_vpc.main",
            "module.vpc.data.aws_availability_zones.available"
          ]
        },
        {
          "index_key": 1,
          "schema_version": 1,
          "attributes": {
            "arn": "arn:aws:ec2:us-east-1:672626785844:subnet/subnet-0f467711312e8de78",
            "assign_ipv6_address_on_creation": false,
            "availability_zone": "us-east-1b",
            "availability_zone_id": "use1-az2",
            "cidr_block": "10.1.1.0/24",
            "customer_owned_ipv4_pool": "",
            "enable_dns64": false,
            "enable_lni_at_device_index": 0,
            "enable_resource_name_dns_a_record_on_launch": false,
            "enable_resource_name_dns_aaaa_record_on_launch": false,
            "id": "subnet-0f467711312e8de78",
            "ipv6_cidr_block": "",
            "ipv6_cidr_block_association_id": "",
            "ipv6_native": false,
            "map_customer_owned_ip_on_launch": false,
            "map_public_ip_on_launch": true,
            "outpost_arn": "",
            "owner_id": "672626785844",
            "private_dns_hostname_type_on_launch": "ip-name",
            "tags": {
              "CostCenter": "daysi",
              "Environment": "prod",
              "ManagedBy": "terraform",
              "Module": "vpc",
              "Name": "daysi-prod-public-us-east-1b",
              "Project": "daysi",
              "Type": "public"
            },
            "tags_all": {
              "CostCenter": "daysi",
              "Environment": "prod",
              "ManagedBy": "terraform",
              "Module": "vpc",
              "Name": "daysi-prod-public-us-east-1b",
              "Project": "daysi",
              "Type": "public"
            },
            "timeouts": null,
            "vpc_id": "vpc-0b7522b66f994223a"
          },
          "sensitive_attributes": [],
          "identity_schema_version": 0,
          "private": "eyJlMmJmYjczMC1lY2FhLTExZTYtOGY4OC0zNDM2M2JjN2M0YzAiOnsiY3JlYXRlIjo2MDAwMDAwMDAwMDAsImRlbGV0ZSI6MTIwMDAwMDAwMDAwMH0sInNjaGVtYV92ZXJzaW9uIjoiMSJ9",
          "dependencies": [
            "module.vpc.aws_vpc.main",
            "module.vpc.data.aws_availability_zones.available"
          ]
        },
        {
          "index_key": 2,
          "schema_version": 1,
          "attributes": {
            "arn": "arn:aws:ec2:us-east-1:672626785844:subnet/subnet-0e94f971d57b8e42b",
            "assign_ipv6_address_on_creation": false,
            "availability_zone": "us-east-1c",
            "availability_zone_id": "use1-az4",
            "cidr_block": "10.1.2.0/24",
            "customer_owned_ipv4_pool": "",
            "enable_dns64": false,
            "enable_lni_at_device_index": 0,
            "enable_resource_name_dns_a_record_on_launch": false,
            "enable_resource_name_dns_aaaa_record_on_launch": false,
            "id": "subnet-0e94f971d57b8e42b",
            "ipv6_cidr_block": "",
            "ipv6_cidr_block_association_id": "",
            "ipv6_native": false,
            "map_customer_owned_ip_on_launch": false,
            "map_public_ip_on_launch": true,
            "outpost_arn": "",
            "owner_id": "672626785844",
            "private_dns_hostname_type_on_launch": "ip-name",
            "tags": {
              "CostCenter": "daysi",
              "Environment": "prod",
              "ManagedBy": "terraform",
              "Module": "vpc",
              "Name": "daysi-prod-public-us-east-1c",
              "Project": "daysi",
              "Type": "public"
            },
            "tags_all": {
              "CostCenter": "daysi",
              "Environment": "prod",
              "ManagedBy": "terraform",
              "Module": "vpc",
              "Name": "daysi-prod-public-us-east-1c",
              "Project": "daysi",
              "Type": "public"
            },
            "timeouts": null,
            "vpc_id": "vpc-0b7522b66f994223a"
          },
          "sensitive_attributes": [],
          "identity_schema_version": 0,
          "private": "eyJlMmJmYjczMC1lY2FhLTExZTYtOGY4OC0zNDM2M2JjN2M0YzAiOnsiY3JlYXRlIjo2MDAwMDAwMDAwMDAsImRlbGV0ZSI6MTIwMDAwMDAwMDAwMH0sInNjaGVtYV92ZXJzaW9uIjoiMSJ9",
          "dependencies": [
            "module.vpc.aws_vpc.main",
            "module.vpc.data.aws_availability_zones.available"
          ]
        }
      ]
    },
    {
      "module": "module.vpc",
      "mode": "managed",
      "type": "aws_vpc",
      "name": "main",
      "provider": "provider[\"registry.terraform.io/hashicorp/aws\"]",
      "instances": [
        {
          "schema_version": 1,
          "attributes": {
            "arn": "arn:aws:ec2:us-east-1:672626785844:vpc/vpc-0b7522b66f994223a",
            "assign_generated_ipv6_cidr_block": false,
            "cidr_block": "10.1.0.0/16",
            "default_network_acl_id": "acl-0d9ca1e8d4e011fdf",
            "default_route_table_id": "rtb-00c54c493dc820cd3",
            "default_security_group_id": "sg-0e400cba7c5525469",
            "dhcp_options_id": "dopt-02d66f5192ce963d3",
            "enable_dns_hostnames": true,
            "enable_dns_support": true,
            "enable_network_address_usage_metrics": false,
            "id": "vpc-0b7522b66f994223a",
            "instance_tenancy": "default",
            "ipv4_ipam_pool_id": null,
            "ipv4_netmask_length": null,
            "ipv6_association_id": "",
            "ipv6_cidr_block": "",
            "ipv6_cidr_block_network_border_group": "",
            "ipv6_ipam_pool_id": "",
            "ipv6_netmask_length": 0,
            "main_route_table_id": "rtb-00c54c493dc820cd3",
            "owner_id": "672626785844",
            "tags": {
              "CostCenter": "daysi",
              "Environment": "prod",
              "ManagedBy": "terraform",
              "Module": "vpc",
              "Name": "daysi-prod-vpc",
              "Project": "daysi"
            },
            "tags_all": {
              "CostCenter": "daysi",
              "Environment": "prod",
              "ManagedBy": "terraform",
              "Module": "vpc",
              "Name": "daysi-prod-vpc",
              "Project": "daysi"
            }
          },
          "sensitive_attributes": [],
          "identity_schema_version": 0,
          "private": "eyJzY2hlbWFfdmVyc2lvbiI6IjEifQ==",
          "create_before_destroy": true
        }
      ]
    }
  ],
  "check_results": null
}
